
Microsoft Visual Studio Solution File, Format Version 12.00
# Visual Studio 2013
VisualStudioVersion = 12.0.30324.0
MinimumVisualStudioVersion = 10.0.40219.1
Project("{FAE04EC0-301F-11D3-BF4B-00C04F79EFBC}") = "BrokeredDataPortal.Net", "BrokeredDataPortal.Net\BrokeredDataPortal.Net.csproj", "{23CB18CA-B7F6-4480-B72C-8A4EA4A3538D}"
EndProject
Project("{FAE04EC0-301F-11D3-BF4B-00C04F79EFBC}") = "Csla", "..\Csla\Csla.csproj", "{9DA591ED-C570-47AC-8E5D-35B039E07973}"
EndProject
Project("{8BC9CEB8-8B4A-11D0-8D11-00A0C91BC942}") = "BrokeredDataPortal", "BrokeredDataPortal\BrokeredDataPortal.vcxproj", "{E1ECF542-953B-4482-B0A4-60DCE5CAA8FB}"
EndProject
Project("{FAE04EC0-301F-11D3-BF4B-00C04F79EFBC}") = "BrokeredProxy", "BrokeredProxy\BrokeredProxy.csproj", "{2D360A64-16AE-4249-98D4-C16AC87730AB}"
EndProject
Project("{FAE04EC0-301F-11D3-BF4B-00C04F79EFBC}") = "Csla.WinRT", "..\Csla.WinRT\Csla.WinRT.csproj", "{24C13E06-70A8-46C2-8351-987AF0780F78}"
EndProject
Project("{2150E333-8FDC-42A3-9474-1A3956D46DE8}") = ".nuget", ".nuget", "{782DFF06-2B1F-4785-BE6E-62AAC6709AF5}"
	ProjectSection(SolutionItems) = preProject
		.nuget\NuGet.Config = .nuget\NuGet.Config
		.nuget\NuGet.exe = .nuget\NuGet.exe
		.nuget\NuGet.targets = .nuget\NuGet.targets
	EndProjectSection
EndProject
Global
	GlobalSection(SolutionConfigurationPlatforms) = preSolution
		Debug|Any CPU = Debug|Any CPU
		Debug|ARM = Debug|ARM
		Debug|Mixed Platforms = Debug|Mixed Platforms
		Debug|Win32 = Debug|Win32
		Debug|x64 = Debug|x64
		Debug|x86 = Debug|x86
		Mono Debug|Any CPU = Mono Debug|Any CPU
		Mono Debug|ARM = Mono Debug|ARM
		Mono Debug|Mixed Platforms = Mono Debug|Mixed Platforms
		Mono Debug|Win32 = Mono Debug|Win32
		Mono Debug|x64 = Mono Debug|x64
		Mono Debug|x86 = Mono Debug|x86
		Mono Release|Any CPU = Mono Release|Any CPU
		Mono Release|ARM = Mono Release|ARM
		Mono Release|Mixed Platforms = Mono Release|Mixed Platforms
		Mono Release|Win32 = Mono Release|Win32
		Mono Release|x64 = Mono Release|x64
		Mono Release|x86 = Mono Release|x86
		Release|Any CPU = Release|Any CPU
		Release|ARM = Release|ARM
		Release|Mixed Platforms = Release|Mixed Platforms
		Release|Win32 = Release|Win32
		Release|x64 = Release|x64
		Release|x86 = Release|x86
		Testing|Any CPU = Testing|Any CPU
		Testing|ARM = Testing|ARM
		Testing|Mixed Platforms = Testing|Mixed Platforms
		Testing|Win32 = Testing|Win32
		Testing|x64 = Testing|x64
		Testing|x86 = Testing|x86
	EndGlobalSection
	GlobalSection(ProjectConfigurationPlatforms) = postSolution
		{23CB18CA-B7F6-4480-B72C-8A4EA4A3538D}.Debug|Any CPU.ActiveCfg = Debug|x86
		{23CB18CA-B7F6-4480-B72C-8A4EA4A3538D}.Debug|ARM.ActiveCfg = Debug|x86
		{23CB18CA-B7F6-4480-B72C-8A4EA4A3538D}.Debug|Mixed Platforms.ActiveCfg = Debug|x86
		{23CB18CA-B7F6-4480-B72C-8A4EA4A3538D}.Debug|Mixed Platforms.Build.0 = Debug|x86
		{23CB18CA-B7F6-4480-B72C-8A4EA4A3538D}.Debug|Win32.ActiveCfg = Debug|x86
		{23CB18CA-B7F6-4480-B72C-8A4EA4A3538D}.Debug|Win32.Build.0 = Debug|x86
		{23CB18CA-B7F6-4480-B72C-8A4EA4A3538D}.Debug|x64.ActiveCfg = Debug|x86
		{23CB18CA-B7F6-4480-B72C-8A4EA4A3538D}.Debug|x86.ActiveCfg = Debug|x86
		{23CB18CA-B7F6-4480-B72C-8A4EA4A3538D}.Debug|x86.Build.0 = Debug|x86
		{23CB18CA-B7F6-4480-B72C-8A4EA4A3538D}.Mono Debug|Any CPU.ActiveCfg = Debug|x86
		{23CB18CA-B7F6-4480-B72C-8A4EA4A3538D}.Mono Debug|ARM.ActiveCfg = Debug|x86
		{23CB18CA-B7F6-4480-B72C-8A4EA4A3538D}.Mono Debug|Mixed Platforms.ActiveCfg = Debug|x86
		{23CB18CA-B7F6-4480-B72C-8A4EA4A3538D}.Mono Debug|Mixed Platforms.Build.0 = Debug|x86
		{23CB18CA-B7F6-4480-B72C-8A4EA4A3538D}.Mono Debug|Win32.ActiveCfg = Debug|x86
		{23CB18CA-B7F6-4480-B72C-8A4EA4A3538D}.Mono Debug|Win32.Build.0 = Debug|x86
		{23CB18CA-B7F6-4480-B72C-8A4EA4A3538D}.Mono Debug|x64.ActiveCfg = Debug|x86
		{23CB18CA-B7F6-4480-B72C-8A4EA4A3538D}.Mono Debug|x86.ActiveCfg = Debug|x86
		{23CB18CA-B7F6-4480-B72C-8A4EA4A3538D}.Mono Debug|x86.Build.0 = Debug|x86
		{23CB18CA-B7F6-4480-B72C-8A4EA4A3538D}.Mono Release|Any CPU.ActiveCfg = Release|x86
		{23CB18CA-B7F6-4480-B72C-8A4EA4A3538D}.Mono Release|ARM.ActiveCfg = Release|x86
		{23CB18CA-B7F6-4480-B72C-8A4EA4A3538D}.Mono Release|Mixed Platforms.ActiveCfg = Release|x86
		{23CB18CA-B7F6-4480-B72C-8A4EA4A3538D}.Mono Release|Mixed Platforms.Build.0 = Release|x86
		{23CB18CA-B7F6-4480-B72C-8A4EA4A3538D}.Mono Release|Win32.ActiveCfg = Release|x86
		{23CB18CA-B7F6-4480-B72C-8A4EA4A3538D}.Mono Release|Win32.Build.0 = Release|x86
		{23CB18CA-B7F6-4480-B72C-8A4EA4A3538D}.Mono Release|x64.ActiveCfg = Release|x86
		{23CB18CA-B7F6-4480-B72C-8A4EA4A3538D}.Mono Release|x86.ActiveCfg = Release|x86
		{23CB18CA-B7F6-4480-B72C-8A4EA4A3538D}.Mono Release|x86.Build.0 = Release|x86
		{23CB18CA-B7F6-4480-B72C-8A4EA4A3538D}.Release|Any CPU.ActiveCfg = Release|x86
		{23CB18CA-B7F6-4480-B72C-8A4EA4A3538D}.Release|ARM.ActiveCfg = Release|x86
		{23CB18CA-B7F6-4480-B72C-8A4EA4A3538D}.Release|Mixed Platforms.ActiveCfg = Release|x86
		{23CB18CA-B7F6-4480-B72C-8A4EA4A3538D}.Release|Mixed Platforms.Build.0 = Release|x86
		{23CB18CA-B7F6-4480-B72C-8A4EA4A3538D}.Release|Win32.ActiveCfg = Release|x86
		{23CB18CA-B7F6-4480-B72C-8A4EA4A3538D}.Release|Win32.Build.0 = Release|x86
		{23CB18CA-B7F6-4480-B72C-8A4EA4A3538D}.Release|x64.ActiveCfg = Release|x86
		{23CB18CA-B7F6-4480-B72C-8A4EA4A3538D}.Release|x86.ActiveCfg = Release|x86
		{23CB18CA-B7F6-4480-B72C-8A4EA4A3538D}.Release|x86.Build.0 = Release|x86
		{23CB18CA-B7F6-4480-B72C-8A4EA4A3538D}.Testing|Any CPU.ActiveCfg = Release|x86
		{23CB18CA-B7F6-4480-B72C-8A4EA4A3538D}.Testing|ARM.ActiveCfg = Release|x86
		{23CB18CA-B7F6-4480-B72C-8A4EA4A3538D}.Testing|Mixed Platforms.ActiveCfg = Release|x86
		{23CB18CA-B7F6-4480-B72C-8A4EA4A3538D}.Testing|Mixed Platforms.Build.0 = Release|x86
		{23CB18CA-B7F6-4480-B72C-8A4EA4A3538D}.Testing|Win32.ActiveCfg = Release|x86
		{23CB18CA-B7F6-4480-B72C-8A4EA4A3538D}.Testing|Win32.Build.0 = Release|x86
		{23CB18CA-B7F6-4480-B72C-8A4EA4A3538D}.Testing|x64.ActiveCfg = Release|x86
		{23CB18CA-B7F6-4480-B72C-8A4EA4A3538D}.Testing|x86.ActiveCfg = Release|x86
		{23CB18CA-B7F6-4480-B72C-8A4EA4A3538D}.Testing|x86.Build.0 = Release|x86
		{9DA591ED-C570-47AC-8E5D-35B039E07973}.Debug|Any CPU.ActiveCfg = Debug|Any CPU
		{9DA591ED-C570-47AC-8E5D-35B039E07973}.Debug|Any CPU.Build.0 = Debug|Any CPU
		{9DA591ED-C570-47AC-8E5D-35B039E07973}.Debug|ARM.ActiveCfg = Debug|Any CPU
		{9DA591ED-C570-47AC-8E5D-35B039E07973}.Debug|Mixed Platforms.ActiveCfg = Debug|Any CPU
		{9DA591ED-C570-47AC-8E5D-35B039E07973}.Debug|Mixed Platforms.Build.0 = Debug|Any CPU
		{9DA591ED-C570-47AC-8E5D-35B039E07973}.Debug|Win32.ActiveCfg = Debug|Any CPU
		{9DA591ED-C570-47AC-8E5D-35B039E07973}.Debug|x64.ActiveCfg = Debug|Any CPU
		{9DA591ED-C570-47AC-8E5D-35B039E07973}.Debug|x86.ActiveCfg = Debug|Any CPU
		{9DA591ED-C570-47AC-8E5D-35B039E07973}.Mono Debug|Any CPU.ActiveCfg = Mono Debug|Any CPU
		{9DA591ED-C570-47AC-8E5D-35B039E07973}.Mono Debug|Any CPU.Build.0 = Mono Debug|Any CPU
		{9DA591ED-C570-47AC-8E5D-35B039E07973}.Mono Debug|ARM.ActiveCfg = Mono Debug|Any CPU
		{9DA591ED-C570-47AC-8E5D-35B039E07973}.Mono Debug|Mixed Platforms.ActiveCfg = Mono Debug|Any CPU
		{9DA591ED-C570-47AC-8E5D-35B039E07973}.Mono Debug|Mixed Platforms.Build.0 = Mono Debug|Any CPU
		{9DA591ED-C570-47AC-8E5D-35B039E07973}.Mono Debug|Win32.ActiveCfg = Mono Debug|Any CPU
		{9DA591ED-C570-47AC-8E5D-35B039E07973}.Mono Debug|x64.ActiveCfg = Mono Debug|Any CPU
		{9DA591ED-C570-47AC-8E5D-35B039E07973}.Mono Debug|x86.ActiveCfg = Mono Debug|Any CPU
		{9DA591ED-C570-47AC-8E5D-35B039E07973}.Mono Release|Any CPU.ActiveCfg = Mono Release|Any CPU
		{9DA591ED-C570-47AC-8E5D-35B039E07973}.Mono Release|Any CPU.Build.0 = Mono Release|Any CPU
		{9DA591ED-C570-47AC-8E5D-35B039E07973}.Mono Release|ARM.ActiveCfg = Mono Release|Any CPU
		{9DA591ED-C570-47AC-8E5D-35B039E07973}.Mono Release|Mixed Platforms.ActiveCfg = Mono Release|Any CPU
		{9DA591ED-C570-47AC-8E5D-35B039E07973}.Mono Release|Mixed Platforms.Build.0 = Mono Release|Any CPU
		{9DA591ED-C570-47AC-8E5D-35B039E07973}.Mono Release|Win32.ActiveCfg = Mono Release|Any CPU
		{9DA591ED-C570-47AC-8E5D-35B039E07973}.Mono Release|x64.ActiveCfg = Mono Release|Any CPU
		{9DA591ED-C570-47AC-8E5D-35B039E07973}.Mono Release|x86.ActiveCfg = Mono Release|Any CPU
		{9DA591ED-C570-47AC-8E5D-35B039E07973}.Release|Any CPU.ActiveCfg = Release|Any CPU
		{9DA591ED-C570-47AC-8E5D-35B039E07973}.Release|Any CPU.Build.0 = Release|Any CPU
		{9DA591ED-C570-47AC-8E5D-35B039E07973}.Release|ARM.ActiveCfg = Release|Any CPU
		{9DA591ED-C570-47AC-8E5D-35B039E07973}.Release|Mixed Platforms.ActiveCfg = Release|Any CPU
		{9DA591ED-C570-47AC-8E5D-35B039E07973}.Release|Mixed Platforms.Build.0 = Release|Any CPU
		{9DA591ED-C570-47AC-8E5D-35B039E07973}.Release|Win32.ActiveCfg = Release|Any CPU
		{9DA591ED-C570-47AC-8E5D-35B039E07973}.Release|x64.ActiveCfg = Release|Any CPU
		{9DA591ED-C570-47AC-8E5D-35B039E07973}.Release|x86.ActiveCfg = Release|Any CPU
		{9DA591ED-C570-47AC-8E5D-35B039E07973}.Testing|Any CPU.ActiveCfg = Testing|Any CPU
		{9DA591ED-C570-47AC-8E5D-35B039E07973}.Testing|Any CPU.Build.0 = Testing|Any CPU
		{9DA591ED-C570-47AC-8E5D-35B039E07973}.Testing|ARM.ActiveCfg = Testing|Any CPU
		{9DA591ED-C570-47AC-8E5D-35B039E07973}.Testing|Mixed Platforms.ActiveCfg = Testing|Any CPU
		{9DA591ED-C570-47AC-8E5D-35B039E07973}.Testing|Mixed Platforms.Build.0 = Testing|Any CPU
		{9DA591ED-C570-47AC-8E5D-35B039E07973}.Testing|Win32.ActiveCfg = Testing|Any CPU
		{9DA591ED-C570-47AC-8E5D-35B039E07973}.Testing|x64.ActiveCfg = Testing|Any CPU
		{9DA591ED-C570-47AC-8E5D-35B039E07973}.Testing|x86.ActiveCfg = Testing|Any CPU
		{E1ECF542-953B-4482-B0A4-60DCE5CAA8FB}.Debug|Any CPU.ActiveCfg = Debug|Win32
		{E1ECF542-953B-4482-B0A4-60DCE5CAA8FB}.Debug|ARM.ActiveCfg = Debug|Win32
		{E1ECF542-953B-4482-B0A4-60DCE5CAA8FB}.Debug|Mixed Platforms.ActiveCfg = Debug|Win32
		{E1ECF542-953B-4482-B0A4-60DCE5CAA8FB}.Debug|Mixed Platforms.Build.0 = Debug|Win32
		{E1ECF542-953B-4482-B0A4-60DCE5CAA8FB}.Debug|Win32.ActiveCfg = Debug|Win32
		{E1ECF542-953B-4482-B0A4-60DCE5CAA8FB}.Debug|Win32.Build.0 = Debug|Win32
		{E1ECF542-953B-4482-B0A4-60DCE5CAA8FB}.Debug|x64.ActiveCfg = Debug|Win32
		{E1ECF542-953B-4482-B0A4-60DCE5CAA8FB}.Debug|x86.ActiveCfg = Debug|Win32
		{E1ECF542-953B-4482-B0A4-60DCE5CAA8FB}.Debug|x86.Build.0 = Debug|Win32
		{E1ECF542-953B-4482-B0A4-60DCE5CAA8FB}.Mono Debug|Any CPU.ActiveCfg = Debug|Win32
		{E1ECF542-953B-4482-B0A4-60DCE5CAA8FB}.Mono Debug|ARM.ActiveCfg = Debug|Win32
		{E1ECF542-953B-4482-B0A4-60DCE5CAA8FB}.Mono Debug|Mixed Platforms.ActiveCfg = Debug|Win32
		{E1ECF542-953B-4482-B0A4-60DCE5CAA8FB}.Mono Debug|Mixed Platforms.Build.0 = Debug|Win32
		{E1ECF542-953B-4482-B0A4-60DCE5CAA8FB}.Mono Debug|Win32.ActiveCfg = Debug|Win32
		{E1ECF542-953B-4482-B0A4-60DCE5CAA8FB}.Mono Debug|Win32.Build.0 = Debug|Win32
		{E1ECF542-953B-4482-B0A4-60DCE5CAA8FB}.Mono Debug|x64.ActiveCfg = Debug|Win32
		{E1ECF542-953B-4482-B0A4-60DCE5CAA8FB}.Mono Debug|x86.ActiveCfg = Debug|Win32
		{E1ECF542-953B-4482-B0A4-60DCE5CAA8FB}.Mono Debug|x86.Build.0 = Debug|Win32
		{E1ECF542-953B-4482-B0A4-60DCE5CAA8FB}.Mono Release|Any CPU.ActiveCfg = Release|Win32
		{E1ECF542-953B-4482-B0A4-60DCE5CAA8FB}.Mono Release|ARM.ActiveCfg = Release|Win32
		{E1ECF542-953B-4482-B0A4-60DCE5CAA8FB}.Mono Release|Mixed Platforms.ActiveCfg = Release|Win32
		{E1ECF542-953B-4482-B0A4-60DCE5CAA8FB}.Mono Release|Mixed Platforms.Build.0 = Release|Win32
		{E1ECF542-953B-4482-B0A4-60DCE5CAA8FB}.Mono Release|Win32.ActiveCfg = Release|Win32
		{E1ECF542-953B-4482-B0A4-60DCE5CAA8FB}.Mono Release|Win32.Build.0 = Release|Win32
		{E1ECF542-953B-4482-B0A4-60DCE5CAA8FB}.Mono Release|x64.ActiveCfg = Release|Win32
		{E1ECF542-953B-4482-B0A4-60DCE5CAA8FB}.Mono Release|x86.ActiveCfg = Release|Win32
		{E1ECF542-953B-4482-B0A4-60DCE5CAA8FB}.Mono Release|x86.Build.0 = Release|Win32
		{E1ECF542-953B-4482-B0A4-60DCE5CAA8FB}.Release|Any CPU.ActiveCfg = Release|Win32
		{E1ECF542-953B-4482-B0A4-60DCE5CAA8FB}.Release|ARM.ActiveCfg = Release|Win32
		{E1ECF542-953B-4482-B0A4-60DCE5CAA8FB}.Release|Mixed Platforms.ActiveCfg = Release|Win32
		{E1ECF542-953B-4482-B0A4-60DCE5CAA8FB}.Release|Mixed Platforms.Build.0 = Release|Win32
		{E1ECF542-953B-4482-B0A4-60DCE5CAA8FB}.Release|Win32.ActiveCfg = Release|Win32
		{E1ECF542-953B-4482-B0A4-60DCE5CAA8FB}.Release|Win32.Build.0 = Release|Win32
		{E1ECF542-953B-4482-B0A4-60DCE5CAA8FB}.Release|x64.ActiveCfg = Release|Win32
		{E1ECF542-953B-4482-B0A4-60DCE5CAA8FB}.Release|x86.ActiveCfg = Release|Win32
		{E1ECF542-953B-4482-B0A4-60DCE5CAA8FB}.Release|x86.Build.0 = Release|Win32
		{E1ECF542-953B-4482-B0A4-60DCE5CAA8FB}.Testing|Any CPU.ActiveCfg = Release|Win32
		{E1ECF542-953B-4482-B0A4-60DCE5CAA8FB}.Testing|ARM.ActiveCfg = Release|Win32
		{E1ECF542-953B-4482-B0A4-60DCE5CAA8FB}.Testing|Mixed Platforms.ActiveCfg = Release|Win32
		{E1ECF542-953B-4482-B0A4-60DCE5CAA8FB}.Testing|Mixed Platforms.Build.0 = Release|Win32
		{E1ECF542-953B-4482-B0A4-60DCE5CAA8FB}.Testing|Win32.ActiveCfg = Release|Win32
		{E1ECF542-953B-4482-B0A4-60DCE5CAA8FB}.Testing|Win32.Build.0 = Release|Win32
		{E1ECF542-953B-4482-B0A4-60DCE5CAA8FB}.Testing|x64.ActiveCfg = Release|Win32
		{E1ECF542-953B-4482-B0A4-60DCE5CAA8FB}.Testing|x86.ActiveCfg = Release|Win32
		{E1ECF542-953B-4482-B0A4-60DCE5CAA8FB}.Testing|x86.Build.0 = Release|Win32
		{2D360A64-16AE-4249-98D4-C16AC87730AB}.Debug|Any CPU.ActiveCfg = Debug|Any CPU
		{2D360A64-16AE-4249-98D4-C16AC87730AB}.Debug|Any CPU.Build.0 = Debug|Any CPU
		{2D360A64-16AE-4249-98D4-C16AC87730AB}.Debug|ARM.ActiveCfg = Debug|ARM
		{2D360A64-16AE-4249-98D4-C16AC87730AB}.Debug|ARM.Build.0 = Debug|ARM
		{2D360A64-16AE-4249-98D4-C16AC87730AB}.Debug|Mixed Platforms.ActiveCfg = Debug|x86
		{2D360A64-16AE-4249-98D4-C16AC87730AB}.Debug|Mixed Platforms.Build.0 = Debug|x86
		{2D360A64-16AE-4249-98D4-C16AC87730AB}.Debug|Win32.ActiveCfg = Debug|x86
		{2D360A64-16AE-4249-98D4-C16AC87730AB}.Debug|Win32.Build.0 = Debug|x86
		{2D360A64-16AE-4249-98D4-C16AC87730AB}.Debug|x64.ActiveCfg = Debug|x64
		{2D360A64-16AE-4249-98D4-C16AC87730AB}.Debug|x64.Build.0 = Debug|x64
		{2D360A64-16AE-4249-98D4-C16AC87730AB}.Debug|x86.ActiveCfg = Debug|x86
		{2D360A64-16AE-4249-98D4-C16AC87730AB}.Debug|x86.Build.0 = Debug|x86
		{2D360A64-16AE-4249-98D4-C16AC87730AB}.Mono Debug|Any CPU.ActiveCfg = Debug|Any CPU
		{2D360A64-16AE-4249-98D4-C16AC87730AB}.Mono Debug|Any CPU.Build.0 = Debug|Any CPU
		{2D360A64-16AE-4249-98D4-C16AC87730AB}.Mono Debug|ARM.ActiveCfg = Debug|ARM
		{2D360A64-16AE-4249-98D4-C16AC87730AB}.Mono Debug|ARM.Build.0 = Debug|ARM
		{2D360A64-16AE-4249-98D4-C16AC87730AB}.Mono Debug|Mixed Platforms.ActiveCfg = Debug|x86
		{2D360A64-16AE-4249-98D4-C16AC87730AB}.Mono Debug|Mixed Platforms.Build.0 = Debug|x86
		{2D360A64-16AE-4249-98D4-C16AC87730AB}.Mono Debug|Win32.ActiveCfg = Debug|x86
		{2D360A64-16AE-4249-98D4-C16AC87730AB}.Mono Debug|Win32.Build.0 = Debug|x86
		{2D360A64-16AE-4249-98D4-C16AC87730AB}.Mono Debug|x64.ActiveCfg = Debug|x64
		{2D360A64-16AE-4249-98D4-C16AC87730AB}.Mono Debug|x64.Build.0 = Debug|x64
		{2D360A64-16AE-4249-98D4-C16AC87730AB}.Mono Debug|x86.ActiveCfg = Debug|x86
		{2D360A64-16AE-4249-98D4-C16AC87730AB}.Mono Debug|x86.Build.0 = Debug|x86
		{2D360A64-16AE-4249-98D4-C16AC87730AB}.Mono Release|Any CPU.ActiveCfg = Release|Any CPU
		{2D360A64-16AE-4249-98D4-C16AC87730AB}.Mono Release|Any CPU.Build.0 = Release|Any CPU
		{2D360A64-16AE-4249-98D4-C16AC87730AB}.Mono Release|ARM.ActiveCfg = Release|ARM
		{2D360A64-16AE-4249-98D4-C16AC87730AB}.Mono Release|ARM.Build.0 = Release|ARM
		{2D360A64-16AE-4249-98D4-C16AC87730AB}.Mono Release|Mixed Platforms.ActiveCfg = Release|x86
		{2D360A64-16AE-4249-98D4-C16AC87730AB}.Mono Release|Mixed Platforms.Build.0 = Release|x86
		{2D360A64-16AE-4249-98D4-C16AC87730AB}.Mono Release|Win32.ActiveCfg = Release|x86
		{2D360A64-16AE-4249-98D4-C16AC87730AB}.Mono Release|Win32.Build.0 = Release|x86
		{2D360A64-16AE-4249-98D4-C16AC87730AB}.Mono Release|x64.ActiveCfg = Release|x64
		{2D360A64-16AE-4249-98D4-C16AC87730AB}.Mono Release|x64.Build.0 = Release|x64
		{2D360A64-16AE-4249-98D4-C16AC87730AB}.Mono Release|x86.ActiveCfg = Release|x86
		{2D360A64-16AE-4249-98D4-C16AC87730AB}.Mono Release|x86.Build.0 = Release|x86
		{2D360A64-16AE-4249-98D4-C16AC87730AB}.Release|Any CPU.ActiveCfg = Release|Any CPU
		{2D360A64-16AE-4249-98D4-C16AC87730AB}.Release|Any CPU.Build.0 = Release|Any CPU
		{2D360A64-16AE-4249-98D4-C16AC87730AB}.Release|ARM.ActiveCfg = Release|ARM
		{2D360A64-16AE-4249-98D4-C16AC87730AB}.Release|ARM.Build.0 = Release|ARM
		{2D360A64-16AE-4249-98D4-C16AC87730AB}.Release|Mixed Platforms.ActiveCfg = Release|x86
		{2D360A64-16AE-4249-98D4-C16AC87730AB}.Release|Mixed Platforms.Build.0 = Release|x86
		{2D360A64-16AE-4249-98D4-C16AC87730AB}.Release|Win32.ActiveCfg = Release|x86
		{2D360A64-16AE-4249-98D4-C16AC87730AB}.Release|Win32.Build.0 = Release|x86
		{2D360A64-16AE-4249-98D4-C16AC87730AB}.Release|x64.ActiveCfg = Release|x64
		{2D360A64-16AE-4249-98D4-C16AC87730AB}.Release|x64.Build.0 = Release|x64
		{2D360A64-16AE-4249-98D4-C16AC87730AB}.Release|x86.ActiveCfg = Release|x86
		{2D360A64-16AE-4249-98D4-C16AC87730AB}.Release|x86.Build.0 = Release|x86
		{2D360A64-16AE-4249-98D4-C16AC87730AB}.Testing|Any CPU.ActiveCfg = Release|Any CPU
		{2D360A64-16AE-4249-98D4-C16AC87730AB}.Testing|Any CPU.Build.0 = Release|Any CPU
		{2D360A64-16AE-4249-98D4-C16AC87730AB}.Testing|ARM.ActiveCfg = Release|ARM
		{2D360A64-16AE-4249-98D4-C16AC87730AB}.Testing|ARM.Build.0 = Release|ARM
		{2D360A64-16AE-4249-98D4-C16AC87730AB}.Testing|Mixed Platforms.ActiveCfg = Release|x86
		{2D360A64-16AE-4249-98D4-C16AC87730AB}.Testing|Mixed Platforms.Build.0 = Release|x86
		{2D360A64-16AE-4249-98D4-C16AC87730AB}.Testing|Win32.ActiveCfg = Release|x86
		{2D360A64-16AE-4249-98D4-C16AC87730AB}.Testing|Win32.Build.0 = Release|x86
		{2D360A64-16AE-4249-98D4-C16AC87730AB}.Testing|x64.ActiveCfg = Release|x64
		{2D360A64-16AE-4249-98D4-C16AC87730AB}.Testing|x64.Build.0 = Release|x64
		{2D360A64-16AE-4249-98D4-C16AC87730AB}.Testing|x86.ActiveCfg = Release|x86
		{2D360A64-16AE-4249-98D4-C16AC87730AB}.Testing|x86.Build.0 = Release|x86
		{24C13E06-70A8-46C2-8351-987AF0780F78}.Debug|Any CPU.ActiveCfg = Debug|Any CPU
		{24C13E06-70A8-46C2-8351-987AF0780F78}.Debug|Any CPU.Build.0 = Debug|Any CPU
		{24C13E06-70A8-46C2-8351-987AF0780F78}.Debug|ARM.ActiveCfg = Debug|ARM
		{24C13E06-70A8-46C2-8351-987AF0780F78}.Debug|ARM.Build.0 = Debug|ARM
		{24C13E06-70A8-46C2-8351-987AF0780F78}.Debug|Mixed Platforms.ActiveCfg = Debug|x86
		{24C13E06-70A8-46C2-8351-987AF0780F78}.Debug|Mixed Platforms.Build.0 = Debug|x86
		{24C13E06-70A8-46C2-8351-987AF0780F78}.Debug|Win32.ActiveCfg = Debug|x86
		{24C13E06-70A8-46C2-8351-987AF0780F78}.Debug|Win32.Build.0 = Debug|x86
		{24C13E06-70A8-46C2-8351-987AF0780F78}.Debug|x64.ActiveCfg = Debug|x64
		{24C13E06-70A8-46C2-8351-987AF0780F78}.Debug|x64.Build.0 = Debug|x64
		{24C13E06-70A8-46C2-8351-987AF0780F78}.Debug|x86.ActiveCfg = Debug|x86
		{24C13E06-70A8-46C2-8351-987AF0780F78}.Debug|x86.Build.0 = Debug|x86
		{24C13E06-70A8-46C2-8351-987AF0780F78}.Mono Debug|Any CPU.ActiveCfg = Debug|Any CPU
		{24C13E06-70A8-46C2-8351-987AF0780F78}.Mono Debug|Any CPU.Build.0 = Debug|Any CPU
		{24C13E06-70A8-46C2-8351-987AF0780F78}.Mono Debug|ARM.ActiveCfg = Debug|ARM
		{24C13E06-70A8-46C2-8351-987AF0780F78}.Mono Debug|ARM.Build.0 = Debug|ARM
		{24C13E06-70A8-46C2-8351-987AF0780F78}.Mono Debug|Mixed Platforms.ActiveCfg = Debug|x86
		{24C13E06-70A8-46C2-8351-987AF0780F78}.Mono Debug|Mixed Platforms.Build.0 = Debug|x86
		{24C13E06-70A8-46C2-8351-987AF0780F78}.Mono Debug|Win32.ActiveCfg = Debug|x86
		{24C13E06-70A8-46C2-8351-987AF0780F78}.Mono Debug|Win32.Build.0 = Debug|x86
		{24C13E06-70A8-46C2-8351-987AF0780F78}.Mono Debug|x64.ActiveCfg = Debug|x64
		{24C13E06-70A8-46C2-8351-987AF0780F78}.Mono Debug|x64.Build.0 = Debug|x64
		{24C13E06-70A8-46C2-8351-987AF0780F78}.Mono Debug|x86.ActiveCfg = Debug|x86
		{24C13E06-70A8-46C2-8351-987AF0780F78}.Mono Debug|x86.Build.0 = Debug|x86
		{24C13E06-70A8-46C2-8351-987AF0780F78}.Mono Release|Any CPU.ActiveCfg = Release|Any CPU
		{24C13E06-70A8-46C2-8351-987AF0780F78}.Mono Release|Any CPU.Build.0 = Release|Any CPU
		{24C13E06-70A8-46C2-8351-987AF0780F78}.Mono Release|ARM.ActiveCfg = Release|ARM
		{24C13E06-70A8-46C2-8351-987AF0780F78}.Mono Release|ARM.Build.0 = Release|ARM
		{24C13E06-70A8-46C2-8351-987AF0780F78}.Mono Release|Mixed Platforms.ActiveCfg = Release|x86
		{24C13E06-70A8-46C2-8351-987AF0780F78}.Mono Release|Mixed Platforms.Build.0 = Release|x86
		{24C13E06-70A8-46C2-8351-987AF0780F78}.Mono Release|Win32.ActiveCfg = Release|x86
		{24C13E06-70A8-46C2-8351-987AF0780F78}.Mono Release|Win32.Build.0 = Release|x86
		{24C13E06-70A8-46C2-8351-987AF0780F78}.Mono Release|x64.ActiveCfg = Release|x64
		{24C13E06-70A8-46C2-8351-987AF0780F78}.Mono Release|x64.Build.0 = Release|x64
		{24C13E06-70A8-46C2-8351-987AF0780F78}.Mono Release|x86.ActiveCfg = Release|x86
		{24C13E06-70A8-46C2-8351-987AF0780F78}.Mono Release|x86.Build.0 = Release|x86
		{24C13E06-70A8-46C2-8351-987AF0780F78}.Release|Any CPU.ActiveCfg = Release|Any CPU
		{24C13E06-70A8-46C2-8351-987AF0780F78}.Release|Any CPU.Build.0 = Release|Any CPU
		{24C13E06-70A8-46C2-8351-987AF0780F78}.Release|ARM.ActiveCfg = Release|ARM
		{24C13E06-70A8-46C2-8351-987AF0780F78}.Release|ARM.Build.0 = Release|ARM
		{24C13E06-70A8-46C2-8351-987AF0780F78}.Release|Mixed Platforms.ActiveCfg = Release|x86
		{24C13E06-70A8-46C2-8351-987AF0780F78}.Release|Mixed Platforms.Build.0 = Release|x86
		{24C13E06-70A8-46C2-8351-987AF0780F78}.Release|Win32.ActiveCfg = Release|x86
		{24C13E06-70A8-46C2-8351-987AF0780F78}.Release|Win32.Build.0 = Release|x86
		{24C13E06-70A8-46C2-8351-987AF0780F78}.Release|x64.ActiveCfg = Release|x64
		{24C13E06-70A8-46C2-8351-987AF0780F78}.Release|x64.Build.0 = Release|x64
		{24C13E06-70A8-46C2-8351-987AF0780F78}.Release|x86.ActiveCfg = Release|x86
		{24C13E06-70A8-46C2-8351-987AF0780F78}.Release|x86.Build.0 = Release|x86
		{24C13E06-70A8-46C2-8351-987AF0780F78}.Testing|Any CPU.ActiveCfg = Release|Any CPU
		{24C13E06-70A8-46C2-8351-987AF0780F78}.Testing|Any CPU.Build.0 = Release|Any CPU
		{24C13E06-70A8-46C2-8351-987AF0780F78}.Testing|ARM.ActiveCfg = Release|ARM
		{24C13E06-70A8-46C2-8351-987AF0780F78}.Testing|ARM.Build.0 = Release|ARM
		{24C13E06-70A8-46C2-8351-987AF0780F78}.Testing|Mixed Platforms.ActiveCfg = Release|x86
		{24C13E06-70A8-46C2-8351-987AF0780F78}.Testing|Mixed Platforms.Build.0 = Release|x86
		{24C13E06-70A8-46C2-8351-987AF0780F78}.Testing|Win32.ActiveCfg = Release|x86
		{24C13E06-70A8-46C2-8351-987AF0780F78}.Testing|Win32.Build.0 = Release|x86
		{24C13E06-70A8-46C2-8351-987AF0780F78}.Testing|x64.ActiveCfg = Release|x64
		{24C13E06-70A8-46C2-8351-987AF0780F78}.Testing|x64.Build.0 = Release|x64
		{24C13E06-70A8-46C2-8351-987AF0780F78}.Testing|x86.ActiveCfg = Release|x86
		{24C13E06-70A8-46C2-8351-987AF0780F78}.Testing|x86.Build.0 = Release|x86
	EndGlobalSection
	GlobalSection(SolutionProperties) = preSolution
		HideSolutionNode = FALSE
	EndGlobalSection
EndGlobal
