Microsoft Visual Studio Solution File, Format Version 7.00
Project("{F184B08F-C81C-45F6-A57F-5ABD9991F28F}") = "CSLA", "CSLA\CSLA.vbproj", "{1B9A38BB-461A-47A4-AD72-099C694138A0}"
EndProject
Project("{FAE04EC0-301F-11D3-BF4B-00C04F79EFBC}") = "CSLA.Core.Bindablebase", "CSLA.Core.Bindablebase\CSLA.Core.Bindablebase.csproj", "{C2392355-12A9-4197-A1D3-603C390B1E62}"
EndProject
Project("{F184B08F-C81C-45F6-A57F-5ABD9991F28F}") = "CSLA.Server.DataPortal", "CSLA.Server.DataPortal\CSLA.Server.DataPortal.vbproj", "{80828E2C-E9FB-4E73-A27C-7F9CDB96FCDE}"
EndProject
Project("{F184B08F-C81C-45F6-A57F-5ABD9991F28F}") = "CSLA.Server.ServicedDataPortal", "CSLA.Server.ServicedDataPortal\CSLA.Server.ServicedDataPortal.vbproj", "{AD60DF60-2D14-4403-B5A8-41D4E06AB7AD}"
EndProject
Project("{F184B08F-C81C-45F6-A57F-5ABD9991F28F}") = "CSLA.BatchQueue", "CSLA.BatchQueue\CSLA.BatchQueue.vbproj", "{F8E2709C-E0DE-4253-9A1A-59F4F59B0EBD}"
EndProject
Project("{F184B08F-C81C-45F6-A57F-5ABD9991F28F}") = "NetRun", "NetRun\NetRun.vbproj", "{24FFD3D5-D449-403F-88F3-04D9E17422A6}"
EndProject
Project("{F184B08F-C81C-45F6-A57F-5ABD9991F28F}") = "DataPortal", "http://localhost/DataPortal/DataPortal.vbproj", "{968FE8A0-051C-4F4A-9805-F1907566828D}"
EndProject
Project("{F184B08F-C81C-45F6-A57F-5ABD9991F28F}") = "CSLA.Test", "CSLA.Test\CSLA.Test.vbproj", "{D455F360-5347-4136-A825-64FFD41F9787}"
EndProject
Global
	GlobalSection(SolutionConfiguration) = preSolution
		ConfigName.0 = Debug
		ConfigName.1 = Release
	EndGlobalSection
	GlobalSection(ProjectDependencies) = postSolution
	EndGlobalSection
	GlobalSection(ProjectConfiguration) = postSolution
		{1B9A38BB-461A-47A4-AD72-099C694138A0}.Debug.ActiveCfg = Debug|.NET
		{1B9A38BB-461A-47A4-AD72-099C694138A0}.Debug.Build.0 = Debug|.NET
		{1B9A38BB-461A-47A4-AD72-099C694138A0}.Release.ActiveCfg = Release|.NET
		{1B9A38BB-461A-47A4-AD72-099C694138A0}.Release.Build.0 = Release|.NET
		{C2392355-12A9-4197-A1D3-603C390B1E62}.Debug.ActiveCfg = Debug|.NET
		{C2392355-12A9-4197-A1D3-603C390B1E62}.Debug.Build.0 = Debug|.NET
		{C2392355-12A9-4197-A1D3-603C390B1E62}.Release.ActiveCfg = Release|.NET
		{C2392355-12A9-4197-A1D3-603C390B1E62}.Release.Build.0 = Release|.NET
		{80828E2C-E9FB-4E73-A27C-7F9CDB96FCDE}.Debug.ActiveCfg = Debug|.NET
		{80828E2C-E9FB-4E73-A27C-7F9CDB96FCDE}.Debug.Build.0 = Debug|.NET
		{80828E2C-E9FB-4E73-A27C-7F9CDB96FCDE}.Release.ActiveCfg = Release|.NET
		{80828E2C-E9FB-4E73-A27C-7F9CDB96FCDE}.Release.Build.0 = Release|.NET
		{AD60DF60-2D14-4403-B5A8-41D4E06AB7AD}.Debug.ActiveCfg = Debug|.NET
		{AD60DF60-2D14-4403-B5A8-41D4E06AB7AD}.Debug.Build.0 = Debug|.NET
		{AD60DF60-2D14-4403-B5A8-41D4E06AB7AD}.Release.ActiveCfg = Release|.NET
		{AD60DF60-2D14-4403-B5A8-41D4E06AB7AD}.Release.Build.0 = Release|.NET
		{F8E2709C-E0DE-4253-9A1A-59F4F59B0EBD}.Debug.ActiveCfg = Debug|.NET
		{F8E2709C-E0DE-4253-9A1A-59F4F59B0EBD}.Debug.Build.0 = Debug|.NET
		{F8E2709C-E0DE-4253-9A1A-59F4F59B0EBD}.Release.ActiveCfg = Release|.NET
		{F8E2709C-E0DE-4253-9A1A-59F4F59B0EBD}.Release.Build.0 = Release|.NET
		{24FFD3D5-D449-403F-88F3-04D9E17422A6}.Debug.ActiveCfg = Debug|.NET
		{24FFD3D5-D449-403F-88F3-04D9E17422A6}.Debug.Build.0 = Debug|.NET
		{24FFD3D5-D449-403F-88F3-04D9E17422A6}.Release.ActiveCfg = Release|.NET
		{24FFD3D5-D449-403F-88F3-04D9E17422A6}.Release.Build.0 = Release|.NET
		{968FE8A0-051C-4F4A-9805-F1907566828D}.Debug.ActiveCfg = Debug|.NET
		{968FE8A0-051C-4F4A-9805-F1907566828D}.Debug.Build.0 = Debug|.NET
		{968FE8A0-051C-4F4A-9805-F1907566828D}.Release.ActiveCfg = Release|.NET
		{968FE8A0-051C-4F4A-9805-F1907566828D}.Release.Build.0 = Release|.NET
		{D455F360-5347-4136-A825-64FFD41F9787}.Debug.ActiveCfg = Debug|.NET
		{D455F360-5347-4136-A825-64FFD41F9787}.Debug.Build.0 = Debug|.NET
		{D455F360-5347-4136-A825-64FFD41F9787}.Release.ActiveCfg = Release|.NET
		{D455F360-5347-4136-A825-64FFD41F9787}.Release.Build.0 = Release|.NET
	EndGlobalSection
	GlobalSection(ExtensibilityGlobals) = postSolution
	EndGlobalSection
	GlobalSection(ExtensibilityAddIns) = postSolution
	EndGlobalSection
EndGlobal
