
Microsoft Visual Studio Solution File, Format Version 12.00
# Visual Studio Version 17
VisualStudioVersion = 17.10.34607.79
MinimumVisualStudioVersion = 10.0.40219.1
Project("{9A19103F-16F7-4668-BE54-9A1E7A4F7556}") = "ProjectTracker.Dal", "ProjectTracker.Dal\ProjectTracker.Dal.csproj", "{677EFBD4-1565-4D5D-A022-C2A85078DB64}"
EndProject
Project("{9A19103F-16F7-4668-BE54-9A1E7A4F7556}") = "ProjectTracker.DalMock", "ProjectTracker.DalMock\ProjectTracker.DalMock.csproj", "{A0D34F5F-80CA-40DD-BB01-1D2764C22610}"
EndProject
Project("{2150E333-8FDC-42A3-9474-1A3956D46DE8}") = "UI", "UI", "{547A2212-9195-40DD-9261-E722634A1299}"
EndProject
Project("{2150E333-8FDC-42A3-9474-1A3956D46DE8}") = "BusinessLibrary", "BusinessLibrary", "{1982F50A-7047-4605-98A4-0AD57A67C5BF}"
EndProject
Project("{2150E333-8FDC-42A3-9474-1A3956D46DE8}") = "DataAccess", "DataAccess", "{A2E19440-A0EE-429F-BACC-2CD88B722889}"
EndProject
Project("{2150E333-8FDC-42A3-9474-1A3956D46DE8}") = "AppServer", "AppServer", "{8D097836-73FE-425C-8D9D-A02B446DF9FE}"
EndProject
Project("{2150E333-8FDC-42A3-9474-1A3956D46DE8}") = "_readme", "_readme", "{C17FB7D9-ADD8-4012-A76E-83B18DC536FA}"
	ProjectSection(SolutionItems) = preProject
		readme.md = readme.md
	EndProjectSection
EndProject
Project("{9A19103F-16F7-4668-BE54-9A1E7A4F7556}") = "ProjectTracker.DalEfCore", "ProjectTracker.DalEfCore\ProjectTracker.DalEfCore.csproj", "{03BB74FC-AA9A-440D-9BA4-BE9A3259816D}"
EndProject
Project("{9A19103F-16F7-4668-BE54-9A1E7A4F7556}") = "ProjectTracker.AppServer", "ProjectTracker.AppServer\ProjectTracker.AppServer.csproj", "{02E0B688-F85F-4C6F-A0BA-FB4D3291A68C}"
EndProject
Project("{9A19103F-16F7-4668-BE54-9A1E7A4F7556}") = "ProjectTracker.BusinessLibrary", "ProjectTracker.BusinessLibrary\ProjectTracker.BusinessLibrary.csproj", "{9439E435-9133-42B7-84E4-AFA960295588}"
EndProject
Project("{9A19103F-16F7-4668-BE54-9A1E7A4F7556}") = "ProjectTracker.Blazor", "ProjectTracker.Blazor\ProjectTracker.Blazor\ProjectTracker.Blazor.csproj", "{F07DFB25-1914-4B0E-B435-4073ED65C58C}"
EndProject
Project("{9A19103F-16F7-4668-BE54-9A1E7A4F7556}") = "ProjectTracker.Blazor.Client", "ProjectTracker.Blazor\ProjectTracker.Blazor.Client\ProjectTracker.Blazor.Client.csproj", "{7C310356-21A8-488B-9146-64EDFC67261B}"
EndProject
Global
	GlobalSection(SolutionConfigurationPlatforms) = preSolution
		Ad-Hoc|Any CPU = Ad-Hoc|Any CPU
		Ad-Hoc|ARM = Ad-Hoc|ARM
		Ad-Hoc|iPhone = Ad-Hoc|iPhone
		Ad-Hoc|iPhoneSimulator = Ad-Hoc|iPhoneSimulator
		Ad-Hoc|x64 = Ad-Hoc|x64
		Ad-Hoc|x86 = Ad-Hoc|x86
		AppStore|Any CPU = AppStore|Any CPU
		AppStore|ARM = AppStore|ARM
		AppStore|iPhone = AppStore|iPhone
		AppStore|iPhoneSimulator = AppStore|iPhoneSimulator
		AppStore|x64 = AppStore|x64
		AppStore|x86 = AppStore|x86
		Debug|Any CPU = Debug|Any CPU
		Debug|ARM = Debug|ARM
		Debug|iPhone = Debug|iPhone
		Debug|iPhoneSimulator = Debug|iPhoneSimulator
		Debug|x64 = Debug|x64
		Debug|x86 = Debug|x86
		Release|Any CPU = Release|Any CPU
		Release|ARM = Release|ARM
		Release|iPhone = Release|iPhone
		Release|iPhoneSimulator = Release|iPhoneSimulator
		Release|x64 = Release|x64
		Release|x86 = Release|x86
	EndGlobalSection
	GlobalSection(ProjectConfigurationPlatforms) = postSolution
		{677EFBD4-1565-4D5D-A022-C2A85078DB64}.Ad-Hoc|Any CPU.ActiveCfg = Release|Any CPU
		{677EFBD4-1565-4D5D-A022-C2A85078DB64}.Ad-Hoc|Any CPU.Build.0 = Release|Any CPU
		{677EFBD4-1565-4D5D-A022-C2A85078DB64}.Ad-Hoc|ARM.ActiveCfg = Release|Any CPU
		{677EFBD4-1565-4D5D-A022-C2A85078DB64}.Ad-Hoc|ARM.Build.0 = Release|Any CPU
		{677EFBD4-1565-4D5D-A022-C2A85078DB64}.Ad-Hoc|iPhone.ActiveCfg = Release|Any CPU
		{677EFBD4-1565-4D5D-A022-C2A85078DB64}.Ad-Hoc|iPhone.Build.0 = Release|Any CPU
		{677EFBD4-1565-4D5D-A022-C2A85078DB64}.Ad-Hoc|iPhoneSimulator.ActiveCfg = Release|Any CPU
		{677EFBD4-1565-4D5D-A022-C2A85078DB64}.Ad-Hoc|iPhoneSimulator.Build.0 = Release|Any CPU
		{677EFBD4-1565-4D5D-A022-C2A85078DB64}.Ad-Hoc|x64.ActiveCfg = Release|Any CPU
		{677EFBD4-1565-4D5D-A022-C2A85078DB64}.Ad-Hoc|x64.Build.0 = Release|Any CPU
		{677EFBD4-1565-4D5D-A022-C2A85078DB64}.Ad-Hoc|x86.ActiveCfg = Release|Any CPU
		{677EFBD4-1565-4D5D-A022-C2A85078DB64}.Ad-Hoc|x86.Build.0 = Release|Any CPU
		{677EFBD4-1565-4D5D-A022-C2A85078DB64}.AppStore|Any CPU.ActiveCfg = Release|Any CPU
		{677EFBD4-1565-4D5D-A022-C2A85078DB64}.AppStore|Any CPU.Build.0 = Release|Any CPU
		{677EFBD4-1565-4D5D-A022-C2A85078DB64}.AppStore|ARM.ActiveCfg = Release|Any CPU
		{677EFBD4-1565-4D5D-A022-C2A85078DB64}.AppStore|ARM.Build.0 = Release|Any CPU
		{677EFBD4-1565-4D5D-A022-C2A85078DB64}.AppStore|iPhone.ActiveCfg = Release|Any CPU
		{677EFBD4-1565-4D5D-A022-C2A85078DB64}.AppStore|iPhone.Build.0 = Release|Any CPU
		{677EFBD4-1565-4D5D-A022-C2A85078DB64}.AppStore|iPhoneSimulator.ActiveCfg = Release|Any CPU
		{677EFBD4-1565-4D5D-A022-C2A85078DB64}.AppStore|iPhoneSimulator.Build.0 = Release|Any CPU
		{677EFBD4-1565-4D5D-A022-C2A85078DB64}.AppStore|x64.ActiveCfg = Release|Any CPU
		{677EFBD4-1565-4D5D-A022-C2A85078DB64}.AppStore|x64.Build.0 = Release|Any CPU
		{677EFBD4-1565-4D5D-A022-C2A85078DB64}.AppStore|x86.ActiveCfg = Release|Any CPU
		{677EFBD4-1565-4D5D-A022-C2A85078DB64}.AppStore|x86.Build.0 = Release|Any CPU
		{677EFBD4-1565-4D5D-A022-C2A85078DB64}.Debug|Any CPU.ActiveCfg = Debug|Any CPU
		{677EFBD4-1565-4D5D-A022-C2A85078DB64}.Debug|Any CPU.Build.0 = Debug|Any CPU
		{677EFBD4-1565-4D5D-A022-C2A85078DB64}.Debug|ARM.ActiveCfg = Debug|Any CPU
		{677EFBD4-1565-4D5D-A022-C2A85078DB64}.Debug|ARM.Build.0 = Debug|Any CPU
		{677EFBD4-1565-4D5D-A022-C2A85078DB64}.Debug|iPhone.ActiveCfg = Debug|Any CPU
		{677EFBD4-1565-4D5D-A022-C2A85078DB64}.Debug|iPhone.Build.0 = Debug|Any CPU
		{677EFBD4-1565-4D5D-A022-C2A85078DB64}.Debug|iPhoneSimulator.ActiveCfg = Debug|Any CPU
		{677EFBD4-1565-4D5D-A022-C2A85078DB64}.Debug|iPhoneSimulator.Build.0 = Debug|Any CPU
		{677EFBD4-1565-4D5D-A022-C2A85078DB64}.Debug|x64.ActiveCfg = Debug|Any CPU
		{677EFBD4-1565-4D5D-A022-C2A85078DB64}.Debug|x64.Build.0 = Debug|Any CPU
		{677EFBD4-1565-4D5D-A022-C2A85078DB64}.Debug|x86.ActiveCfg = Debug|Any CPU
		{677EFBD4-1565-4D5D-A022-C2A85078DB64}.Debug|x86.Build.0 = Debug|Any CPU
		{677EFBD4-1565-4D5D-A022-C2A85078DB64}.Release|Any CPU.ActiveCfg = Release|Any CPU
		{677EFBD4-1565-4D5D-A022-C2A85078DB64}.Release|Any CPU.Build.0 = Release|Any CPU
		{677EFBD4-1565-4D5D-A022-C2A85078DB64}.Release|ARM.ActiveCfg = Release|Any CPU
		{677EFBD4-1565-4D5D-A022-C2A85078DB64}.Release|ARM.Build.0 = Release|Any CPU
		{677EFBD4-1565-4D5D-A022-C2A85078DB64}.Release|iPhone.ActiveCfg = Release|Any CPU
		{677EFBD4-1565-4D5D-A022-C2A85078DB64}.Release|iPhone.Build.0 = Release|Any CPU
		{677EFBD4-1565-4D5D-A022-C2A85078DB64}.Release|iPhoneSimulator.ActiveCfg = Release|Any CPU
		{677EFBD4-1565-4D5D-A022-C2A85078DB64}.Release|iPhoneSimulator.Build.0 = Release|Any CPU
		{677EFBD4-1565-4D5D-A022-C2A85078DB64}.Release|x64.ActiveCfg = Release|Any CPU
		{677EFBD4-1565-4D5D-A022-C2A85078DB64}.Release|x64.Build.0 = Release|Any CPU
		{677EFBD4-1565-4D5D-A022-C2A85078DB64}.Release|x86.ActiveCfg = Release|Any CPU
		{677EFBD4-1565-4D5D-A022-C2A85078DB64}.Release|x86.Build.0 = Release|Any CPU
		{A0D34F5F-80CA-40DD-BB01-1D2764C22610}.Ad-Hoc|Any CPU.ActiveCfg = Release|Any CPU
		{A0D34F5F-80CA-40DD-BB01-1D2764C22610}.Ad-Hoc|Any CPU.Build.0 = Release|Any CPU
		{A0D34F5F-80CA-40DD-BB01-1D2764C22610}.Ad-Hoc|ARM.ActiveCfg = Release|Any CPU
		{A0D34F5F-80CA-40DD-BB01-1D2764C22610}.Ad-Hoc|ARM.Build.0 = Release|Any CPU
		{A0D34F5F-80CA-40DD-BB01-1D2764C22610}.Ad-Hoc|iPhone.ActiveCfg = Release|Any CPU
		{A0D34F5F-80CA-40DD-BB01-1D2764C22610}.Ad-Hoc|iPhone.Build.0 = Release|Any CPU
		{A0D34F5F-80CA-40DD-BB01-1D2764C22610}.Ad-Hoc|iPhoneSimulator.ActiveCfg = Release|Any CPU
		{A0D34F5F-80CA-40DD-BB01-1D2764C22610}.Ad-Hoc|iPhoneSimulator.Build.0 = Release|Any CPU
		{A0D34F5F-80CA-40DD-BB01-1D2764C22610}.Ad-Hoc|x64.ActiveCfg = Release|Any CPU
		{A0D34F5F-80CA-40DD-BB01-1D2764C22610}.Ad-Hoc|x64.Build.0 = Release|Any CPU
		{A0D34F5F-80CA-40DD-BB01-1D2764C22610}.Ad-Hoc|x86.ActiveCfg = Release|Any CPU
		{A0D34F5F-80CA-40DD-BB01-1D2764C22610}.Ad-Hoc|x86.Build.0 = Release|Any CPU
		{A0D34F5F-80CA-40DD-BB01-1D2764C22610}.AppStore|Any CPU.ActiveCfg = Release|Any CPU
		{A0D34F5F-80CA-40DD-BB01-1D2764C22610}.AppStore|Any CPU.Build.0 = Release|Any CPU
		{A0D34F5F-80CA-40DD-BB01-1D2764C22610}.AppStore|ARM.ActiveCfg = Release|Any CPU
		{A0D34F5F-80CA-40DD-BB01-1D2764C22610}.AppStore|ARM.Build.0 = Release|Any CPU
		{A0D34F5F-80CA-40DD-BB01-1D2764C22610}.AppStore|iPhone.ActiveCfg = Release|Any CPU
		{A0D34F5F-80CA-40DD-BB01-1D2764C22610}.AppStore|iPhone.Build.0 = Release|Any CPU
		{A0D34F5F-80CA-40DD-BB01-1D2764C22610}.AppStore|iPhoneSimulator.ActiveCfg = Release|Any CPU
		{A0D34F5F-80CA-40DD-BB01-1D2764C22610}.AppStore|iPhoneSimulator.Build.0 = Release|Any CPU
		{A0D34F5F-80CA-40DD-BB01-1D2764C22610}.AppStore|x64.ActiveCfg = Release|Any CPU
		{A0D34F5F-80CA-40DD-BB01-1D2764C22610}.AppStore|x64.Build.0 = Release|Any CPU
		{A0D34F5F-80CA-40DD-BB01-1D2764C22610}.AppStore|x86.ActiveCfg = Release|Any CPU
		{A0D34F5F-80CA-40DD-BB01-1D2764C22610}.AppStore|x86.Build.0 = Release|Any CPU
		{A0D34F5F-80CA-40DD-BB01-1D2764C22610}.Debug|Any CPU.ActiveCfg = Debug|Any CPU
		{A0D34F5F-80CA-40DD-BB01-1D2764C22610}.Debug|Any CPU.Build.0 = Debug|Any CPU
		{A0D34F5F-80CA-40DD-BB01-1D2764C22610}.Debug|ARM.ActiveCfg = Debug|Any CPU
		{A0D34F5F-80CA-40DD-BB01-1D2764C22610}.Debug|ARM.Build.0 = Debug|Any CPU
		{A0D34F5F-80CA-40DD-BB01-1D2764C22610}.Debug|iPhone.ActiveCfg = Debug|Any CPU
		{A0D34F5F-80CA-40DD-BB01-1D2764C22610}.Debug|iPhone.Build.0 = Debug|Any CPU
		{A0D34F5F-80CA-40DD-BB01-1D2764C22610}.Debug|iPhoneSimulator.ActiveCfg = Debug|Any CPU
		{A0D34F5F-80CA-40DD-BB01-1D2764C22610}.Debug|iPhoneSimulator.Build.0 = Debug|Any CPU
		{A0D34F5F-80CA-40DD-BB01-1D2764C22610}.Debug|x64.ActiveCfg = Debug|Any CPU
		{A0D34F5F-80CA-40DD-BB01-1D2764C22610}.Debug|x64.Build.0 = Debug|Any CPU
		{A0D34F5F-80CA-40DD-BB01-1D2764C22610}.Debug|x86.ActiveCfg = Debug|Any CPU
		{A0D34F5F-80CA-40DD-BB01-1D2764C22610}.Debug|x86.Build.0 = Debug|Any CPU
		{A0D34F5F-80CA-40DD-BB01-1D2764C22610}.Release|Any CPU.ActiveCfg = Release|Any CPU
		{A0D34F5F-80CA-40DD-BB01-1D2764C22610}.Release|Any CPU.Build.0 = Release|Any CPU
		{A0D34F5F-80CA-40DD-BB01-1D2764C22610}.Release|ARM.ActiveCfg = Release|Any CPU
		{A0D34F5F-80CA-40DD-BB01-1D2764C22610}.Release|ARM.Build.0 = Release|Any CPU
		{A0D34F5F-80CA-40DD-BB01-1D2764C22610}.Release|iPhone.ActiveCfg = Release|Any CPU
		{A0D34F5F-80CA-40DD-BB01-1D2764C22610}.Release|iPhone.Build.0 = Release|Any CPU
		{A0D34F5F-80CA-40DD-BB01-1D2764C22610}.Release|iPhoneSimulator.ActiveCfg = Release|Any CPU
		{A0D34F5F-80CA-40DD-BB01-1D2764C22610}.Release|iPhoneSimulator.Build.0 = Release|Any CPU
		{A0D34F5F-80CA-40DD-BB01-1D2764C22610}.Release|x64.ActiveCfg = Release|Any CPU
		{A0D34F5F-80CA-40DD-BB01-1D2764C22610}.Release|x64.Build.0 = Release|Any CPU
		{A0D34F5F-80CA-40DD-BB01-1D2764C22610}.Release|x86.ActiveCfg = Release|Any CPU
		{A0D34F5F-80CA-40DD-BB01-1D2764C22610}.Release|x86.Build.0 = Release|Any CPU
		{03BB74FC-AA9A-440D-9BA4-BE9A3259816D}.Ad-Hoc|Any CPU.ActiveCfg = Debug|Any CPU
		{03BB74FC-AA9A-440D-9BA4-BE9A3259816D}.Ad-Hoc|Any CPU.Build.0 = Debug|Any CPU
		{03BB74FC-AA9A-440D-9BA4-BE9A3259816D}.Ad-Hoc|ARM.ActiveCfg = Debug|Any CPU
		{03BB74FC-AA9A-440D-9BA4-BE9A3259816D}.Ad-Hoc|ARM.Build.0 = Debug|Any CPU
		{03BB74FC-AA9A-440D-9BA4-BE9A3259816D}.Ad-Hoc|iPhone.ActiveCfg = Debug|Any CPU
		{03BB74FC-AA9A-440D-9BA4-BE9A3259816D}.Ad-Hoc|iPhone.Build.0 = Debug|Any CPU
		{03BB74FC-AA9A-440D-9BA4-BE9A3259816D}.Ad-Hoc|iPhoneSimulator.ActiveCfg = Debug|Any CPU
		{03BB74FC-AA9A-440D-9BA4-BE9A3259816D}.Ad-Hoc|iPhoneSimulator.Build.0 = Debug|Any CPU
		{03BB74FC-AA9A-440D-9BA4-BE9A3259816D}.Ad-Hoc|x64.ActiveCfg = Debug|Any CPU
		{03BB74FC-AA9A-440D-9BA4-BE9A3259816D}.Ad-Hoc|x64.Build.0 = Debug|Any CPU
		{03BB74FC-AA9A-440D-9BA4-BE9A3259816D}.Ad-Hoc|x86.ActiveCfg = Debug|Any CPU
		{03BB74FC-AA9A-440D-9BA4-BE9A3259816D}.Ad-Hoc|x86.Build.0 = Debug|Any CPU
		{03BB74FC-AA9A-440D-9BA4-BE9A3259816D}.AppStore|Any CPU.ActiveCfg = Debug|Any CPU
		{03BB74FC-AA9A-440D-9BA4-BE9A3259816D}.AppStore|Any CPU.Build.0 = Debug|Any CPU
		{03BB74FC-AA9A-440D-9BA4-BE9A3259816D}.AppStore|ARM.ActiveCfg = Debug|Any CPU
		{03BB74FC-AA9A-440D-9BA4-BE9A3259816D}.AppStore|ARM.Build.0 = Debug|Any CPU
		{03BB74FC-AA9A-440D-9BA4-BE9A3259816D}.AppStore|iPhone.ActiveCfg = Debug|Any CPU
		{03BB74FC-AA9A-440D-9BA4-BE9A3259816D}.AppStore|iPhone.Build.0 = Debug|Any CPU
		{03BB74FC-AA9A-440D-9BA4-BE9A3259816D}.AppStore|iPhoneSimulator.ActiveCfg = Debug|Any CPU
		{03BB74FC-AA9A-440D-9BA4-BE9A3259816D}.AppStore|iPhoneSimulator.Build.0 = Debug|Any CPU
		{03BB74FC-AA9A-440D-9BA4-BE9A3259816D}.AppStore|x64.ActiveCfg = Debug|Any CPU
		{03BB74FC-AA9A-440D-9BA4-BE9A3259816D}.AppStore|x64.Build.0 = Debug|Any CPU
		{03BB74FC-AA9A-440D-9BA4-BE9A3259816D}.AppStore|x86.ActiveCfg = Debug|Any CPU
		{03BB74FC-AA9A-440D-9BA4-BE9A3259816D}.AppStore|x86.Build.0 = Debug|Any CPU
		{03BB74FC-AA9A-440D-9BA4-BE9A3259816D}.Debug|Any CPU.ActiveCfg = Debug|Any CPU
		{03BB74FC-AA9A-440D-9BA4-BE9A3259816D}.Debug|Any CPU.Build.0 = Debug|Any CPU
		{03BB74FC-AA9A-440D-9BA4-BE9A3259816D}.Debug|ARM.ActiveCfg = Debug|Any CPU
		{03BB74FC-AA9A-440D-9BA4-BE9A3259816D}.Debug|ARM.Build.0 = Debug|Any CPU
		{03BB74FC-AA9A-440D-9BA4-BE9A3259816D}.Debug|iPhone.ActiveCfg = Debug|Any CPU
		{03BB74FC-AA9A-440D-9BA4-BE9A3259816D}.Debug|iPhone.Build.0 = Debug|Any CPU
		{03BB74FC-AA9A-440D-9BA4-BE9A3259816D}.Debug|iPhoneSimulator.ActiveCfg = Debug|Any CPU
		{03BB74FC-AA9A-440D-9BA4-BE9A3259816D}.Debug|iPhoneSimulator.Build.0 = Debug|Any CPU
		{03BB74FC-AA9A-440D-9BA4-BE9A3259816D}.Debug|x64.ActiveCfg = Debug|Any CPU
		{03BB74FC-AA9A-440D-9BA4-BE9A3259816D}.Debug|x64.Build.0 = Debug|Any CPU
		{03BB74FC-AA9A-440D-9BA4-BE9A3259816D}.Debug|x86.ActiveCfg = Debug|Any CPU
		{03BB74FC-AA9A-440D-9BA4-BE9A3259816D}.Debug|x86.Build.0 = Debug|Any CPU
		{03BB74FC-AA9A-440D-9BA4-BE9A3259816D}.Release|Any CPU.ActiveCfg = Release|Any CPU
		{03BB74FC-AA9A-440D-9BA4-BE9A3259816D}.Release|Any CPU.Build.0 = Release|Any CPU
		{03BB74FC-AA9A-440D-9BA4-BE9A3259816D}.Release|ARM.ActiveCfg = Release|Any CPU
		{03BB74FC-AA9A-440D-9BA4-BE9A3259816D}.Release|ARM.Build.0 = Release|Any CPU
		{03BB74FC-AA9A-440D-9BA4-BE9A3259816D}.Release|iPhone.ActiveCfg = Release|Any CPU
		{03BB74FC-AA9A-440D-9BA4-BE9A3259816D}.Release|iPhone.Build.0 = Release|Any CPU
		{03BB74FC-AA9A-440D-9BA4-BE9A3259816D}.Release|iPhoneSimulator.ActiveCfg = Release|Any CPU
		{03BB74FC-AA9A-440D-9BA4-BE9A3259816D}.Release|iPhoneSimulator.Build.0 = Release|Any CPU
		{03BB74FC-AA9A-440D-9BA4-BE9A3259816D}.Release|x64.ActiveCfg = Release|Any CPU
		{03BB74FC-AA9A-440D-9BA4-BE9A3259816D}.Release|x64.Build.0 = Release|Any CPU
		{03BB74FC-AA9A-440D-9BA4-BE9A3259816D}.Release|x86.ActiveCfg = Release|Any CPU
		{03BB74FC-AA9A-440D-9BA4-BE9A3259816D}.Release|x86.Build.0 = Release|Any CPU
		{02E0B688-F85F-4C6F-A0BA-FB4D3291A68C}.Ad-Hoc|Any CPU.ActiveCfg = Debug|Any CPU
		{02E0B688-F85F-4C6F-A0BA-FB4D3291A68C}.Ad-Hoc|Any CPU.Build.0 = Debug|Any CPU
		{02E0B688-F85F-4C6F-A0BA-FB4D3291A68C}.Ad-Hoc|ARM.ActiveCfg = Debug|Any CPU
		{02E0B688-F85F-4C6F-A0BA-FB4D3291A68C}.Ad-Hoc|ARM.Build.0 = Debug|Any CPU
		{02E0B688-F85F-4C6F-A0BA-FB4D3291A68C}.Ad-Hoc|iPhone.ActiveCfg = Debug|Any CPU
		{02E0B688-F85F-4C6F-A0BA-FB4D3291A68C}.Ad-Hoc|iPhone.Build.0 = Debug|Any CPU
		{02E0B688-F85F-4C6F-A0BA-FB4D3291A68C}.Ad-Hoc|iPhoneSimulator.ActiveCfg = Debug|Any CPU
		{02E0B688-F85F-4C6F-A0BA-FB4D3291A68C}.Ad-Hoc|iPhoneSimulator.Build.0 = Debug|Any CPU
		{02E0B688-F85F-4C6F-A0BA-FB4D3291A68C}.Ad-Hoc|x64.ActiveCfg = Debug|Any CPU
		{02E0B688-F85F-4C6F-A0BA-FB4D3291A68C}.Ad-Hoc|x64.Build.0 = Debug|Any CPU
		{02E0B688-F85F-4C6F-A0BA-FB4D3291A68C}.Ad-Hoc|x86.ActiveCfg = Debug|Any CPU
		{02E0B688-F85F-4C6F-A0BA-FB4D3291A68C}.Ad-Hoc|x86.Build.0 = Debug|Any CPU
		{02E0B688-F85F-4C6F-A0BA-FB4D3291A68C}.AppStore|Any CPU.ActiveCfg = Debug|Any CPU
		{02E0B688-F85F-4C6F-A0BA-FB4D3291A68C}.AppStore|Any CPU.Build.0 = Debug|Any CPU
		{02E0B688-F85F-4C6F-A0BA-FB4D3291A68C}.AppStore|ARM.ActiveCfg = Debug|Any CPU
		{02E0B688-F85F-4C6F-A0BA-FB4D3291A68C}.AppStore|ARM.Build.0 = Debug|Any CPU
		{02E0B688-F85F-4C6F-A0BA-FB4D3291A68C}.AppStore|iPhone.ActiveCfg = Debug|Any CPU
		{02E0B688-F85F-4C6F-A0BA-FB4D3291A68C}.AppStore|iPhone.Build.0 = Debug|Any CPU
		{02E0B688-F85F-4C6F-A0BA-FB4D3291A68C}.AppStore|iPhoneSimulator.ActiveCfg = Debug|Any CPU
		{02E0B688-F85F-4C6F-A0BA-FB4D3291A68C}.AppStore|iPhoneSimulator.Build.0 = Debug|Any CPU
		{02E0B688-F85F-4C6F-A0BA-FB4D3291A68C}.AppStore|x64.ActiveCfg = Debug|Any CPU
		{02E0B688-F85F-4C6F-A0BA-FB4D3291A68C}.AppStore|x64.Build.0 = Debug|Any CPU
		{02E0B688-F85F-4C6F-A0BA-FB4D3291A68C}.AppStore|x86.ActiveCfg = Debug|Any CPU
		{02E0B688-F85F-4C6F-A0BA-FB4D3291A68C}.AppStore|x86.Build.0 = Debug|Any CPU
		{02E0B688-F85F-4C6F-A0BA-FB4D3291A68C}.Debug|Any CPU.ActiveCfg = Debug|Any CPU
		{02E0B688-F85F-4C6F-A0BA-FB4D3291A68C}.Debug|Any CPU.Build.0 = Debug|Any CPU
		{02E0B688-F85F-4C6F-A0BA-FB4D3291A68C}.Debug|ARM.ActiveCfg = Debug|Any CPU
		{02E0B688-F85F-4C6F-A0BA-FB4D3291A68C}.Debug|ARM.Build.0 = Debug|Any CPU
		{02E0B688-F85F-4C6F-A0BA-FB4D3291A68C}.Debug|iPhone.ActiveCfg = Debug|Any CPU
		{02E0B688-F85F-4C6F-A0BA-FB4D3291A68C}.Debug|iPhone.Build.0 = Debug|Any CPU
		{02E0B688-F85F-4C6F-A0BA-FB4D3291A68C}.Debug|iPhoneSimulator.ActiveCfg = Debug|Any CPU
		{02E0B688-F85F-4C6F-A0BA-FB4D3291A68C}.Debug|iPhoneSimulator.Build.0 = Debug|Any CPU
		{02E0B688-F85F-4C6F-A0BA-FB4D3291A68C}.Debug|x64.ActiveCfg = Debug|Any CPU
		{02E0B688-F85F-4C6F-A0BA-FB4D3291A68C}.Debug|x64.Build.0 = Debug|Any CPU
		{02E0B688-F85F-4C6F-A0BA-FB4D3291A68C}.Debug|x86.ActiveCfg = Debug|Any CPU
		{02E0B688-F85F-4C6F-A0BA-FB4D3291A68C}.Debug|x86.Build.0 = Debug|Any CPU
		{02E0B688-F85F-4C6F-A0BA-FB4D3291A68C}.Release|Any CPU.ActiveCfg = Release|Any CPU
		{02E0B688-F85F-4C6F-A0BA-FB4D3291A68C}.Release|Any CPU.Build.0 = Release|Any CPU
		{02E0B688-F85F-4C6F-A0BA-FB4D3291A68C}.Release|ARM.ActiveCfg = Release|Any CPU
		{02E0B688-F85F-4C6F-A0BA-FB4D3291A68C}.Release|ARM.Build.0 = Release|Any CPU
		{02E0B688-F85F-4C6F-A0BA-FB4D3291A68C}.Release|iPhone.ActiveCfg = Release|Any CPU
		{02E0B688-F85F-4C6F-A0BA-FB4D3291A68C}.Release|iPhone.Build.0 = Release|Any CPU
		{02E0B688-F85F-4C6F-A0BA-FB4D3291A68C}.Release|iPhoneSimulator.ActiveCfg = Release|Any CPU
		{02E0B688-F85F-4C6F-A0BA-FB4D3291A68C}.Release|iPhoneSimulator.Build.0 = Release|Any CPU
		{02E0B688-F85F-4C6F-A0BA-FB4D3291A68C}.Release|x64.ActiveCfg = Release|Any CPU
		{02E0B688-F85F-4C6F-A0BA-FB4D3291A68C}.Release|x64.Build.0 = Release|Any CPU
		{02E0B688-F85F-4C6F-A0BA-FB4D3291A68C}.Release|x86.ActiveCfg = Release|Any CPU
		{02E0B688-F85F-4C6F-A0BA-FB4D3291A68C}.Release|x86.Build.0 = Release|Any CPU
		{9439E435-9133-42B7-84E4-AFA960295588}.Ad-Hoc|Any CPU.ActiveCfg = Debug|Any CPU
		{9439E435-9133-42B7-84E4-AFA960295588}.Ad-Hoc|Any CPU.Build.0 = Debug|Any CPU
		{9439E435-9133-42B7-84E4-AFA960295588}.Ad-Hoc|ARM.ActiveCfg = Debug|Any CPU
		{9439E435-9133-42B7-84E4-AFA960295588}.Ad-Hoc|ARM.Build.0 = Debug|Any CPU
		{9439E435-9133-42B7-84E4-AFA960295588}.Ad-Hoc|iPhone.ActiveCfg = Debug|Any CPU
		{9439E435-9133-42B7-84E4-AFA960295588}.Ad-Hoc|iPhone.Build.0 = Debug|Any CPU
		{9439E435-9133-42B7-84E4-AFA960295588}.Ad-Hoc|iPhoneSimulator.ActiveCfg = Debug|Any CPU
		{9439E435-9133-42B7-84E4-AFA960295588}.Ad-Hoc|iPhoneSimulator.Build.0 = Debug|Any CPU
		{9439E435-9133-42B7-84E4-AFA960295588}.Ad-Hoc|x64.ActiveCfg = Debug|Any CPU
		{9439E435-9133-42B7-84E4-AFA960295588}.Ad-Hoc|x64.Build.0 = Debug|Any CPU
		{9439E435-9133-42B7-84E4-AFA960295588}.Ad-Hoc|x86.ActiveCfg = Debug|Any CPU
		{9439E435-9133-42B7-84E4-AFA960295588}.Ad-Hoc|x86.Build.0 = Debug|Any CPU
		{9439E435-9133-42B7-84E4-AFA960295588}.AppStore|Any CPU.ActiveCfg = Debug|Any CPU
		{9439E435-9133-42B7-84E4-AFA960295588}.AppStore|Any CPU.Build.0 = Debug|Any CPU
		{9439E435-9133-42B7-84E4-AFA960295588}.AppStore|ARM.ActiveCfg = Debug|Any CPU
		{9439E435-9133-42B7-84E4-AFA960295588}.AppStore|ARM.Build.0 = Debug|Any CPU
		{9439E435-9133-42B7-84E4-AFA960295588}.AppStore|iPhone.ActiveCfg = Debug|Any CPU
		{9439E435-9133-42B7-84E4-AFA960295588}.AppStore|iPhone.Build.0 = Debug|Any CPU
		{9439E435-9133-42B7-84E4-AFA960295588}.AppStore|iPhoneSimulator.ActiveCfg = Debug|Any CPU
		{9439E435-9133-42B7-84E4-AFA960295588}.AppStore|iPhoneSimulator.Build.0 = Debug|Any CPU
		{9439E435-9133-42B7-84E4-AFA960295588}.AppStore|x64.ActiveCfg = Debug|Any CPU
		{9439E435-9133-42B7-84E4-AFA960295588}.AppStore|x64.Build.0 = Debug|Any CPU
		{9439E435-9133-42B7-84E4-AFA960295588}.AppStore|x86.ActiveCfg = Debug|Any CPU
		{9439E435-9133-42B7-84E4-AFA960295588}.AppStore|x86.Build.0 = Debug|Any CPU
		{9439E435-9133-42B7-84E4-AFA960295588}.Debug|Any CPU.ActiveCfg = Debug|Any CPU
		{9439E435-9133-42B7-84E4-AFA960295588}.Debug|Any CPU.Build.0 = Debug|Any CPU
		{9439E435-9133-42B7-84E4-AFA960295588}.Debug|ARM.ActiveCfg = Debug|Any CPU
		{9439E435-9133-42B7-84E4-AFA960295588}.Debug|ARM.Build.0 = Debug|Any CPU
		{9439E435-9133-42B7-84E4-AFA960295588}.Debug|iPhone.ActiveCfg = Debug|Any CPU
		{9439E435-9133-42B7-84E4-AFA960295588}.Debug|iPhone.Build.0 = Debug|Any CPU
		{9439E435-9133-42B7-84E4-AFA960295588}.Debug|iPhoneSimulator.ActiveCfg = Debug|Any CPU
		{9439E435-9133-42B7-84E4-AFA960295588}.Debug|iPhoneSimulator.Build.0 = Debug|Any CPU
		{9439E435-9133-42B7-84E4-AFA960295588}.Debug|x64.ActiveCfg = Debug|Any CPU
		{9439E435-9133-42B7-84E4-AFA960295588}.Debug|x64.Build.0 = Debug|Any CPU
		{9439E435-9133-42B7-84E4-AFA960295588}.Debug|x86.ActiveCfg = Debug|Any CPU
		{9439E435-9133-42B7-84E4-AFA960295588}.Debug|x86.Build.0 = Debug|Any CPU
		{9439E435-9133-42B7-84E4-AFA960295588}.Release|Any CPU.ActiveCfg = Release|Any CPU
		{9439E435-9133-42B7-84E4-AFA960295588}.Release|Any CPU.Build.0 = Release|Any CPU
		{9439E435-9133-42B7-84E4-AFA960295588}.Release|ARM.ActiveCfg = Release|Any CPU
		{9439E435-9133-42B7-84E4-AFA960295588}.Release|ARM.Build.0 = Release|Any CPU
		{9439E435-9133-42B7-84E4-AFA960295588}.Release|iPhone.ActiveCfg = Release|Any CPU
		{9439E435-9133-42B7-84E4-AFA960295588}.Release|iPhone.Build.0 = Release|Any CPU
		{9439E435-9133-42B7-84E4-AFA960295588}.Release|iPhoneSimulator.ActiveCfg = Release|Any CPU
		{9439E435-9133-42B7-84E4-AFA960295588}.Release|iPhoneSimulator.Build.0 = Release|Any CPU
		{9439E435-9133-42B7-84E4-AFA960295588}.Release|x64.ActiveCfg = Release|Any CPU
		{9439E435-9133-42B7-84E4-AFA960295588}.Release|x64.Build.0 = Release|Any CPU
		{9439E435-9133-42B7-84E4-AFA960295588}.Release|x86.ActiveCfg = Release|Any CPU
		{9439E435-9133-42B7-84E4-AFA960295588}.Release|x86.Build.0 = Release|Any CPU
		{F07DFB25-1914-4B0E-B435-4073ED65C58C}.Ad-Hoc|Any CPU.ActiveCfg = Debug|Any CPU
		{F07DFB25-1914-4B0E-B435-4073ED65C58C}.Ad-Hoc|Any CPU.Build.0 = Debug|Any CPU
		{F07DFB25-1914-4B0E-B435-4073ED65C58C}.Ad-Hoc|ARM.ActiveCfg = Debug|Any CPU
		{F07DFB25-1914-4B0E-B435-4073ED65C58C}.Ad-Hoc|ARM.Build.0 = Debug|Any CPU
		{F07DFB25-1914-4B0E-B435-4073ED65C58C}.Ad-Hoc|iPhone.ActiveCfg = Debug|Any CPU
		{F07DFB25-1914-4B0E-B435-4073ED65C58C}.Ad-Hoc|iPhone.Build.0 = Debug|Any CPU
		{F07DFB25-1914-4B0E-B435-4073ED65C58C}.Ad-Hoc|iPhoneSimulator.ActiveCfg = Debug|Any CPU
		{F07DFB25-1914-4B0E-B435-4073ED65C58C}.Ad-Hoc|iPhoneSimulator.Build.0 = Debug|Any CPU
		{F07DFB25-1914-4B0E-B435-4073ED65C58C}.Ad-Hoc|x64.ActiveCfg = Debug|Any CPU
		{F07DFB25-1914-4B0E-B435-4073ED65C58C}.Ad-Hoc|x64.Build.0 = Debug|Any CPU
		{F07DFB25-1914-4B0E-B435-4073ED65C58C}.Ad-Hoc|x86.ActiveCfg = Debug|Any CPU
		{F07DFB25-1914-4B0E-B435-4073ED65C58C}.Ad-Hoc|x86.Build.0 = Debug|Any CPU
		{F07DFB25-1914-4B0E-B435-4073ED65C58C}.AppStore|Any CPU.ActiveCfg = Debug|Any CPU
		{F07DFB25-1914-4B0E-B435-4073ED65C58C}.AppStore|Any CPU.Build.0 = Debug|Any CPU
		{F07DFB25-1914-4B0E-B435-4073ED65C58C}.AppStore|ARM.ActiveCfg = Debug|Any CPU
		{F07DFB25-1914-4B0E-B435-4073ED65C58C}.AppStore|ARM.Build.0 = Debug|Any CPU
		{F07DFB25-1914-4B0E-B435-4073ED65C58C}.AppStore|iPhone.ActiveCfg = Debug|Any CPU
		{F07DFB25-1914-4B0E-B435-4073ED65C58C}.AppStore|iPhone.Build.0 = Debug|Any CPU
		{F07DFB25-1914-4B0E-B435-4073ED65C58C}.AppStore|iPhoneSimulator.ActiveCfg = Debug|Any CPU
		{F07DFB25-1914-4B0E-B435-4073ED65C58C}.AppStore|iPhoneSimulator.Build.0 = Debug|Any CPU
		{F07DFB25-1914-4B0E-B435-4073ED65C58C}.AppStore|x64.ActiveCfg = Debug|Any CPU
		{F07DFB25-1914-4B0E-B435-4073ED65C58C}.AppStore|x64.Build.0 = Debug|Any CPU
		{F07DFB25-1914-4B0E-B435-4073ED65C58C}.AppStore|x86.ActiveCfg = Debug|Any CPU
		{F07DFB25-1914-4B0E-B435-4073ED65C58C}.AppStore|x86.Build.0 = Debug|Any CPU
		{F07DFB25-1914-4B0E-B435-4073ED65C58C}.Debug|Any CPU.ActiveCfg = Debug|Any CPU
		{F07DFB25-1914-4B0E-B435-4073ED65C58C}.Debug|Any CPU.Build.0 = Debug|Any CPU
		{F07DFB25-1914-4B0E-B435-4073ED65C58C}.Debug|ARM.ActiveCfg = Debug|Any CPU
		{F07DFB25-1914-4B0E-B435-4073ED65C58C}.Debug|ARM.Build.0 = Debug|Any CPU
		{F07DFB25-1914-4B0E-B435-4073ED65C58C}.Debug|iPhone.ActiveCfg = Debug|Any CPU
		{F07DFB25-1914-4B0E-B435-4073ED65C58C}.Debug|iPhone.Build.0 = Debug|Any CPU
		{F07DFB25-1914-4B0E-B435-4073ED65C58C}.Debug|iPhoneSimulator.ActiveCfg = Debug|Any CPU
		{F07DFB25-1914-4B0E-B435-4073ED65C58C}.Debug|iPhoneSimulator.Build.0 = Debug|Any CPU
		{F07DFB25-1914-4B0E-B435-4073ED65C58C}.Debug|x64.ActiveCfg = Debug|Any CPU
		{F07DFB25-1914-4B0E-B435-4073ED65C58C}.Debug|x64.Build.0 = Debug|Any CPU
		{F07DFB25-1914-4B0E-B435-4073ED65C58C}.Debug|x86.ActiveCfg = Debug|Any CPU
		{F07DFB25-1914-4B0E-B435-4073ED65C58C}.Debug|x86.Build.0 = Debug|Any CPU
		{F07DFB25-1914-4B0E-B435-4073ED65C58C}.Release|Any CPU.ActiveCfg = Release|Any CPU
		{F07DFB25-1914-4B0E-B435-4073ED65C58C}.Release|Any CPU.Build.0 = Release|Any CPU
		{F07DFB25-1914-4B0E-B435-4073ED65C58C}.Release|ARM.ActiveCfg = Release|Any CPU
		{F07DFB25-1914-4B0E-B435-4073ED65C58C}.Release|ARM.Build.0 = Release|Any CPU
		{F07DFB25-1914-4B0E-B435-4073ED65C58C}.Release|iPhone.ActiveCfg = Release|Any CPU
		{F07DFB25-1914-4B0E-B435-4073ED65C58C}.Release|iPhone.Build.0 = Release|Any CPU
		{F07DFB25-1914-4B0E-B435-4073ED65C58C}.Release|iPhoneSimulator.ActiveCfg = Release|Any CPU
		{F07DFB25-1914-4B0E-B435-4073ED65C58C}.Release|iPhoneSimulator.Build.0 = Release|Any CPU
		{F07DFB25-1914-4B0E-B435-4073ED65C58C}.Release|x64.ActiveCfg = Release|Any CPU
		{F07DFB25-1914-4B0E-B435-4073ED65C58C}.Release|x64.Build.0 = Release|Any CPU
		{F07DFB25-1914-4B0E-B435-4073ED65C58C}.Release|x86.ActiveCfg = Release|Any CPU
		{F07DFB25-1914-4B0E-B435-4073ED65C58C}.Release|x86.Build.0 = Release|Any CPU
		{7C310356-21A8-488B-9146-64EDFC67261B}.Ad-Hoc|Any CPU.ActiveCfg = Debug|Any CPU
		{7C310356-21A8-488B-9146-64EDFC67261B}.Ad-Hoc|Any CPU.Build.0 = Debug|Any CPU
		{7C310356-21A8-488B-9146-64EDFC67261B}.Ad-Hoc|ARM.ActiveCfg = Debug|Any CPU
		{7C310356-21A8-488B-9146-64EDFC67261B}.Ad-Hoc|ARM.Build.0 = Debug|Any CPU
		{7C310356-21A8-488B-9146-64EDFC67261B}.Ad-Hoc|iPhone.ActiveCfg = Debug|Any CPU
		{7C310356-21A8-488B-9146-64EDFC67261B}.Ad-Hoc|iPhone.Build.0 = Debug|Any CPU
		{7C310356-21A8-488B-9146-64EDFC67261B}.Ad-Hoc|iPhoneSimulator.ActiveCfg = Debug|Any CPU
		{7C310356-21A8-488B-9146-64EDFC67261B}.Ad-Hoc|iPhoneSimulator.Build.0 = Debug|Any CPU
		{7C310356-21A8-488B-9146-64EDFC67261B}.Ad-Hoc|x64.ActiveCfg = Debug|Any CPU
		{7C310356-21A8-488B-9146-64EDFC67261B}.Ad-Hoc|x64.Build.0 = Debug|Any CPU
		{7C310356-21A8-488B-9146-64EDFC67261B}.Ad-Hoc|x86.ActiveCfg = Debug|Any CPU
		{7C310356-21A8-488B-9146-64EDFC67261B}.Ad-Hoc|x86.Build.0 = Debug|Any CPU
		{7C310356-21A8-488B-9146-64EDFC67261B}.AppStore|Any CPU.ActiveCfg = Debug|Any CPU
		{7C310356-21A8-488B-9146-64EDFC67261B}.AppStore|Any CPU.Build.0 = Debug|Any CPU
		{7C310356-21A8-488B-9146-64EDFC67261B}.AppStore|ARM.ActiveCfg = Debug|Any CPU
		{7C310356-21A8-488B-9146-64EDFC67261B}.AppStore|ARM.Build.0 = Debug|Any CPU
		{7C310356-21A8-488B-9146-64EDFC67261B}.AppStore|iPhone.ActiveCfg = Debug|Any CPU
		{7C310356-21A8-488B-9146-64EDFC67261B}.AppStore|iPhone.Build.0 = Debug|Any CPU
		{7C310356-21A8-488B-9146-64EDFC67261B}.AppStore|iPhoneSimulator.ActiveCfg = Debug|Any CPU
		{7C310356-21A8-488B-9146-64EDFC67261B}.AppStore|iPhoneSimulator.Build.0 = Debug|Any CPU
		{7C310356-21A8-488B-9146-64EDFC67261B}.AppStore|x64.ActiveCfg = Debug|Any CPU
		{7C310356-21A8-488B-9146-64EDFC67261B}.AppStore|x64.Build.0 = Debug|Any CPU
		{7C310356-21A8-488B-9146-64EDFC67261B}.AppStore|x86.ActiveCfg = Debug|Any CPU
		{7C310356-21A8-488B-9146-64EDFC67261B}.AppStore|x86.Build.0 = Debug|Any CPU
		{7C310356-21A8-488B-9146-64EDFC67261B}.Debug|Any CPU.ActiveCfg = Debug|Any CPU
		{7C310356-21A8-488B-9146-64EDFC67261B}.Debug|Any CPU.Build.0 = Debug|Any CPU
		{7C310356-21A8-488B-9146-64EDFC67261B}.Debug|ARM.ActiveCfg = Debug|Any CPU
		{7C310356-21A8-488B-9146-64EDFC67261B}.Debug|ARM.Build.0 = Debug|Any CPU
		{7C310356-21A8-488B-9146-64EDFC67261B}.Debug|iPhone.ActiveCfg = Debug|Any CPU
		{7C310356-21A8-488B-9146-64EDFC67261B}.Debug|iPhone.Build.0 = Debug|Any CPU
		{7C310356-21A8-488B-9146-64EDFC67261B}.Debug|iPhoneSimulator.ActiveCfg = Debug|Any CPU
		{7C310356-21A8-488B-9146-64EDFC67261B}.Debug|iPhoneSimulator.Build.0 = Debug|Any CPU
		{7C310356-21A8-488B-9146-64EDFC67261B}.Debug|x64.ActiveCfg = Debug|Any CPU
		{7C310356-21A8-488B-9146-64EDFC67261B}.Debug|x64.Build.0 = Debug|Any CPU
		{7C310356-21A8-488B-9146-64EDFC67261B}.Debug|x86.ActiveCfg = Debug|Any CPU
		{7C310356-21A8-488B-9146-64EDFC67261B}.Debug|x86.Build.0 = Debug|Any CPU
		{7C310356-21A8-488B-9146-64EDFC67261B}.Release|Any CPU.ActiveCfg = Release|Any CPU
		{7C310356-21A8-488B-9146-64EDFC67261B}.Release|Any CPU.Build.0 = Release|Any CPU
		{7C310356-21A8-488B-9146-64EDFC67261B}.Release|ARM.ActiveCfg = Release|Any CPU
		{7C310356-21A8-488B-9146-64EDFC67261B}.Release|ARM.Build.0 = Release|Any CPU
		{7C310356-21A8-488B-9146-64EDFC67261B}.Release|iPhone.ActiveCfg = Release|Any CPU
		{7C310356-21A8-488B-9146-64EDFC67261B}.Release|iPhone.Build.0 = Release|Any CPU
		{7C310356-21A8-488B-9146-64EDFC67261B}.Release|iPhoneSimulator.ActiveCfg = Release|Any CPU
		{7C310356-21A8-488B-9146-64EDFC67261B}.Release|iPhoneSimulator.Build.0 = Release|Any CPU
		{7C310356-21A8-488B-9146-64EDFC67261B}.Release|x64.ActiveCfg = Release|Any CPU
		{7C310356-21A8-488B-9146-64EDFC67261B}.Release|x64.Build.0 = Release|Any CPU
		{7C310356-21A8-488B-9146-64EDFC67261B}.Release|x86.ActiveCfg = Release|Any CPU
		{7C310356-21A8-488B-9146-64EDFC67261B}.Release|x86.Build.0 = Release|Any CPU
	EndGlobalSection
	GlobalSection(SolutionProperties) = preSolution
		HideSolutionNode = FALSE
	EndGlobalSection
	GlobalSection(NestedProjects) = preSolution
		{677EFBD4-1565-4D5D-A022-C2A85078DB64} = {A2E19440-A0EE-429F-BACC-2CD88B722889}
		{A0D34F5F-80CA-40DD-BB01-1D2764C22610} = {A2E19440-A0EE-429F-BACC-2CD88B722889}
		{03BB74FC-AA9A-440D-9BA4-BE9A3259816D} = {A2E19440-A0EE-429F-BACC-2CD88B722889}
		{02E0B688-F85F-4C6F-A0BA-FB4D3291A68C} = {8D097836-73FE-425C-8D9D-A02B446DF9FE}
		{9439E435-9133-42B7-84E4-AFA960295588} = {1982F50A-7047-4605-98A4-0AD57A67C5BF}
		{F07DFB25-1914-4B0E-B435-4073ED65C58C} = {547A2212-9195-40DD-9261-E722634A1299}
		{7C310356-21A8-488B-9146-64EDFC67261B} = {547A2212-9195-40DD-9261-E722634A1299}
	EndGlobalSection
	GlobalSection(ExtensibilityGlobals) = postSolution
		SolutionGuid = {4FB27E44-8244-484F-A9DE-DFC02F1FB824}
	EndGlobalSection
EndGlobal
