
Microsoft Visual Studio Solution File, Format Version 12.00
# Visual Studio Version 16
VisualStudioVersion = 16.0.29521.150
MinimumVisualStudioVersion = 10.0.40219.1
Project("{FAE04EC0-301F-11D3-BF4B-00C04F79EFBC}") = "DataPortalPerf", "DataPortalPerf\DataPortalPerf.csproj", "{3B58910C-8748-417A-B5A8-040464515EF6}"
EndProject
Project("{D954291E-2A0B-460D-934E-DC6B0785DB48}") = "Csla.Shared", "..\..\Source\Csla.Shared\Csla.Shared.shproj", "{EDACD58E-B295-4F3E-A263-5BD89FA51270}"
EndProject
Project("{9A19103F-16F7-4668-BE54-9A1E7A4F7556}") = "Csla.NetStandard2.0", "..\..\Source\Csla.NetStandard2.0\Csla.NetStandard2.0.csproj", "{C10A614E-4151-45B5-8C85-CBAE00D5876C}"
EndProject
Global
	GlobalSection(SharedMSBuildProjectFiles) = preSolution
		..\..\Source\Csla.Shared\Csla.Shared.projitems*{edacd58e-b295-4f3e-a263-5bd89fa51270}*SharedItemsImports = 13
	EndGlobalSection
	GlobalSection(SolutionConfigurationPlatforms) = preSolution
		Debug|Any CPU = Debug|Any CPU
		Release|Any CPU = Release|Any CPU
	EndGlobalSection
	GlobalSection(ProjectConfigurationPlatforms) = postSolution
		{3B58910C-8748-417A-B5A8-040464515EF6}.Debug|Any CPU.ActiveCfg = Debug|Any CPU
		{3B58910C-8748-417A-B5A8-040464515EF6}.Debug|Any CPU.Build.0 = Debug|Any CPU
		{3B58910C-8748-417A-B5A8-040464515EF6}.Release|Any CPU.ActiveCfg = Release|Any CPU
		{3B58910C-8748-417A-B5A8-040464515EF6}.Release|Any CPU.Build.0 = Release|Any CPU
		{C10A614E-4151-45B5-8C85-CBAE00D5876C}.Debug|Any CPU.ActiveCfg = Debug|Any CPU
		{C10A614E-4151-45B5-8C85-CBAE00D5876C}.Debug|Any CPU.Build.0 = Debug|Any CPU
		{C10A614E-4151-45B5-8C85-CBAE00D5876C}.Release|Any CPU.ActiveCfg = Release|Any CPU
		{C10A614E-4151-45B5-8C85-CBAE00D5876C}.Release|Any CPU.Build.0 = Release|Any CPU
	EndGlobalSection
	GlobalSection(SolutionProperties) = preSolution
		HideSolutionNode = FALSE
	EndGlobalSection
	GlobalSection(ExtensibilityGlobals) = postSolution
		SolutionGuid = {9C37C145-B9E6-4B64-A376-E4DFDF429DEB}
	EndGlobalSection
EndGlobal
