
Microsoft Visual Studio Solution File, Format Version 11.00
# Visual Studio 2010
Project("{FAE04EC0-301F-11D3-BF4B-00C04F79EFBC}") = "CslaMvvmSl", "CslaMvvmSl\CslaMvvmSl.csproj", "{AD53FCB1-B7D9-430F-ABB7-E94E1AD56211}"
EndProject
Project("{FAE04EC0-301F-11D3-BF4B-00C04F79EFBC}") = "CslaMvvmSl.Web", "CslaMvvmSl.Web\CslaMvvmSl.Web.csproj", "{E48EBF32-7670-4C5D-9258-8203E773EDE2}"
EndProject
Project("{FAE04EC0-301F-11D3-BF4B-00C04F79EFBC}") = "Library", "Library\Library.csproj", "{FB263B17-0163-478E-B10E-1A27B63E7BCE}"
EndProject
Global
	GlobalSection(SolutionConfigurationPlatforms) = preSolution
		Debug|Any CPU = Debug|Any CPU
		Release|Any CPU = Release|Any CPU
	EndGlobalSection
	GlobalSection(ProjectConfigurationPlatforms) = postSolution
		{AD53FCB1-B7D9-430F-ABB7-E94E1AD56211}.Debug|Any CPU.ActiveCfg = Debug|Any CPU
		{AD53FCB1-B7D9-430F-ABB7-E94E1AD56211}.Debug|Any CPU.Build.0 = Debug|Any CPU
		{AD53FCB1-B7D9-430F-ABB7-E94E1AD56211}.Release|Any CPU.ActiveCfg = Release|Any CPU
		{AD53FCB1-B7D9-430F-ABB7-E94E1AD56211}.Release|Any CPU.Build.0 = Release|Any CPU
		{E48EBF32-7670-4C5D-9258-8203E773EDE2}.Debug|Any CPU.ActiveCfg = Debug|Any CPU
		{E48EBF32-7670-4C5D-9258-8203E773EDE2}.Debug|Any CPU.Build.0 = Debug|Any CPU
		{E48EBF32-7670-4C5D-9258-8203E773EDE2}.Release|Any CPU.ActiveCfg = Release|Any CPU
		{E48EBF32-7670-4C5D-9258-8203E773EDE2}.Release|Any CPU.Build.0 = Release|Any CPU
		{FB263B17-0163-478E-B10E-1A27B63E7BCE}.Debug|Any CPU.ActiveCfg = Debug|Any CPU
		{FB263B17-0163-478E-B10E-1A27B63E7BCE}.Debug|Any CPU.Build.0 = Debug|Any CPU
		{FB263B17-0163-478E-B10E-1A27B63E7BCE}.Release|Any CPU.ActiveCfg = Release|Any CPU
		{FB263B17-0163-478E-B10E-1A27B63E7BCE}.Release|Any CPU.Build.0 = Release|Any CPU
	EndGlobalSection
	GlobalSection(SolutionProperties) = preSolution
		HideSolutionNode = FALSE
	EndGlobalSection
EndGlobal
