Microsoft Visual Studio Solution File, Format Version 12.00
# Visual Studio 15
VisualStudioVersion = 15.0.26730.12
MinimumVisualStudioVersion = 10.0.40219.1
Project("{FAE04EC0-301F-11D3-BF4B-00C04F79EFBC}") = "WcfBfProxyHost", "WcfBfProxyHost\WcfBfProxyHost.csproj", "{A95FDAE7-0FEE-43EE-B758-CEBB43B248BB}"
EndProject
Project("{2150E333-8FDC-42A3-9474-1A3956D46DE8}") = "Solution Items", "Solution Items", "{4DE36B48-AAD2-4E62-AF67-8BC03DFF438F}"
	ProjectSection(SolutionItems) = preProject
		ErrorLog.txt = ErrorLog.txt
	EndProjectSection
EndProject
Global
	GlobalSection(SolutionConfigurationPlatforms) = preSolution
		Debug|Any CPU = Debug|Any CPU
		Release|Any CPU = Release|Any CPU
	EndGlobalSection
	GlobalSection(ProjectConfigurationPlatforms) = postSolution
		{A95FDAE7-0FEE-43EE-B758-CEBB43B248BB}.Debug|Any CPU.ActiveCfg = Debug|Any CPU
		{A95FDAE7-0FEE-43EE-B758-CEBB43B248BB}.Debug|Any CPU.Build.0 = Debug|Any CPU
		{A95FDAE7-0FEE-43EE-B758-CEBB43B248BB}.Release|Any CPU.ActiveCfg = Release|Any CPU
		{A95FDAE7-0FEE-43EE-B758-CEBB43B248BB}.Release|Any CPU.Build.0 = Release|Any CPU
	EndGlobalSection
	GlobalSection(SolutionProperties) = preSolution
		HideSolutionNode = FALSE
	EndGlobalSection
	GlobalSection(ExtensibilityGlobals) = postSolution
		SolutionGuid = {27A85E2D-A8DB-4B31-B56C-D1736B12B7B1}
	EndGlobalSection
EndGlobal
