
Microsoft Visual Studio Solution File, Format Version 12.00
# Visual Studio 14
VisualStudioVersion = 14.0.22823.1
MinimumVisualStudioVersion = 10.0.40219.1
Project("{2150E333-8FDC-42A3-9474-1A3956D46DE8}") = "Solution Items", "Solution Items", "{6EF5AC77-8D9D-45BC-B4B8-525D2AE6E0EE}"
	ProjectSection(SolutionItems) = preProject
		nuget.config = nuget.config
	EndProjectSection
EndProject
Project("{FAE04EC0-301F-11D3-BF4B-00C04F79EFBC}") = "WindowsUI", "WindowsUI\WindowsUI.csproj", "{FC859308-83C8-4DEF-A7BC-D497413C4F91}"
EndProject
Project("{FAE04EC0-301F-11D3-BF4B-00C04F79EFBC}") = "BusinessLibrary", "BusinessLibrary\BusinessLibrary.csproj", "{2D2E0AC6-863C-4C52-88D4-B9CC79D5845C}"
EndProject
Project("{FAE04EC0-301F-11D3-BF4B-00C04F79EFBC}") = "WcfHost", "WcfHost\WcfHost.csproj", "{73DA7B36-26F0-4269-A363-C0615244CA75}"
EndProject
Project("{FAE04EC0-301F-11D3-BF4B-00C04F79EFBC}") = "DataAccess", "DataAccess\DataAccess.csproj", "{018E510E-B943-447B-A60C-79165B438FA0}"
EndProject
Project("{FAE04EC0-301F-11D3-BF4B-00C04F79EFBC}") = "WpfUI", "WpfUI\WpfUI.csproj", "{D86B8954-D344-4550-937D-98D25FB4DA61}"
EndProject
Project("{FAE04EC0-301F-11D3-BF4B-00C04F79EFBC}") = "WinRTUI", "WinRTUI\WinRTUI.csproj", "{351C2574-1C2C-43F2-B138-1C57FE21ABCB}"
EndProject
Project("{FAE04EC0-301F-11D3-BF4B-00C04F79EFBC}") = "BusinessLibrary.WinRT", "BusinessLibrary.WinRT\BusinessLibrary.WinRT.csproj", "{EC071DE7-B1DE-4685-A9F4-908CE8977C5F}"
EndProject
Global
	GlobalSection(SolutionConfigurationPlatforms) = preSolution
		Debug|Any CPU = Debug|Any CPU
		Debug|ARM = Debug|ARM
		Debug|Mixed Platforms = Debug|Mixed Platforms
		Debug|x64 = Debug|x64
		Debug|x86 = Debug|x86
		Mono Debug|Any CPU = Mono Debug|Any CPU
		Mono Debug|ARM = Mono Debug|ARM
		Mono Debug|Mixed Platforms = Mono Debug|Mixed Platforms
		Mono Debug|x64 = Mono Debug|x64
		Mono Debug|x86 = Mono Debug|x86
		Mono Release|Any CPU = Mono Release|Any CPU
		Mono Release|ARM = Mono Release|ARM
		Mono Release|Mixed Platforms = Mono Release|Mixed Platforms
		Mono Release|x64 = Mono Release|x64
		Mono Release|x86 = Mono Release|x86
		Release|Any CPU = Release|Any CPU
		Release|ARM = Release|ARM
		Release|Mixed Platforms = Release|Mixed Platforms
		Release|x64 = Release|x64
		Release|x86 = Release|x86
		Testing|Any CPU = Testing|Any CPU
		Testing|ARM = Testing|ARM
		Testing|Mixed Platforms = Testing|Mixed Platforms
		Testing|x64 = Testing|x64
		Testing|x86 = Testing|x86
	EndGlobalSection
	GlobalSection(ProjectConfigurationPlatforms) = postSolution
		{FC859308-83C8-4DEF-A7BC-D497413C4F91}.Debug|Any CPU.ActiveCfg = Debug|Any CPU
		{FC859308-83C8-4DEF-A7BC-D497413C4F91}.Debug|Any CPU.Build.0 = Debug|Any CPU
		{FC859308-83C8-4DEF-A7BC-D497413C4F91}.Debug|ARM.ActiveCfg = Debug|Any CPU
		{FC859308-83C8-4DEF-A7BC-D497413C4F91}.Debug|Mixed Platforms.ActiveCfg = Debug|Any CPU
		{FC859308-83C8-4DEF-A7BC-D497413C4F91}.Debug|Mixed Platforms.Build.0 = Debug|Any CPU
		{FC859308-83C8-4DEF-A7BC-D497413C4F91}.Debug|x64.ActiveCfg = Debug|Any CPU
		{FC859308-83C8-4DEF-A7BC-D497413C4F91}.Debug|x86.ActiveCfg = Debug|Any CPU
		{FC859308-83C8-4DEF-A7BC-D497413C4F91}.Mono Debug|Any CPU.ActiveCfg = Debug|Any CPU
		{FC859308-83C8-4DEF-A7BC-D497413C4F91}.Mono Debug|Any CPU.Build.0 = Debug|Any CPU
		{FC859308-83C8-4DEF-A7BC-D497413C4F91}.Mono Debug|ARM.ActiveCfg = Debug|Any CPU
		{FC859308-83C8-4DEF-A7BC-D497413C4F91}.Mono Debug|Mixed Platforms.ActiveCfg = Debug|Any CPU
		{FC859308-83C8-4DEF-A7BC-D497413C4F91}.Mono Debug|Mixed Platforms.Build.0 = Debug|Any CPU
		{FC859308-83C8-4DEF-A7BC-D497413C4F91}.Mono Debug|x64.ActiveCfg = Debug|Any CPU
		{FC859308-83C8-4DEF-A7BC-D497413C4F91}.Mono Debug|x86.ActiveCfg = Debug|Any CPU
		{FC859308-83C8-4DEF-A7BC-D497413C4F91}.Mono Release|Any CPU.ActiveCfg = Release|Any CPU
		{FC859308-83C8-4DEF-A7BC-D497413C4F91}.Mono Release|Any CPU.Build.0 = Release|Any CPU
		{FC859308-83C8-4DEF-A7BC-D497413C4F91}.Mono Release|ARM.ActiveCfg = Release|Any CPU
		{FC859308-83C8-4DEF-A7BC-D497413C4F91}.Mono Release|Mixed Platforms.ActiveCfg = Release|Any CPU
		{FC859308-83C8-4DEF-A7BC-D497413C4F91}.Mono Release|Mixed Platforms.Build.0 = Release|Any CPU
		{FC859308-83C8-4DEF-A7BC-D497413C4F91}.Mono Release|x64.ActiveCfg = Release|Any CPU
		{FC859308-83C8-4DEF-A7BC-D497413C4F91}.Mono Release|x86.ActiveCfg = Release|Any CPU
		{FC859308-83C8-4DEF-A7BC-D497413C4F91}.Release|Any CPU.ActiveCfg = Release|Any CPU
		{FC859308-83C8-4DEF-A7BC-D497413C4F91}.Release|Any CPU.Build.0 = Release|Any CPU
		{FC859308-83C8-4DEF-A7BC-D497413C4F91}.Release|ARM.ActiveCfg = Release|Any CPU
		{FC859308-83C8-4DEF-A7BC-D497413C4F91}.Release|Mixed Platforms.ActiveCfg = Release|Any CPU
		{FC859308-83C8-4DEF-A7BC-D497413C4F91}.Release|Mixed Platforms.Build.0 = Release|Any CPU
		{FC859308-83C8-4DEF-A7BC-D497413C4F91}.Release|x64.ActiveCfg = Release|Any CPU
		{FC859308-83C8-4DEF-A7BC-D497413C4F91}.Release|x86.ActiveCfg = Release|Any CPU
		{FC859308-83C8-4DEF-A7BC-D497413C4F91}.Testing|Any CPU.ActiveCfg = Release|Any CPU
		{FC859308-83C8-4DEF-A7BC-D497413C4F91}.Testing|Any CPU.Build.0 = Release|Any CPU
		{FC859308-83C8-4DEF-A7BC-D497413C4F91}.Testing|ARM.ActiveCfg = Release|Any CPU
		{FC859308-83C8-4DEF-A7BC-D497413C4F91}.Testing|Mixed Platforms.ActiveCfg = Release|Any CPU
		{FC859308-83C8-4DEF-A7BC-D497413C4F91}.Testing|Mixed Platforms.Build.0 = Release|Any CPU
		{FC859308-83C8-4DEF-A7BC-D497413C4F91}.Testing|x64.ActiveCfg = Release|Any CPU
		{FC859308-83C8-4DEF-A7BC-D497413C4F91}.Testing|x86.ActiveCfg = Release|Any CPU
		{2D2E0AC6-863C-4C52-88D4-B9CC79D5845C}.Debug|Any CPU.ActiveCfg = Debug|Any CPU
		{2D2E0AC6-863C-4C52-88D4-B9CC79D5845C}.Debug|Any CPU.Build.0 = Debug|Any CPU
		{2D2E0AC6-863C-4C52-88D4-B9CC79D5845C}.Debug|ARM.ActiveCfg = Debug|Any CPU
		{2D2E0AC6-863C-4C52-88D4-B9CC79D5845C}.Debug|Mixed Platforms.ActiveCfg = Debug|Any CPU
		{2D2E0AC6-863C-4C52-88D4-B9CC79D5845C}.Debug|Mixed Platforms.Build.0 = Debug|Any CPU
		{2D2E0AC6-863C-4C52-88D4-B9CC79D5845C}.Debug|x64.ActiveCfg = Debug|Any CPU
		{2D2E0AC6-863C-4C52-88D4-B9CC79D5845C}.Debug|x86.ActiveCfg = Debug|Any CPU
		{2D2E0AC6-863C-4C52-88D4-B9CC79D5845C}.Mono Debug|Any CPU.ActiveCfg = Debug|Any CPU
		{2D2E0AC6-863C-4C52-88D4-B9CC79D5845C}.Mono Debug|Any CPU.Build.0 = Debug|Any CPU
		{2D2E0AC6-863C-4C52-88D4-B9CC79D5845C}.Mono Debug|ARM.ActiveCfg = Debug|Any CPU
		{2D2E0AC6-863C-4C52-88D4-B9CC79D5845C}.Mono Debug|Mixed Platforms.ActiveCfg = Debug|Any CPU
		{2D2E0AC6-863C-4C52-88D4-B9CC79D5845C}.Mono Debug|Mixed Platforms.Build.0 = Debug|Any CPU
		{2D2E0AC6-863C-4C52-88D4-B9CC79D5845C}.Mono Debug|x64.ActiveCfg = Debug|Any CPU
		{2D2E0AC6-863C-4C52-88D4-B9CC79D5845C}.Mono Debug|x86.ActiveCfg = Debug|Any CPU
		{2D2E0AC6-863C-4C52-88D4-B9CC79D5845C}.Mono Release|Any CPU.ActiveCfg = Release|Any CPU
		{2D2E0AC6-863C-4C52-88D4-B9CC79D5845C}.Mono Release|Any CPU.Build.0 = Release|Any CPU
		{2D2E0AC6-863C-4C52-88D4-B9CC79D5845C}.Mono Release|ARM.ActiveCfg = Release|Any CPU
		{2D2E0AC6-863C-4C52-88D4-B9CC79D5845C}.Mono Release|Mixed Platforms.ActiveCfg = Release|Any CPU
		{2D2E0AC6-863C-4C52-88D4-B9CC79D5845C}.Mono Release|Mixed Platforms.Build.0 = Release|Any CPU
		{2D2E0AC6-863C-4C52-88D4-B9CC79D5845C}.Mono Release|x64.ActiveCfg = Release|Any CPU
		{2D2E0AC6-863C-4C52-88D4-B9CC79D5845C}.Mono Release|x86.ActiveCfg = Release|Any CPU
		{2D2E0AC6-863C-4C52-88D4-B9CC79D5845C}.Release|Any CPU.ActiveCfg = Release|Any CPU
		{2D2E0AC6-863C-4C52-88D4-B9CC79D5845C}.Release|Any CPU.Build.0 = Release|Any CPU
		{2D2E0AC6-863C-4C52-88D4-B9CC79D5845C}.Release|ARM.ActiveCfg = Release|Any CPU
		{2D2E0AC6-863C-4C52-88D4-B9CC79D5845C}.Release|Mixed Platforms.ActiveCfg = Release|Any CPU
		{2D2E0AC6-863C-4C52-88D4-B9CC79D5845C}.Release|Mixed Platforms.Build.0 = Release|Any CPU
		{2D2E0AC6-863C-4C52-88D4-B9CC79D5845C}.Release|x64.ActiveCfg = Release|Any CPU
		{2D2E0AC6-863C-4C52-88D4-B9CC79D5845C}.Release|x86.ActiveCfg = Release|Any CPU
		{2D2E0AC6-863C-4C52-88D4-B9CC79D5845C}.Testing|Any CPU.ActiveCfg = Release|Any CPU
		{2D2E0AC6-863C-4C52-88D4-B9CC79D5845C}.Testing|Any CPU.Build.0 = Release|Any CPU
		{2D2E0AC6-863C-4C52-88D4-B9CC79D5845C}.Testing|ARM.ActiveCfg = Release|Any CPU
		{2D2E0AC6-863C-4C52-88D4-B9CC79D5845C}.Testing|Mixed Platforms.ActiveCfg = Release|Any CPU
		{2D2E0AC6-863C-4C52-88D4-B9CC79D5845C}.Testing|Mixed Platforms.Build.0 = Release|Any CPU
		{2D2E0AC6-863C-4C52-88D4-B9CC79D5845C}.Testing|x64.ActiveCfg = Release|Any CPU
		{2D2E0AC6-863C-4C52-88D4-B9CC79D5845C}.Testing|x86.ActiveCfg = Release|Any CPU
		{73DA7B36-26F0-4269-A363-C0615244CA75}.Debug|Any CPU.ActiveCfg = Debug|Any CPU
		{73DA7B36-26F0-4269-A363-C0615244CA75}.Debug|Any CPU.Build.0 = Debug|Any CPU
		{73DA7B36-26F0-4269-A363-C0615244CA75}.Debug|ARM.ActiveCfg = Debug|Any CPU
		{73DA7B36-26F0-4269-A363-C0615244CA75}.Debug|Mixed Platforms.ActiveCfg = Debug|Any CPU
		{73DA7B36-26F0-4269-A363-C0615244CA75}.Debug|Mixed Platforms.Build.0 = Debug|Any CPU
		{73DA7B36-26F0-4269-A363-C0615244CA75}.Debug|x64.ActiveCfg = Debug|Any CPU
		{73DA7B36-26F0-4269-A363-C0615244CA75}.Debug|x86.ActiveCfg = Debug|Any CPU
		{73DA7B36-26F0-4269-A363-C0615244CA75}.Mono Debug|Any CPU.ActiveCfg = Debug|Any CPU
		{73DA7B36-26F0-4269-A363-C0615244CA75}.Mono Debug|Any CPU.Build.0 = Debug|Any CPU
		{73DA7B36-26F0-4269-A363-C0615244CA75}.Mono Debug|ARM.ActiveCfg = Debug|Any CPU
		{73DA7B36-26F0-4269-A363-C0615244CA75}.Mono Debug|Mixed Platforms.ActiveCfg = Debug|Any CPU
		{73DA7B36-26F0-4269-A363-C0615244CA75}.Mono Debug|Mixed Platforms.Build.0 = Debug|Any CPU
		{73DA7B36-26F0-4269-A363-C0615244CA75}.Mono Debug|x64.ActiveCfg = Debug|Any CPU
		{73DA7B36-26F0-4269-A363-C0615244CA75}.Mono Debug|x86.ActiveCfg = Debug|Any CPU
		{73DA7B36-26F0-4269-A363-C0615244CA75}.Mono Release|Any CPU.ActiveCfg = Release|Any CPU
		{73DA7B36-26F0-4269-A363-C0615244CA75}.Mono Release|Any CPU.Build.0 = Release|Any CPU
		{73DA7B36-26F0-4269-A363-C0615244CA75}.Mono Release|ARM.ActiveCfg = Release|Any CPU
		{73DA7B36-26F0-4269-A363-C0615244CA75}.Mono Release|Mixed Platforms.ActiveCfg = Release|Any CPU
		{73DA7B36-26F0-4269-A363-C0615244CA75}.Mono Release|Mixed Platforms.Build.0 = Release|Any CPU
		{73DA7B36-26F0-4269-A363-C0615244CA75}.Mono Release|x64.ActiveCfg = Release|Any CPU
		{73DA7B36-26F0-4269-A363-C0615244CA75}.Mono Release|x86.ActiveCfg = Release|Any CPU
		{73DA7B36-26F0-4269-A363-C0615244CA75}.Release|Any CPU.ActiveCfg = Release|Any CPU
		{73DA7B36-26F0-4269-A363-C0615244CA75}.Release|Any CPU.Build.0 = Release|Any CPU
		{73DA7B36-26F0-4269-A363-C0615244CA75}.Release|ARM.ActiveCfg = Release|Any CPU
		{73DA7B36-26F0-4269-A363-C0615244CA75}.Release|Mixed Platforms.ActiveCfg = Release|Any CPU
		{73DA7B36-26F0-4269-A363-C0615244CA75}.Release|Mixed Platforms.Build.0 = Release|Any CPU
		{73DA7B36-26F0-4269-A363-C0615244CA75}.Release|x64.ActiveCfg = Release|Any CPU
		{73DA7B36-26F0-4269-A363-C0615244CA75}.Release|x86.ActiveCfg = Release|Any CPU
		{73DA7B36-26F0-4269-A363-C0615244CA75}.Testing|Any CPU.ActiveCfg = Release|Any CPU
		{73DA7B36-26F0-4269-A363-C0615244CA75}.Testing|Any CPU.Build.0 = Release|Any CPU
		{73DA7B36-26F0-4269-A363-C0615244CA75}.Testing|ARM.ActiveCfg = Release|Any CPU
		{73DA7B36-26F0-4269-A363-C0615244CA75}.Testing|Mixed Platforms.ActiveCfg = Release|Any CPU
		{73DA7B36-26F0-4269-A363-C0615244CA75}.Testing|Mixed Platforms.Build.0 = Release|Any CPU
		{73DA7B36-26F0-4269-A363-C0615244CA75}.Testing|x64.ActiveCfg = Release|Any CPU
		{73DA7B36-26F0-4269-A363-C0615244CA75}.Testing|x86.ActiveCfg = Release|Any CPU
		{018E510E-B943-447B-A60C-79165B438FA0}.Debug|Any CPU.ActiveCfg = Debug|Any CPU
		{018E510E-B943-447B-A60C-79165B438FA0}.Debug|Any CPU.Build.0 = Debug|Any CPU
		{018E510E-B943-447B-A60C-79165B438FA0}.Debug|ARM.ActiveCfg = Debug|Any CPU
		{018E510E-B943-447B-A60C-79165B438FA0}.Debug|Mixed Platforms.ActiveCfg = Debug|Any CPU
		{018E510E-B943-447B-A60C-79165B438FA0}.Debug|Mixed Platforms.Build.0 = Debug|Any CPU
		{018E510E-B943-447B-A60C-79165B438FA0}.Debug|x64.ActiveCfg = Debug|Any CPU
		{018E510E-B943-447B-A60C-79165B438FA0}.Debug|x86.ActiveCfg = Debug|Any CPU
		{018E510E-B943-447B-A60C-79165B438FA0}.Mono Debug|Any CPU.ActiveCfg = Debug|Any CPU
		{018E510E-B943-447B-A60C-79165B438FA0}.Mono Debug|Any CPU.Build.0 = Debug|Any CPU
		{018E510E-B943-447B-A60C-79165B438FA0}.Mono Debug|ARM.ActiveCfg = Debug|Any CPU
		{018E510E-B943-447B-A60C-79165B438FA0}.Mono Debug|Mixed Platforms.ActiveCfg = Debug|Any CPU
		{018E510E-B943-447B-A60C-79165B438FA0}.Mono Debug|Mixed Platforms.Build.0 = Debug|Any CPU
		{018E510E-B943-447B-A60C-79165B438FA0}.Mono Debug|x64.ActiveCfg = Debug|Any CPU
		{018E510E-B943-447B-A60C-79165B438FA0}.Mono Debug|x86.ActiveCfg = Debug|Any CPU
		{018E510E-B943-447B-A60C-79165B438FA0}.Mono Release|Any CPU.ActiveCfg = Release|Any CPU
		{018E510E-B943-447B-A60C-79165B438FA0}.Mono Release|Any CPU.Build.0 = Release|Any CPU
		{018E510E-B943-447B-A60C-79165B438FA0}.Mono Release|ARM.ActiveCfg = Release|Any CPU
		{018E510E-B943-447B-A60C-79165B438FA0}.Mono Release|Mixed Platforms.ActiveCfg = Release|Any CPU
		{018E510E-B943-447B-A60C-79165B438FA0}.Mono Release|Mixed Platforms.Build.0 = Release|Any CPU
		{018E510E-B943-447B-A60C-79165B438FA0}.Mono Release|x64.ActiveCfg = Release|Any CPU
		{018E510E-B943-447B-A60C-79165B438FA0}.Mono Release|x86.ActiveCfg = Release|Any CPU
		{018E510E-B943-447B-A60C-79165B438FA0}.Release|Any CPU.ActiveCfg = Release|Any CPU
		{018E510E-B943-447B-A60C-79165B438FA0}.Release|Any CPU.Build.0 = Release|Any CPU
		{018E510E-B943-447B-A60C-79165B438FA0}.Release|ARM.ActiveCfg = Release|Any CPU
		{018E510E-B943-447B-A60C-79165B438FA0}.Release|Mixed Platforms.ActiveCfg = Release|Any CPU
		{018E510E-B943-447B-A60C-79165B438FA0}.Release|Mixed Platforms.Build.0 = Release|Any CPU
		{018E510E-B943-447B-A60C-79165B438FA0}.Release|x64.ActiveCfg = Release|Any CPU
		{018E510E-B943-447B-A60C-79165B438FA0}.Release|x86.ActiveCfg = Release|Any CPU
		{018E510E-B943-447B-A60C-79165B438FA0}.Testing|Any CPU.ActiveCfg = Release|Any CPU
		{018E510E-B943-447B-A60C-79165B438FA0}.Testing|Any CPU.Build.0 = Release|Any CPU
		{018E510E-B943-447B-A60C-79165B438FA0}.Testing|ARM.ActiveCfg = Release|Any CPU
		{018E510E-B943-447B-A60C-79165B438FA0}.Testing|Mixed Platforms.ActiveCfg = Release|Any CPU
		{018E510E-B943-447B-A60C-79165B438FA0}.Testing|Mixed Platforms.Build.0 = Release|Any CPU
		{018E510E-B943-447B-A60C-79165B438FA0}.Testing|x64.ActiveCfg = Release|Any CPU
		{018E510E-B943-447B-A60C-79165B438FA0}.Testing|x86.ActiveCfg = Release|Any CPU
		{D86B8954-D344-4550-937D-98D25FB4DA61}.Debug|Any CPU.ActiveCfg = Debug|x86
		{D86B8954-D344-4550-937D-98D25FB4DA61}.Debug|ARM.ActiveCfg = Debug|x86
		{D86B8954-D344-4550-937D-98D25FB4DA61}.Debug|Mixed Platforms.ActiveCfg = Debug|x86
		{D86B8954-D344-4550-937D-98D25FB4DA61}.Debug|Mixed Platforms.Build.0 = Debug|x86
		{D86B8954-D344-4550-937D-98D25FB4DA61}.Debug|x64.ActiveCfg = Debug|x86
		{D86B8954-D344-4550-937D-98D25FB4DA61}.Debug|x86.ActiveCfg = Debug|x86
		{D86B8954-D344-4550-937D-98D25FB4DA61}.Debug|x86.Build.0 = Debug|x86
		{D86B8954-D344-4550-937D-98D25FB4DA61}.Mono Debug|Any CPU.ActiveCfg = Debug|x86
		{D86B8954-D344-4550-937D-98D25FB4DA61}.Mono Debug|ARM.ActiveCfg = Debug|x86
		{D86B8954-D344-4550-937D-98D25FB4DA61}.Mono Debug|Mixed Platforms.ActiveCfg = Debug|x86
		{D86B8954-D344-4550-937D-98D25FB4DA61}.Mono Debug|Mixed Platforms.Build.0 = Debug|x86
		{D86B8954-D344-4550-937D-98D25FB4DA61}.Mono Debug|x64.ActiveCfg = Debug|x86
		{D86B8954-D344-4550-937D-98D25FB4DA61}.Mono Debug|x86.ActiveCfg = Debug|x86
		{D86B8954-D344-4550-937D-98D25FB4DA61}.Mono Debug|x86.Build.0 = Debug|x86
		{D86B8954-D344-4550-937D-98D25FB4DA61}.Mono Release|Any CPU.ActiveCfg = Release|x86
		{D86B8954-D344-4550-937D-98D25FB4DA61}.Mono Release|ARM.ActiveCfg = Release|x86
		{D86B8954-D344-4550-937D-98D25FB4DA61}.Mono Release|Mixed Platforms.ActiveCfg = Release|x86
		{D86B8954-D344-4550-937D-98D25FB4DA61}.Mono Release|Mixed Platforms.Build.0 = Release|x86
		{D86B8954-D344-4550-937D-98D25FB4DA61}.Mono Release|x64.ActiveCfg = Release|x86
		{D86B8954-D344-4550-937D-98D25FB4DA61}.Mono Release|x86.ActiveCfg = Release|x86
		{D86B8954-D344-4550-937D-98D25FB4DA61}.Mono Release|x86.Build.0 = Release|x86
		{D86B8954-D344-4550-937D-98D25FB4DA61}.Release|Any CPU.ActiveCfg = Release|x86
		{D86B8954-D344-4550-937D-98D25FB4DA61}.Release|ARM.ActiveCfg = Release|x86
		{D86B8954-D344-4550-937D-98D25FB4DA61}.Release|Mixed Platforms.ActiveCfg = Release|x86
		{D86B8954-D344-4550-937D-98D25FB4DA61}.Release|Mixed Platforms.Build.0 = Release|x86
		{D86B8954-D344-4550-937D-98D25FB4DA61}.Release|x64.ActiveCfg = Release|x86
		{D86B8954-D344-4550-937D-98D25FB4DA61}.Release|x86.ActiveCfg = Release|x86
		{D86B8954-D344-4550-937D-98D25FB4DA61}.Release|x86.Build.0 = Release|x86
		{D86B8954-D344-4550-937D-98D25FB4DA61}.Testing|Any CPU.ActiveCfg = Release|x86
		{D86B8954-D344-4550-937D-98D25FB4DA61}.Testing|ARM.ActiveCfg = Release|x86
		{D86B8954-D344-4550-937D-98D25FB4DA61}.Testing|Mixed Platforms.ActiveCfg = Release|x86
		{D86B8954-D344-4550-937D-98D25FB4DA61}.Testing|Mixed Platforms.Build.0 = Release|x86
		{D86B8954-D344-4550-937D-98D25FB4DA61}.Testing|x64.ActiveCfg = Release|x86
		{D86B8954-D344-4550-937D-98D25FB4DA61}.Testing|x86.ActiveCfg = Release|x86
		{D86B8954-D344-4550-937D-98D25FB4DA61}.Testing|x86.Build.0 = Release|x86
		{351C2574-1C2C-43F2-B138-1C57FE21ABCB}.Debug|Any CPU.ActiveCfg = Debug|Any CPU
		{351C2574-1C2C-43F2-B138-1C57FE21ABCB}.Debug|Any CPU.Build.0 = Debug|Any CPU
		{351C2574-1C2C-43F2-B138-1C57FE21ABCB}.Debug|Any CPU.Deploy.0 = Debug|Any CPU
		{351C2574-1C2C-43F2-B138-1C57FE21ABCB}.Debug|ARM.ActiveCfg = Debug|ARM
		{351C2574-1C2C-43F2-B138-1C57FE21ABCB}.Debug|ARM.Build.0 = Debug|ARM
		{351C2574-1C2C-43F2-B138-1C57FE21ABCB}.Debug|ARM.Deploy.0 = Debug|ARM
		{351C2574-1C2C-43F2-B138-1C57FE21ABCB}.Debug|Mixed Platforms.ActiveCfg = Debug|x86
		{351C2574-1C2C-43F2-B138-1C57FE21ABCB}.Debug|Mixed Platforms.Build.0 = Debug|x86
		{351C2574-1C2C-43F2-B138-1C57FE21ABCB}.Debug|Mixed Platforms.Deploy.0 = Debug|x86
		{351C2574-1C2C-43F2-B138-1C57FE21ABCB}.Debug|x64.ActiveCfg = Debug|x64
		{351C2574-1C2C-43F2-B138-1C57FE21ABCB}.Debug|x64.Build.0 = Debug|x64
		{351C2574-1C2C-43F2-B138-1C57FE21ABCB}.Debug|x64.Deploy.0 = Debug|x64
		{351C2574-1C2C-43F2-B138-1C57FE21ABCB}.Debug|x86.ActiveCfg = Debug|x86
		{351C2574-1C2C-43F2-B138-1C57FE21ABCB}.Debug|x86.Build.0 = Debug|x86
		{351C2574-1C2C-43F2-B138-1C57FE21ABCB}.Debug|x86.Deploy.0 = Debug|x86
		{351C2574-1C2C-43F2-B138-1C57FE21ABCB}.Mono Debug|Any CPU.ActiveCfg = Debug|Any CPU
		{351C2574-1C2C-43F2-B138-1C57FE21ABCB}.Mono Debug|Any CPU.Build.0 = Debug|Any CPU
		{351C2574-1C2C-43F2-B138-1C57FE21ABCB}.Mono Debug|Any CPU.Deploy.0 = Debug|Any CPU
		{351C2574-1C2C-43F2-B138-1C57FE21ABCB}.Mono Debug|ARM.ActiveCfg = Debug|ARM
		{351C2574-1C2C-43F2-B138-1C57FE21ABCB}.Mono Debug|ARM.Build.0 = Debug|ARM
		{351C2574-1C2C-43F2-B138-1C57FE21ABCB}.Mono Debug|ARM.Deploy.0 = Debug|ARM
		{351C2574-1C2C-43F2-B138-1C57FE21ABCB}.Mono Debug|Mixed Platforms.ActiveCfg = Debug|x86
		{351C2574-1C2C-43F2-B138-1C57FE21ABCB}.Mono Debug|Mixed Platforms.Build.0 = Debug|x86
		{351C2574-1C2C-43F2-B138-1C57FE21ABCB}.Mono Debug|Mixed Platforms.Deploy.0 = Debug|x86
		{351C2574-1C2C-43F2-B138-1C57FE21ABCB}.Mono Debug|x64.ActiveCfg = Debug|x64
		{351C2574-1C2C-43F2-B138-1C57FE21ABCB}.Mono Debug|x64.Build.0 = Debug|x64
		{351C2574-1C2C-43F2-B138-1C57FE21ABCB}.Mono Debug|x64.Deploy.0 = Debug|x64
		{351C2574-1C2C-43F2-B138-1C57FE21ABCB}.Mono Debug|x86.ActiveCfg = Debug|x86
		{351C2574-1C2C-43F2-B138-1C57FE21ABCB}.Mono Debug|x86.Build.0 = Debug|x86
		{351C2574-1C2C-43F2-B138-1C57FE21ABCB}.Mono Debug|x86.Deploy.0 = Debug|x86
		{351C2574-1C2C-43F2-B138-1C57FE21ABCB}.Mono Release|Any CPU.ActiveCfg = Release|Any CPU
		{351C2574-1C2C-43F2-B138-1C57FE21ABCB}.Mono Release|Any CPU.Build.0 = Release|Any CPU
		{351C2574-1C2C-43F2-B138-1C57FE21ABCB}.Mono Release|Any CPU.Deploy.0 = Release|Any CPU
		{351C2574-1C2C-43F2-B138-1C57FE21ABCB}.Mono Release|ARM.ActiveCfg = Release|ARM
		{351C2574-1C2C-43F2-B138-1C57FE21ABCB}.Mono Release|ARM.Build.0 = Release|ARM
		{351C2574-1C2C-43F2-B138-1C57FE21ABCB}.Mono Release|ARM.Deploy.0 = Release|ARM
		{351C2574-1C2C-43F2-B138-1C57FE21ABCB}.Mono Release|Mixed Platforms.ActiveCfg = Release|x86
		{351C2574-1C2C-43F2-B138-1C57FE21ABCB}.Mono Release|Mixed Platforms.Build.0 = Release|x86
		{351C2574-1C2C-43F2-B138-1C57FE21ABCB}.Mono Release|Mixed Platforms.Deploy.0 = Release|x86
		{351C2574-1C2C-43F2-B138-1C57FE21ABCB}.Mono Release|x64.ActiveCfg = Release|x64
		{351C2574-1C2C-43F2-B138-1C57FE21ABCB}.Mono Release|x64.Build.0 = Release|x64
		{351C2574-1C2C-43F2-B138-1C57FE21ABCB}.Mono Release|x64.Deploy.0 = Release|x64
		{351C2574-1C2C-43F2-B138-1C57FE21ABCB}.Mono Release|x86.ActiveCfg = Release|x86
		{351C2574-1C2C-43F2-B138-1C57FE21ABCB}.Mono Release|x86.Build.0 = Release|x86
		{351C2574-1C2C-43F2-B138-1C57FE21ABCB}.Mono Release|x86.Deploy.0 = Release|x86
		{351C2574-1C2C-43F2-B138-1C57FE21ABCB}.Release|Any CPU.ActiveCfg = Release|Any CPU
		{351C2574-1C2C-43F2-B138-1C57FE21ABCB}.Release|Any CPU.Build.0 = Release|Any CPU
		{351C2574-1C2C-43F2-B138-1C57FE21ABCB}.Release|Any CPU.Deploy.0 = Release|Any CPU
		{351C2574-1C2C-43F2-B138-1C57FE21ABCB}.Release|ARM.ActiveCfg = Release|ARM
		{351C2574-1C2C-43F2-B138-1C57FE21ABCB}.Release|ARM.Build.0 = Release|ARM
		{351C2574-1C2C-43F2-B138-1C57FE21ABCB}.Release|ARM.Deploy.0 = Release|ARM
		{351C2574-1C2C-43F2-B138-1C57FE21ABCB}.Release|Mixed Platforms.ActiveCfg = Release|x86
		{351C2574-1C2C-43F2-B138-1C57FE21ABCB}.Release|Mixed Platforms.Build.0 = Release|x86
		{351C2574-1C2C-43F2-B138-1C57FE21ABCB}.Release|Mixed Platforms.Deploy.0 = Release|x86
		{351C2574-1C2C-43F2-B138-1C57FE21ABCB}.Release|x64.ActiveCfg = Release|x64
		{351C2574-1C2C-43F2-B138-1C57FE21ABCB}.Release|x64.Build.0 = Release|x64
		{351C2574-1C2C-43F2-B138-1C57FE21ABCB}.Release|x64.Deploy.0 = Release|x64
		{351C2574-1C2C-43F2-B138-1C57FE21ABCB}.Release|x86.ActiveCfg = Release|x86
		{351C2574-1C2C-43F2-B138-1C57FE21ABCB}.Release|x86.Build.0 = Release|x86
		{351C2574-1C2C-43F2-B138-1C57FE21ABCB}.Release|x86.Deploy.0 = Release|x86
		{351C2574-1C2C-43F2-B138-1C57FE21ABCB}.Testing|Any CPU.ActiveCfg = Release|Any CPU
		{351C2574-1C2C-43F2-B138-1C57FE21ABCB}.Testing|Any CPU.Build.0 = Release|Any CPU
		{351C2574-1C2C-43F2-B138-1C57FE21ABCB}.Testing|Any CPU.Deploy.0 = Release|Any CPU
		{351C2574-1C2C-43F2-B138-1C57FE21ABCB}.Testing|ARM.ActiveCfg = Release|ARM
		{351C2574-1C2C-43F2-B138-1C57FE21ABCB}.Testing|ARM.Build.0 = Release|ARM
		{351C2574-1C2C-43F2-B138-1C57FE21ABCB}.Testing|ARM.Deploy.0 = Release|ARM
		{351C2574-1C2C-43F2-B138-1C57FE21ABCB}.Testing|Mixed Platforms.ActiveCfg = Release|x86
		{351C2574-1C2C-43F2-B138-1C57FE21ABCB}.Testing|Mixed Platforms.Build.0 = Release|x86
		{351C2574-1C2C-43F2-B138-1C57FE21ABCB}.Testing|Mixed Platforms.Deploy.0 = Release|x86
		{351C2574-1C2C-43F2-B138-1C57FE21ABCB}.Testing|x64.ActiveCfg = Release|x64
		{351C2574-1C2C-43F2-B138-1C57FE21ABCB}.Testing|x64.Build.0 = Release|x64
		{351C2574-1C2C-43F2-B138-1C57FE21ABCB}.Testing|x64.Deploy.0 = Release|x64
		{351C2574-1C2C-43F2-B138-1C57FE21ABCB}.Testing|x86.ActiveCfg = Release|x86
		{351C2574-1C2C-43F2-B138-1C57FE21ABCB}.Testing|x86.Build.0 = Release|x86
		{351C2574-1C2C-43F2-B138-1C57FE21ABCB}.Testing|x86.Deploy.0 = Release|x86
		{EC071DE7-B1DE-4685-A9F4-908CE8977C5F}.Debug|Any CPU.ActiveCfg = Debug|Any CPU
		{EC071DE7-B1DE-4685-A9F4-908CE8977C5F}.Debug|Any CPU.Build.0 = Debug|Any CPU
		{EC071DE7-B1DE-4685-A9F4-908CE8977C5F}.Debug|ARM.ActiveCfg = Debug|ARM
		{EC071DE7-B1DE-4685-A9F4-908CE8977C5F}.Debug|ARM.Build.0 = Debug|ARM
		{EC071DE7-B1DE-4685-A9F4-908CE8977C5F}.Debug|Mixed Platforms.ActiveCfg = Debug|x86
		{EC071DE7-B1DE-4685-A9F4-908CE8977C5F}.Debug|Mixed Platforms.Build.0 = Debug|x86
		{EC071DE7-B1DE-4685-A9F4-908CE8977C5F}.Debug|x64.ActiveCfg = Debug|x64
		{EC071DE7-B1DE-4685-A9F4-908CE8977C5F}.Debug|x64.Build.0 = Debug|x64
		{EC071DE7-B1DE-4685-A9F4-908CE8977C5F}.Debug|x86.ActiveCfg = Debug|x86
		{EC071DE7-B1DE-4685-A9F4-908CE8977C5F}.Debug|x86.Build.0 = Debug|x86
		{EC071DE7-B1DE-4685-A9F4-908CE8977C5F}.Mono Debug|Any CPU.ActiveCfg = Debug|Any CPU
		{EC071DE7-B1DE-4685-A9F4-908CE8977C5F}.Mono Debug|Any CPU.Build.0 = Debug|Any CPU
		{EC071DE7-B1DE-4685-A9F4-908CE8977C5F}.Mono Debug|ARM.ActiveCfg = Debug|ARM
		{EC071DE7-B1DE-4685-A9F4-908CE8977C5F}.Mono Debug|ARM.Build.0 = Debug|ARM
		{EC071DE7-B1DE-4685-A9F4-908CE8977C5F}.Mono Debug|Mixed Platforms.ActiveCfg = Debug|x86
		{EC071DE7-B1DE-4685-A9F4-908CE8977C5F}.Mono Debug|Mixed Platforms.Build.0 = Debug|x86
		{EC071DE7-B1DE-4685-A9F4-908CE8977C5F}.Mono Debug|x64.ActiveCfg = Debug|x64
		{EC071DE7-B1DE-4685-A9F4-908CE8977C5F}.Mono Debug|x64.Build.0 = Debug|x64
		{EC071DE7-B1DE-4685-A9F4-908CE8977C5F}.Mono Debug|x86.ActiveCfg = Debug|x86
		{EC071DE7-B1DE-4685-A9F4-908CE8977C5F}.Mono Debug|x86.Build.0 = Debug|x86
		{EC071DE7-B1DE-4685-A9F4-908CE8977C5F}.Mono Release|Any CPU.ActiveCfg = Release|Any CPU
		{EC071DE7-B1DE-4685-A9F4-908CE8977C5F}.Mono Release|Any CPU.Build.0 = Release|Any CPU
		{EC071DE7-B1DE-4685-A9F4-908CE8977C5F}.Mono Release|ARM.ActiveCfg = Release|ARM
		{EC071DE7-B1DE-4685-A9F4-908CE8977C5F}.Mono Release|ARM.Build.0 = Release|ARM
		{EC071DE7-B1DE-4685-A9F4-908CE8977C5F}.Mono Release|Mixed Platforms.ActiveCfg = Release|x86
		{EC071DE7-B1DE-4685-A9F4-908CE8977C5F}.Mono Release|Mixed Platforms.Build.0 = Release|x86
		{EC071DE7-B1DE-4685-A9F4-908CE8977C5F}.Mono Release|x64.ActiveCfg = Release|x64
		{EC071DE7-B1DE-4685-A9F4-908CE8977C5F}.Mono Release|x64.Build.0 = Release|x64
		{EC071DE7-B1DE-4685-A9F4-908CE8977C5F}.Mono Release|x86.ActiveCfg = Release|x86
		{EC071DE7-B1DE-4685-A9F4-908CE8977C5F}.Mono Release|x86.Build.0 = Release|x86
		{EC071DE7-B1DE-4685-A9F4-908CE8977C5F}.Release|Any CPU.ActiveCfg = Release|Any CPU
		{EC071DE7-B1DE-4685-A9F4-908CE8977C5F}.Release|Any CPU.Build.0 = Release|Any CPU
		{EC071DE7-B1DE-4685-A9F4-908CE8977C5F}.Release|ARM.ActiveCfg = Release|ARM
		{EC071DE7-B1DE-4685-A9F4-908CE8977C5F}.Release|ARM.Build.0 = Release|ARM
		{EC071DE7-B1DE-4685-A9F4-908CE8977C5F}.Release|Mixed Platforms.ActiveCfg = Release|x86
		{EC071DE7-B1DE-4685-A9F4-908CE8977C5F}.Release|Mixed Platforms.Build.0 = Release|x86
		{EC071DE7-B1DE-4685-A9F4-908CE8977C5F}.Release|x64.ActiveCfg = Release|x64
		{EC071DE7-B1DE-4685-A9F4-908CE8977C5F}.Release|x64.Build.0 = Release|x64
		{EC071DE7-B1DE-4685-A9F4-908CE8977C5F}.Release|x86.ActiveCfg = Release|x86
		{EC071DE7-B1DE-4685-A9F4-908CE8977C5F}.Release|x86.Build.0 = Release|x86
		{EC071DE7-B1DE-4685-A9F4-908CE8977C5F}.Testing|Any CPU.ActiveCfg = Release|Any CPU
		{EC071DE7-B1DE-4685-A9F4-908CE8977C5F}.Testing|Any CPU.Build.0 = Release|Any CPU
		{EC071DE7-B1DE-4685-A9F4-908CE8977C5F}.Testing|ARM.ActiveCfg = Release|ARM
		{EC071DE7-B1DE-4685-A9F4-908CE8977C5F}.Testing|ARM.Build.0 = Release|ARM
		{EC071DE7-B1DE-4685-A9F4-908CE8977C5F}.Testing|Mixed Platforms.ActiveCfg = Release|x86
		{EC071DE7-B1DE-4685-A9F4-908CE8977C5F}.Testing|Mixed Platforms.Build.0 = Release|x86
		{EC071DE7-B1DE-4685-A9F4-908CE8977C5F}.Testing|x64.ActiveCfg = Release|x64
		{EC071DE7-B1DE-4685-A9F4-908CE8977C5F}.Testing|x64.Build.0 = Release|x64
		{EC071DE7-B1DE-4685-A9F4-908CE8977C5F}.Testing|x86.ActiveCfg = Release|x86
		{EC071DE7-B1DE-4685-A9F4-908CE8977C5F}.Testing|x86.Build.0 = Release|x86
	EndGlobalSection
	GlobalSection(SolutionProperties) = preSolution
		HideSolutionNode = FALSE
	EndGlobalSection
EndGlobal
