
Microsoft Visual Studio Solution File, Format Version 12.00
# Visual Studio Version 16
VisualStudioVersion = 16.0.29209.152
MinimumVisualStudioVersion = 10.0.40219.1
Project("{9A19103F-16F7-4668-BE54-9A1E7A4F7556}") = "BlazorExample.Server", "BlazorExample\Server\BlazorExample.Server.csproj", "{66A55804-7125-4C94-A507-9DA13F563EB6}"
EndProject
Project("{9A19103F-16F7-4668-BE54-9A1E7A4F7556}") = "BlazorExample.Client", "BlazorExample\Client\BlazorExample.Client.csproj", "{E795E5CB-9157-419A-9003-65FE36F15AE3}"
EndProject
Project("{9A19103F-16F7-4668-BE54-9A1E7A4F7556}") = "BlazorExample.Shared", "BlazorExample\Shared\BlazorExample.Shared.csproj", "{775CDB4D-C382-47A8-A6AB-D073F3A5604D}"
EndProject
Project("{D954291E-2A0B-460D-934E-DC6B0785DB48}") = "Csla.Shared", "..\..\Source\Csla.Shared\Csla.Shared.shproj", "{EDACD58E-B295-4F3E-A263-5BD89FA51270}"
EndProject
Project("{9A19103F-16F7-4668-BE54-9A1E7A4F7556}") = "Csla.NetStandard2.0", "..\..\Source\Csla.NetStandard2.0\Csla.NetStandard2.0.csproj", "{6BCFF277-51B1-4F6F-956F-EF33B385ACE8}"
EndProject
Project("{9A19103F-16F7-4668-BE54-9A1E7A4F7556}") = "Csla.Blazor", "..\..\Source\Csla.Blazor\Csla.Blazor.csproj", "{FB98D763-484E-4CF7-A4E0-A704E05C96CF}"
EndProject
Project("{D954291E-2A0B-460D-934E-DC6B0785DB48}") = "Csla.Web.Mvc.Shared", "..\..\Source\Csla.Web.Mvc.Shared\Csla.Web.Mvc.Shared.shproj", "{BB7A0DB4-F7F4-4632-B6AE-1EDCDD758F16}"
EndProject
Project("{9A19103F-16F7-4668-BE54-9A1E7A4F7556}") = "Csla.AspNetCore.Mvc2.NetStandard2.0", "..\..\Source\Csla.AspNetCore.Mvc2.NetStandard2.0\Csla.AspNetCore.Mvc2.NetStandard2.0.csproj", "{1E43A31D-5FF8-4EF9-80BE-9C58448FC96B}"
EndProject
Project("{9A19103F-16F7-4668-BE54-9A1E7A4F7556}") = "DataAccess", "DataAccess\DataAccess.csproj", "{4452EC16-40CE-42C7-BE6F-B2B6033E1170}"
EndProject
Global
	GlobalSection(SharedMSBuildProjectFiles) = preSolution
		..\..\Source\Csla.Web.Mvc.Shared\Csla.Web.Mvc.Shared.projitems*{bb7a0db4-f7f4-4632-b6ae-1edcdd758f16}*SharedItemsImports = 13
		..\..\Source\Csla.Shared\Csla.Shared.projitems*{edacd58e-b295-4f3e-a263-5bd89fa51270}*SharedItemsImports = 13
	EndGlobalSection
	GlobalSection(SolutionConfigurationPlatforms) = preSolution
		Debug|Any CPU = Debug|Any CPU
		Release|Any CPU = Release|Any CPU
	EndGlobalSection
	GlobalSection(ProjectConfigurationPlatforms) = postSolution
		{66A55804-7125-4C94-A507-9DA13F563EB6}.Debug|Any CPU.ActiveCfg = Debug|Any CPU
		{66A55804-7125-4C94-A507-9DA13F563EB6}.Debug|Any CPU.Build.0 = Debug|Any CPU
		{66A55804-7125-4C94-A507-9DA13F563EB6}.Release|Any CPU.ActiveCfg = Release|Any CPU
		{66A55804-7125-4C94-A507-9DA13F563EB6}.Release|Any CPU.Build.0 = Release|Any CPU
		{E795E5CB-9157-419A-9003-65FE36F15AE3}.Debug|Any CPU.ActiveCfg = Debug|Any CPU
		{E795E5CB-9157-419A-9003-65FE36F15AE3}.Debug|Any CPU.Build.0 = Debug|Any CPU
		{E795E5CB-9157-419A-9003-65FE36F15AE3}.Release|Any CPU.ActiveCfg = Release|Any CPU
		{E795E5CB-9157-419A-9003-65FE36F15AE3}.Release|Any CPU.Build.0 = Release|Any CPU
		{775CDB4D-C382-47A8-A6AB-D073F3A5604D}.Debug|Any CPU.ActiveCfg = Debug|Any CPU
		{775CDB4D-C382-47A8-A6AB-D073F3A5604D}.Debug|Any CPU.Build.0 = Debug|Any CPU
		{775CDB4D-C382-47A8-A6AB-D073F3A5604D}.Release|Any CPU.ActiveCfg = Release|Any CPU
		{775CDB4D-C382-47A8-A6AB-D073F3A5604D}.Release|Any CPU.Build.0 = Release|Any CPU
		{6BCFF277-51B1-4F6F-956F-EF33B385ACE8}.Debug|Any CPU.ActiveCfg = Debug|Any CPU
		{6BCFF277-51B1-4F6F-956F-EF33B385ACE8}.Debug|Any CPU.Build.0 = Debug|Any CPU
		{6BCFF277-51B1-4F6F-956F-EF33B385ACE8}.Release|Any CPU.ActiveCfg = Release|Any CPU
		{6BCFF277-51B1-4F6F-956F-EF33B385ACE8}.Release|Any CPU.Build.0 = Release|Any CPU
		{FB98D763-484E-4CF7-A4E0-A704E05C96CF}.Debug|Any CPU.ActiveCfg = Debug|Any CPU
		{FB98D763-484E-4CF7-A4E0-A704E05C96CF}.Debug|Any CPU.Build.0 = Debug|Any CPU
		{FB98D763-484E-4CF7-A4E0-A704E05C96CF}.Release|Any CPU.ActiveCfg = Release|Any CPU
		{FB98D763-484E-4CF7-A4E0-A704E05C96CF}.Release|Any CPU.Build.0 = Release|Any CPU
		{1E43A31D-5FF8-4EF9-80BE-9C58448FC96B}.Debug|Any CPU.ActiveCfg = Debug|Any CPU
		{1E43A31D-5FF8-4EF9-80BE-9C58448FC96B}.Debug|Any CPU.Build.0 = Debug|Any CPU
		{1E43A31D-5FF8-4EF9-80BE-9C58448FC96B}.Release|Any CPU.ActiveCfg = Release|Any CPU
		{1E43A31D-5FF8-4EF9-80BE-9C58448FC96B}.Release|Any CPU.Build.0 = Release|Any CPU
		{4452EC16-40CE-42C7-BE6F-B2B6033E1170}.Debug|Any CPU.ActiveCfg = Debug|Any CPU
		{4452EC16-40CE-42C7-BE6F-B2B6033E1170}.Debug|Any CPU.Build.0 = Debug|Any CPU
		{4452EC16-40CE-42C7-BE6F-B2B6033E1170}.Release|Any CPU.ActiveCfg = Release|Any CPU
		{4452EC16-40CE-42C7-BE6F-B2B6033E1170}.Release|Any CPU.Build.0 = Release|Any CPU
	EndGlobalSection
	GlobalSection(SolutionProperties) = preSolution
		HideSolutionNode = FALSE
	EndGlobalSection
	GlobalSection(ExtensibilityGlobals) = postSolution
		SolutionGuid = {8D1AD25A-B7D3-4138-A534-99FC176E2FFC}
	EndGlobalSection
EndGlobal
