
Microsoft Visual Studio Solution File, Format Version 12.00
# Visual Studio 2012
Project("{6141683F-8A12-4E36-9623-2EB02B2C2303}") = "Setup", "Setup\Setup.isproj", "{8F4CD48C-4E4D-4C0E-AB63-E6053B93A956}"
EndProject
Global
	GlobalSection(SolutionConfigurationPlatforms) = preSolution
		CD_ROM|Default = CD_ROM|Default
		DVD-5|Default = DVD-5|Default
		SingleImage|Default = SingleImage|Default
	EndGlobalSection
	GlobalSection(ProjectConfigurationPlatforms) = postSolution
		{8F4CD48C-4E4D-4C0E-AB63-E6053B93A956}.CD_ROM|Default.ActiveCfg = CD_ROM
		{8F4CD48C-4E4D-4C0E-AB63-E6053B93A956}.CD_ROM|Default.Build.0 = CD_ROM
		{8F4CD48C-4E4D-4C0E-AB63-E6053B93A956}.DVD-5|Default.ActiveCfg = DVD-5
		{8F4CD48C-4E4D-4C0E-AB63-E6053B93A956}.DVD-5|Default.Build.0 = DVD-5
		{8F4CD48C-4E4D-4C0E-AB63-E6053B93A956}.SingleImage|Default.ActiveCfg = SingleImage
		{8F4CD48C-4E4D-4C0E-AB63-E6053B93A956}.SingleImage|Default.Build.0 = SingleImage
	EndGlobalSection
	GlobalSection(SolutionProperties) = preSolution
		HideSolutionNode = FALSE
	EndGlobalSection
EndGlobal
