
Microsoft Visual Studio Solution File, Format Version 12.00
# Visual Studio 15
VisualStudioVersion = 15.0.27703.2035
MinimumVisualStudioVersion = 10.0.40219.1
Project("{FAE04EC0-301F-11D3-BF4B-00C04F79EFBC}") = "CslaModelBinderDemo", "CslaModelBinderDemo\CslaModelBinderDemo.csproj", "{93948A45-957F-4A39-8FD1-D44D295C1FC4}"
EndProject
Global
	GlobalSection(SolutionConfigurationPlatforms) = preSolution
		Debug|Any CPU = Debug|Any CPU
		Release|Any CPU = Release|Any CPU
	EndGlobalSection
	GlobalSection(ProjectConfigurationPlatforms) = postSolution
		{93948A45-957F-4A39-8FD1-D44D295C1FC4}.Debug|Any CPU.ActiveCfg = Debug|Any CPU
		{93948A45-957F-4A39-8FD1-D44D295C1FC4}.Debug|Any CPU.Build.0 = Debug|Any CPU
		{93948A45-957F-4A39-8FD1-D44D295C1FC4}.Release|Any CPU.ActiveCfg = Release|Any CPU
		{93948A45-957F-4A39-8FD1-D44D295C1FC4}.Release|Any CPU.Build.0 = Release|Any CPU
	EndGlobalSection
	GlobalSection(SolutionProperties) = preSolution
		HideSolutionNode = FALSE
	EndGlobalSection
	GlobalSection(ExtensibilityGlobals) = postSolution
		SolutionGuid = {E8928A98-28E0-4430-9C4D-9602C57916B3}
	EndGlobalSection
EndGlobal
