
Microsoft Visual Studio Solution File, Format Version 12.00
# Visual Studio 15
VisualStudioVersion = 15.0.26730.12
MinimumVisualStudioVersion = 10.0.40219.1
Project("{2150E333-8FDC-42A3-9474-1A3956D46DE8}") = "Solution Items", "Solution Items", "{207BA2D1-EB2E-45A0-9F82-4B7975EDD8C6}"
	ProjectSection(SolutionItems) = preProject
		..\README.md = ..\README.md
	EndProjectSection
EndProject
Project("{2150E333-8FDC-42A3-9474-1A3956D46DE8}") = "Core", "Core", "{85799E16-9B3B-4BD5-98D6-238E31291134}"
EndProject
Project("{2150E333-8FDC-42A3-9474-1A3956D46DE8}") = "UI", "UI", "{A26EBA9F-1777-46F2-994A-4C4D3055873D}"
EndProject
Project("{2150E333-8FDC-42A3-9474-1A3956D46DE8}") = "EF", "EF", "{48EF8EB3-20CA-4C99-BBBB-93E3B6AB8A2B}"
EndProject
Project("{2150E333-8FDC-42A3-9474-1A3956D46DE8}") = "Web.Mvc", "Web.Mvc", "{3C1B872F-4DDC-4758-82CE-A052E5909204}"
EndProject
Project("{D954291E-2A0B-460D-934E-DC6B0785DB48}") = "Csla.Shared", "Csla.Shared\Csla.Shared.shproj", "{EDACD58E-B295-4F3E-A263-5BD89FA51270}"
EndProject
Project("{D954291E-2A0B-460D-934E-DC6B0785DB48}") = "Csla.Web.Mvc.Shared", "Csla.Web.Mvc.Shared\Csla.Web.Mvc.Shared.shproj", "{BB7A0DB4-F7F4-4632-B6AE-1EDCDD758F16}"
EndProject
Project("{D954291E-2A0B-460D-934E-DC6B0785DB48}") = "Csla.Web.Shared", "Csla.Web.Shared\Csla.Web.Shared.shproj", "{64816801-0D82-4883-AEE5-82037D3EBADB}"
EndProject
Project("{D954291E-2A0B-460D-934E-DC6B0785DB48}") = "Csla.Data.EF7.Shared", "Csla.Data.EF7.Shared\Csla.Data.EF7.Shared.shproj", "{1DFC5064-6F34-4B3A-806D-AC58E995E25E}"
EndProject
Project("{9A19103F-16F7-4668-BE54-9A1E7A4F7556}") = "Csla.NetStandard1.5", "Csla.NetStandard1.5\Csla.NetStandard1.5.csproj", "{27751674-9C64-4F70-A307-7498E0C87DAA}"
EndProject
Project("{9A19103F-16F7-4668-BE54-9A1E7A4F7556}") = "Csla.NetStandard1.6", "Csla.NetStandard1.6\Csla.NetStandard1.6.csproj", "{86F99167-3613-4776-BAC6-CB58D8FAF014}"
EndProject
Project("{9A19103F-16F7-4668-BE54-9A1E7A4F7556}") = "Csla.AspNetCore.Mvc1.NetStandard1.6", "Csla.AspNetCore.Mvc1.NetStandard1.6\Csla.AspNetCore.Mvc1.NetStandard1.6.csproj", "{6FEB48C9-0EF8-4AC1-8C60-B256F2D7D38C}"
EndProject
Project("{9A19103F-16F7-4668-BE54-9A1E7A4F7556}") = "Csla.NetStandard2.0", "Csla.NetStandard2.0\Csla.NetStandard2.0.csproj", "{ADEEDEBB-DBAD-4E56-9D94-610A8547E687}"
EndProject
Project("{9A19103F-16F7-4668-BE54-9A1E7A4F7556}") = "Csla.AspNetCore.Mvc2.NetStandard2.0", "Csla.AspNetCore.Mvc2.NetStandard2.0\Csla.AspNetCore.Mvc2.NetStandard2.0.csproj", "{9FD96CB6-FBAB-4146-8E0D-BBC32B086BFA}"
EndProject
Global
	GlobalSection(SharedMSBuildProjectFiles) = preSolution
		Csla.Data.EF7.Shared\Csla.Data.EF7.Shared.projitems*{1dfc5064-6f34-4b3a-806d-ac58e995e25e}*SharedItemsImports = 13
		Csla.Web.Shared\Csla.Web.Shared.projitems*{64816801-0d82-4883-aee5-82037d3ebadb}*SharedItemsImports = 13
		Csla.Web.Mvc.Shared\Csla.Web.Mvc.Shared.projitems*{bb7a0db4-f7f4-4632-b6ae-1edcdd758f16}*SharedItemsImports = 13
		Csla.Shared\Csla.Shared.projitems*{edacd58e-b295-4f3e-a263-5bd89fa51270}*SharedItemsImports = 13
	EndGlobalSection
	GlobalSection(SolutionConfigurationPlatforms) = preSolution
		Ad-Hoc|Any CPU = Ad-Hoc|Any CPU
		Ad-Hoc|AnyOS = Ad-Hoc|AnyOS
		Ad-Hoc|ARM = Ad-Hoc|ARM
		Ad-Hoc|iPhone = Ad-Hoc|iPhone
		Ad-Hoc|iPhoneSimulator = Ad-Hoc|iPhoneSimulator
		Ad-Hoc|Mixed Platforms = Ad-Hoc|Mixed Platforms
		Ad-Hoc|Win32 = Ad-Hoc|Win32
		Ad-Hoc|Win64 = Ad-Hoc|Win64
		Ad-Hoc|x64 = Ad-Hoc|x64
		Ad-Hoc|x86 = Ad-Hoc|x86
		AppStore|Any CPU = AppStore|Any CPU
		AppStore|AnyOS = AppStore|AnyOS
		AppStore|ARM = AppStore|ARM
		AppStore|iPhone = AppStore|iPhone
		AppStore|iPhoneSimulator = AppStore|iPhoneSimulator
		AppStore|Mixed Platforms = AppStore|Mixed Platforms
		AppStore|Win32 = AppStore|Win32
		AppStore|Win64 = AppStore|Win64
		AppStore|x64 = AppStore|x64
		AppStore|x86 = AppStore|x86
		CD_ROM|Any CPU = CD_ROM|Any CPU
		CD_ROM|AnyOS = CD_ROM|AnyOS
		CD_ROM|ARM = CD_ROM|ARM
		CD_ROM|iPhone = CD_ROM|iPhone
		CD_ROM|iPhoneSimulator = CD_ROM|iPhoneSimulator
		CD_ROM|Mixed Platforms = CD_ROM|Mixed Platforms
		CD_ROM|Win32 = CD_ROM|Win32
		CD_ROM|Win64 = CD_ROM|Win64
		CD_ROM|x64 = CD_ROM|x64
		CD_ROM|x86 = CD_ROM|x86
		Debug|Any CPU = Debug|Any CPU
		Debug|AnyOS = Debug|AnyOS
		Debug|ARM = Debug|ARM
		Debug|iPhone = Debug|iPhone
		Debug|iPhoneSimulator = Debug|iPhoneSimulator
		Debug|Mixed Platforms = Debug|Mixed Platforms
		Debug|Win32 = Debug|Win32
		Debug|Win64 = Debug|Win64
		Debug|x64 = Debug|x64
		Debug|x86 = Debug|x86
		DVD-5|Any CPU = DVD-5|Any CPU
		DVD-5|AnyOS = DVD-5|AnyOS
		DVD-5|ARM = DVD-5|ARM
		DVD-5|iPhone = DVD-5|iPhone
		DVD-5|iPhoneSimulator = DVD-5|iPhoneSimulator
		DVD-5|Mixed Platforms = DVD-5|Mixed Platforms
		DVD-5|Win32 = DVD-5|Win32
		DVD-5|Win64 = DVD-5|Win64
		DVD-5|x64 = DVD-5|x64
		DVD-5|x86 = DVD-5|x86
		Mono Debug|Any CPU = Mono Debug|Any CPU
		Mono Debug|AnyOS = Mono Debug|AnyOS
		Mono Debug|ARM = Mono Debug|ARM
		Mono Debug|iPhone = Mono Debug|iPhone
		Mono Debug|iPhoneSimulator = Mono Debug|iPhoneSimulator
		Mono Debug|Mixed Platforms = Mono Debug|Mixed Platforms
		Mono Debug|Win32 = Mono Debug|Win32
		Mono Debug|Win64 = Mono Debug|Win64
		Mono Debug|x64 = Mono Debug|x64
		Mono Debug|x86 = Mono Debug|x86
		Mono Release|Any CPU = Mono Release|Any CPU
		Mono Release|AnyOS = Mono Release|AnyOS
		Mono Release|ARM = Mono Release|ARM
		Mono Release|iPhone = Mono Release|iPhone
		Mono Release|iPhoneSimulator = Mono Release|iPhoneSimulator
		Mono Release|Mixed Platforms = Mono Release|Mixed Platforms
		Mono Release|Win32 = Mono Release|Win32
		Mono Release|Win64 = Mono Release|Win64
		Mono Release|x64 = Mono Release|x64
		Mono Release|x86 = Mono Release|x86
		Release|Any CPU = Release|Any CPU
		Release|AnyOS = Release|AnyOS
		Release|ARM = Release|ARM
		Release|iPhone = Release|iPhone
		Release|iPhoneSimulator = Release|iPhoneSimulator
		Release|Mixed Platforms = Release|Mixed Platforms
		Release|Win32 = Release|Win32
		Release|Win64 = Release|Win64
		Release|x64 = Release|x64
		Release|x86 = Release|x86
		SingleImage|Any CPU = SingleImage|Any CPU
		SingleImage|AnyOS = SingleImage|AnyOS
		SingleImage|ARM = SingleImage|ARM
		SingleImage|iPhone = SingleImage|iPhone
		SingleImage|iPhoneSimulator = SingleImage|iPhoneSimulator
		SingleImage|Mixed Platforms = SingleImage|Mixed Platforms
		SingleImage|Win32 = SingleImage|Win32
		SingleImage|Win64 = SingleImage|Win64
		SingleImage|x64 = SingleImage|x64
		SingleImage|x86 = SingleImage|x86
		Testing|Any CPU = Testing|Any CPU
		Testing|AnyOS = Testing|AnyOS
		Testing|ARM = Testing|ARM
		Testing|iPhone = Testing|iPhone
		Testing|iPhoneSimulator = Testing|iPhoneSimulator
		Testing|Mixed Platforms = Testing|Mixed Platforms
		Testing|Win32 = Testing|Win32
		Testing|Win64 = Testing|Win64
		Testing|x64 = Testing|x64
		Testing|x86 = Testing|x86
	EndGlobalSection
	GlobalSection(ProjectConfigurationPlatforms) = postSolution
		{27751674-9C64-4F70-A307-7498E0C87DAA}.Ad-Hoc|Any CPU.ActiveCfg = Debug|Any CPU
		{27751674-9C64-4F70-A307-7498E0C87DAA}.Ad-Hoc|Any CPU.Build.0 = Debug|Any CPU
		{27751674-9C64-4F70-A307-7498E0C87DAA}.Ad-Hoc|AnyOS.ActiveCfg = Debug|Any CPU
		{27751674-9C64-4F70-A307-7498E0C87DAA}.Ad-Hoc|AnyOS.Build.0 = Debug|Any CPU
		{27751674-9C64-4F70-A307-7498E0C87DAA}.Ad-Hoc|ARM.ActiveCfg = Debug|Any CPU
		{27751674-9C64-4F70-A307-7498E0C87DAA}.Ad-Hoc|ARM.Build.0 = Debug|Any CPU
		{27751674-9C64-4F70-A307-7498E0C87DAA}.Ad-Hoc|iPhone.ActiveCfg = Debug|Any CPU
		{27751674-9C64-4F70-A307-7498E0C87DAA}.Ad-Hoc|iPhone.Build.0 = Debug|Any CPU
		{27751674-9C64-4F70-A307-7498E0C87DAA}.Ad-Hoc|iPhoneSimulator.ActiveCfg = Debug|Any CPU
		{27751674-9C64-4F70-A307-7498E0C87DAA}.Ad-Hoc|iPhoneSimulator.Build.0 = Debug|Any CPU
		{27751674-9C64-4F70-A307-7498E0C87DAA}.Ad-Hoc|Mixed Platforms.ActiveCfg = Debug|Any CPU
		{27751674-9C64-4F70-A307-7498E0C87DAA}.Ad-Hoc|Mixed Platforms.Build.0 = Debug|Any CPU
		{27751674-9C64-4F70-A307-7498E0C87DAA}.Ad-Hoc|Win32.ActiveCfg = Debug|Any CPU
		{27751674-9C64-4F70-A307-7498E0C87DAA}.Ad-Hoc|Win32.Build.0 = Debug|Any CPU
		{27751674-9C64-4F70-A307-7498E0C87DAA}.Ad-Hoc|Win64.ActiveCfg = Debug|Any CPU
		{27751674-9C64-4F70-A307-7498E0C87DAA}.Ad-Hoc|Win64.Build.0 = Debug|Any CPU
		{27751674-9C64-4F70-A307-7498E0C87DAA}.Ad-Hoc|x64.ActiveCfg = Debug|Any CPU
		{27751674-9C64-4F70-A307-7498E0C87DAA}.Ad-Hoc|x64.Build.0 = Debug|Any CPU
		{27751674-9C64-4F70-A307-7498E0C87DAA}.Ad-Hoc|x86.ActiveCfg = Debug|Any CPU
		{27751674-9C64-4F70-A307-7498E0C87DAA}.Ad-Hoc|x86.Build.0 = Debug|Any CPU
		{27751674-9C64-4F70-A307-7498E0C87DAA}.AppStore|Any CPU.ActiveCfg = Debug|Any CPU
		{27751674-9C64-4F70-A307-7498E0C87DAA}.AppStore|Any CPU.Build.0 = Debug|Any CPU
		{27751674-9C64-4F70-A307-7498E0C87DAA}.AppStore|AnyOS.ActiveCfg = Debug|Any CPU
		{27751674-9C64-4F70-A307-7498E0C87DAA}.AppStore|AnyOS.Build.0 = Debug|Any CPU
		{27751674-9C64-4F70-A307-7498E0C87DAA}.AppStore|ARM.ActiveCfg = Debug|Any CPU
		{27751674-9C64-4F70-A307-7498E0C87DAA}.AppStore|ARM.Build.0 = Debug|Any CPU
		{27751674-9C64-4F70-A307-7498E0C87DAA}.AppStore|iPhone.ActiveCfg = Debug|Any CPU
		{27751674-9C64-4F70-A307-7498E0C87DAA}.AppStore|iPhone.Build.0 = Debug|Any CPU
		{27751674-9C64-4F70-A307-7498E0C87DAA}.AppStore|iPhoneSimulator.ActiveCfg = Debug|Any CPU
		{27751674-9C64-4F70-A307-7498E0C87DAA}.AppStore|iPhoneSimulator.Build.0 = Debug|Any CPU
		{27751674-9C64-4F70-A307-7498E0C87DAA}.AppStore|Mixed Platforms.ActiveCfg = Debug|Any CPU
		{27751674-9C64-4F70-A307-7498E0C87DAA}.AppStore|Mixed Platforms.Build.0 = Debug|Any CPU
		{27751674-9C64-4F70-A307-7498E0C87DAA}.AppStore|Win32.ActiveCfg = Debug|Any CPU
		{27751674-9C64-4F70-A307-7498E0C87DAA}.AppStore|Win32.Build.0 = Debug|Any CPU
		{27751674-9C64-4F70-A307-7498E0C87DAA}.AppStore|Win64.ActiveCfg = Debug|Any CPU
		{27751674-9C64-4F70-A307-7498E0C87DAA}.AppStore|Win64.Build.0 = Debug|Any CPU
		{27751674-9C64-4F70-A307-7498E0C87DAA}.AppStore|x64.ActiveCfg = Debug|Any CPU
		{27751674-9C64-4F70-A307-7498E0C87DAA}.AppStore|x64.Build.0 = Debug|Any CPU
		{27751674-9C64-4F70-A307-7498E0C87DAA}.AppStore|x86.ActiveCfg = Debug|Any CPU
		{27751674-9C64-4F70-A307-7498E0C87DAA}.AppStore|x86.Build.0 = Debug|Any CPU
		{27751674-9C64-4F70-A307-7498E0C87DAA}.CD_ROM|Any CPU.ActiveCfg = Debug|Any CPU
		{27751674-9C64-4F70-A307-7498E0C87DAA}.CD_ROM|Any CPU.Build.0 = Debug|Any CPU
		{27751674-9C64-4F70-A307-7498E0C87DAA}.CD_ROM|AnyOS.ActiveCfg = Debug|Any CPU
		{27751674-9C64-4F70-A307-7498E0C87DAA}.CD_ROM|AnyOS.Build.0 = Debug|Any CPU
		{27751674-9C64-4F70-A307-7498E0C87DAA}.CD_ROM|ARM.ActiveCfg = Debug|Any CPU
		{27751674-9C64-4F70-A307-7498E0C87DAA}.CD_ROM|ARM.Build.0 = Debug|Any CPU
		{27751674-9C64-4F70-A307-7498E0C87DAA}.CD_ROM|iPhone.ActiveCfg = Debug|Any CPU
		{27751674-9C64-4F70-A307-7498E0C87DAA}.CD_ROM|iPhone.Build.0 = Debug|Any CPU
		{27751674-9C64-4F70-A307-7498E0C87DAA}.CD_ROM|iPhoneSimulator.ActiveCfg = Debug|Any CPU
		{27751674-9C64-4F70-A307-7498E0C87DAA}.CD_ROM|iPhoneSimulator.Build.0 = Debug|Any CPU
		{27751674-9C64-4F70-A307-7498E0C87DAA}.CD_ROM|Mixed Platforms.ActiveCfg = Debug|Any CPU
		{27751674-9C64-4F70-A307-7498E0C87DAA}.CD_ROM|Mixed Platforms.Build.0 = Debug|Any CPU
		{27751674-9C64-4F70-A307-7498E0C87DAA}.CD_ROM|Win32.ActiveCfg = Debug|Any CPU
		{27751674-9C64-4F70-A307-7498E0C87DAA}.CD_ROM|Win32.Build.0 = Debug|Any CPU
		{27751674-9C64-4F70-A307-7498E0C87DAA}.CD_ROM|Win64.ActiveCfg = Debug|Any CPU
		{27751674-9C64-4F70-A307-7498E0C87DAA}.CD_ROM|Win64.Build.0 = Debug|Any CPU
		{27751674-9C64-4F70-A307-7498E0C87DAA}.CD_ROM|x64.ActiveCfg = Debug|Any CPU
		{27751674-9C64-4F70-A307-7498E0C87DAA}.CD_ROM|x64.Build.0 = Debug|Any CPU
		{27751674-9C64-4F70-A307-7498E0C87DAA}.CD_ROM|x86.ActiveCfg = Debug|Any CPU
		{27751674-9C64-4F70-A307-7498E0C87DAA}.CD_ROM|x86.Build.0 = Debug|Any CPU
		{27751674-9C64-4F70-A307-7498E0C87DAA}.Debug|Any CPU.ActiveCfg = Debug|Any CPU
		{27751674-9C64-4F70-A307-7498E0C87DAA}.Debug|Any CPU.Build.0 = Debug|Any CPU
		{27751674-9C64-4F70-A307-7498E0C87DAA}.Debug|AnyOS.ActiveCfg = Debug|Any CPU
		{27751674-9C64-4F70-A307-7498E0C87DAA}.Debug|AnyOS.Build.0 = Debug|Any CPU
		{27751674-9C64-4F70-A307-7498E0C87DAA}.Debug|ARM.ActiveCfg = Debug|Any CPU
		{27751674-9C64-4F70-A307-7498E0C87DAA}.Debug|ARM.Build.0 = Debug|Any CPU
		{27751674-9C64-4F70-A307-7498E0C87DAA}.Debug|iPhone.ActiveCfg = Debug|Any CPU
		{27751674-9C64-4F70-A307-7498E0C87DAA}.Debug|iPhone.Build.0 = Debug|Any CPU
		{27751674-9C64-4F70-A307-7498E0C87DAA}.Debug|iPhoneSimulator.ActiveCfg = Debug|Any CPU
		{27751674-9C64-4F70-A307-7498E0C87DAA}.Debug|iPhoneSimulator.Build.0 = Debug|Any CPU
		{27751674-9C64-4F70-A307-7498E0C87DAA}.Debug|Mixed Platforms.ActiveCfg = Debug|Any CPU
		{27751674-9C64-4F70-A307-7498E0C87DAA}.Debug|Mixed Platforms.Build.0 = Debug|Any CPU
		{27751674-9C64-4F70-A307-7498E0C87DAA}.Debug|Win32.ActiveCfg = Debug|Any CPU
		{27751674-9C64-4F70-A307-7498E0C87DAA}.Debug|Win32.Build.0 = Debug|Any CPU
		{27751674-9C64-4F70-A307-7498E0C87DAA}.Debug|Win64.ActiveCfg = Debug|Any CPU
		{27751674-9C64-4F70-A307-7498E0C87DAA}.Debug|Win64.Build.0 = Debug|Any CPU
		{27751674-9C64-4F70-A307-7498E0C87DAA}.Debug|x64.ActiveCfg = Debug|Any CPU
		{27751674-9C64-4F70-A307-7498E0C87DAA}.Debug|x64.Build.0 = Debug|Any CPU
		{27751674-9C64-4F70-A307-7498E0C87DAA}.Debug|x86.ActiveCfg = Debug|Any CPU
		{27751674-9C64-4F70-A307-7498E0C87DAA}.Debug|x86.Build.0 = Debug|Any CPU
		{27751674-9C64-4F70-A307-7498E0C87DAA}.DVD-5|Any CPU.ActiveCfg = Debug|Any CPU
		{27751674-9C64-4F70-A307-7498E0C87DAA}.DVD-5|Any CPU.Build.0 = Debug|Any CPU
		{27751674-9C64-4F70-A307-7498E0C87DAA}.DVD-5|AnyOS.ActiveCfg = Debug|Any CPU
		{27751674-9C64-4F70-A307-7498E0C87DAA}.DVD-5|AnyOS.Build.0 = Debug|Any CPU
		{27751674-9C64-4F70-A307-7498E0C87DAA}.DVD-5|ARM.ActiveCfg = Debug|Any CPU
		{27751674-9C64-4F70-A307-7498E0C87DAA}.DVD-5|ARM.Build.0 = Debug|Any CPU
		{27751674-9C64-4F70-A307-7498E0C87DAA}.DVD-5|iPhone.ActiveCfg = Debug|Any CPU
		{27751674-9C64-4F70-A307-7498E0C87DAA}.DVD-5|iPhone.Build.0 = Debug|Any CPU
		{27751674-9C64-4F70-A307-7498E0C87DAA}.DVD-5|iPhoneSimulator.ActiveCfg = Debug|Any CPU
		{27751674-9C64-4F70-A307-7498E0C87DAA}.DVD-5|iPhoneSimulator.Build.0 = Debug|Any CPU
		{27751674-9C64-4F70-A307-7498E0C87DAA}.DVD-5|Mixed Platforms.ActiveCfg = Debug|Any CPU
		{27751674-9C64-4F70-A307-7498E0C87DAA}.DVD-5|Mixed Platforms.Build.0 = Debug|Any CPU
		{27751674-9C64-4F70-A307-7498E0C87DAA}.DVD-5|Win32.ActiveCfg = Debug|Any CPU
		{27751674-9C64-4F70-A307-7498E0C87DAA}.DVD-5|Win32.Build.0 = Debug|Any CPU
		{27751674-9C64-4F70-A307-7498E0C87DAA}.DVD-5|Win64.ActiveCfg = Debug|Any CPU
		{27751674-9C64-4F70-A307-7498E0C87DAA}.DVD-5|Win64.Build.0 = Debug|Any CPU
		{27751674-9C64-4F70-A307-7498E0C87DAA}.DVD-5|x64.ActiveCfg = Debug|Any CPU
		{27751674-9C64-4F70-A307-7498E0C87DAA}.DVD-5|x64.Build.0 = Debug|Any CPU
		{27751674-9C64-4F70-A307-7498E0C87DAA}.DVD-5|x86.ActiveCfg = Debug|Any CPU
		{27751674-9C64-4F70-A307-7498E0C87DAA}.DVD-5|x86.Build.0 = Debug|Any CPU
		{27751674-9C64-4F70-A307-7498E0C87DAA}.Mono Debug|Any CPU.ActiveCfg = Debug|Any CPU
		{27751674-9C64-4F70-A307-7498E0C87DAA}.Mono Debug|Any CPU.Build.0 = Debug|Any CPU
		{27751674-9C64-4F70-A307-7498E0C87DAA}.Mono Debug|AnyOS.ActiveCfg = Debug|Any CPU
		{27751674-9C64-4F70-A307-7498E0C87DAA}.Mono Debug|AnyOS.Build.0 = Debug|Any CPU
		{27751674-9C64-4F70-A307-7498E0C87DAA}.Mono Debug|ARM.ActiveCfg = Debug|Any CPU
		{27751674-9C64-4F70-A307-7498E0C87DAA}.Mono Debug|ARM.Build.0 = Debug|Any CPU
		{27751674-9C64-4F70-A307-7498E0C87DAA}.Mono Debug|iPhone.ActiveCfg = Debug|Any CPU
		{27751674-9C64-4F70-A307-7498E0C87DAA}.Mono Debug|iPhone.Build.0 = Debug|Any CPU
		{27751674-9C64-4F70-A307-7498E0C87DAA}.Mono Debug|iPhoneSimulator.ActiveCfg = Debug|Any CPU
		{27751674-9C64-4F70-A307-7498E0C87DAA}.Mono Debug|iPhoneSimulator.Build.0 = Debug|Any CPU
		{27751674-9C64-4F70-A307-7498E0C87DAA}.Mono Debug|Mixed Platforms.ActiveCfg = Debug|Any CPU
		{27751674-9C64-4F70-A307-7498E0C87DAA}.Mono Debug|Mixed Platforms.Build.0 = Debug|Any CPU
		{27751674-9C64-4F70-A307-7498E0C87DAA}.Mono Debug|Win32.ActiveCfg = Debug|Any CPU
		{27751674-9C64-4F70-A307-7498E0C87DAA}.Mono Debug|Win32.Build.0 = Debug|Any CPU
		{27751674-9C64-4F70-A307-7498E0C87DAA}.Mono Debug|Win64.ActiveCfg = Debug|Any CPU
		{27751674-9C64-4F70-A307-7498E0C87DAA}.Mono Debug|Win64.Build.0 = Debug|Any CPU
		{27751674-9C64-4F70-A307-7498E0C87DAA}.Mono Debug|x64.ActiveCfg = Debug|Any CPU
		{27751674-9C64-4F70-A307-7498E0C87DAA}.Mono Debug|x64.Build.0 = Debug|Any CPU
		{27751674-9C64-4F70-A307-7498E0C87DAA}.Mono Debug|x86.ActiveCfg = Debug|Any CPU
		{27751674-9C64-4F70-A307-7498E0C87DAA}.Mono Debug|x86.Build.0 = Debug|Any CPU
		{27751674-9C64-4F70-A307-7498E0C87DAA}.Mono Release|Any CPU.ActiveCfg = Release|Any CPU
		{27751674-9C64-4F70-A307-7498E0C87DAA}.Mono Release|Any CPU.Build.0 = Release|Any CPU
		{27751674-9C64-4F70-A307-7498E0C87DAA}.Mono Release|AnyOS.ActiveCfg = Release|Any CPU
		{27751674-9C64-4F70-A307-7498E0C87DAA}.Mono Release|AnyOS.Build.0 = Release|Any CPU
		{27751674-9C64-4F70-A307-7498E0C87DAA}.Mono Release|ARM.ActiveCfg = Release|Any CPU
		{27751674-9C64-4F70-A307-7498E0C87DAA}.Mono Release|ARM.Build.0 = Release|Any CPU
		{27751674-9C64-4F70-A307-7498E0C87DAA}.Mono Release|iPhone.ActiveCfg = Release|Any CPU
		{27751674-9C64-4F70-A307-7498E0C87DAA}.Mono Release|iPhone.Build.0 = Release|Any CPU
		{27751674-9C64-4F70-A307-7498E0C87DAA}.Mono Release|iPhoneSimulator.ActiveCfg = Release|Any CPU
		{27751674-9C64-4F70-A307-7498E0C87DAA}.Mono Release|iPhoneSimulator.Build.0 = Release|Any CPU
		{27751674-9C64-4F70-A307-7498E0C87DAA}.Mono Release|Mixed Platforms.ActiveCfg = Release|Any CPU
		{27751674-9C64-4F70-A307-7498E0C87DAA}.Mono Release|Mixed Platforms.Build.0 = Release|Any CPU
		{27751674-9C64-4F70-A307-7498E0C87DAA}.Mono Release|Win32.ActiveCfg = Release|Any CPU
		{27751674-9C64-4F70-A307-7498E0C87DAA}.Mono Release|Win32.Build.0 = Release|Any CPU
		{27751674-9C64-4F70-A307-7498E0C87DAA}.Mono Release|Win64.ActiveCfg = Release|Any CPU
		{27751674-9C64-4F70-A307-7498E0C87DAA}.Mono Release|Win64.Build.0 = Release|Any CPU
		{27751674-9C64-4F70-A307-7498E0C87DAA}.Mono Release|x64.ActiveCfg = Release|Any CPU
		{27751674-9C64-4F70-A307-7498E0C87DAA}.Mono Release|x64.Build.0 = Release|Any CPU
		{27751674-9C64-4F70-A307-7498E0C87DAA}.Mono Release|x86.ActiveCfg = Release|Any CPU
		{27751674-9C64-4F70-A307-7498E0C87DAA}.Mono Release|x86.Build.0 = Release|Any CPU
		{27751674-9C64-4F70-A307-7498E0C87DAA}.Release|Any CPU.ActiveCfg = Release|Any CPU
		{27751674-9C64-4F70-A307-7498E0C87DAA}.Release|Any CPU.Build.0 = Release|Any CPU
		{27751674-9C64-4F70-A307-7498E0C87DAA}.Release|AnyOS.ActiveCfg = Release|Any CPU
		{27751674-9C64-4F70-A307-7498E0C87DAA}.Release|AnyOS.Build.0 = Release|Any CPU
		{27751674-9C64-4F70-A307-7498E0C87DAA}.Release|ARM.ActiveCfg = Release|Any CPU
		{27751674-9C64-4F70-A307-7498E0C87DAA}.Release|ARM.Build.0 = Release|Any CPU
		{27751674-9C64-4F70-A307-7498E0C87DAA}.Release|iPhone.ActiveCfg = Release|Any CPU
		{27751674-9C64-4F70-A307-7498E0C87DAA}.Release|iPhone.Build.0 = Release|Any CPU
		{27751674-9C64-4F70-A307-7498E0C87DAA}.Release|iPhoneSimulator.ActiveCfg = Release|Any CPU
		{27751674-9C64-4F70-A307-7498E0C87DAA}.Release|iPhoneSimulator.Build.0 = Release|Any CPU
		{27751674-9C64-4F70-A307-7498E0C87DAA}.Release|Mixed Platforms.ActiveCfg = Release|Any CPU
		{27751674-9C64-4F70-A307-7498E0C87DAA}.Release|Mixed Platforms.Build.0 = Release|Any CPU
		{27751674-9C64-4F70-A307-7498E0C87DAA}.Release|Win32.ActiveCfg = Release|Any CPU
		{27751674-9C64-4F70-A307-7498E0C87DAA}.Release|Win32.Build.0 = Release|Any CPU
		{27751674-9C64-4F70-A307-7498E0C87DAA}.Release|Win64.ActiveCfg = Release|Any CPU
		{27751674-9C64-4F70-A307-7498E0C87DAA}.Release|Win64.Build.0 = Release|Any CPU
		{27751674-9C64-4F70-A307-7498E0C87DAA}.Release|x64.ActiveCfg = Release|Any CPU
		{27751674-9C64-4F70-A307-7498E0C87DAA}.Release|x64.Build.0 = Release|Any CPU
		{27751674-9C64-4F70-A307-7498E0C87DAA}.Release|x86.ActiveCfg = Release|Any CPU
		{27751674-9C64-4F70-A307-7498E0C87DAA}.Release|x86.Build.0 = Release|Any CPU
		{27751674-9C64-4F70-A307-7498E0C87DAA}.SingleImage|Any CPU.ActiveCfg = Debug|Any CPU
		{27751674-9C64-4F70-A307-7498E0C87DAA}.SingleImage|Any CPU.Build.0 = Debug|Any CPU
		{27751674-9C64-4F70-A307-7498E0C87DAA}.SingleImage|AnyOS.ActiveCfg = Debug|Any CPU
		{27751674-9C64-4F70-A307-7498E0C87DAA}.SingleImage|AnyOS.Build.0 = Debug|Any CPU
		{27751674-9C64-4F70-A307-7498E0C87DAA}.SingleImage|ARM.ActiveCfg = Debug|Any CPU
		{27751674-9C64-4F70-A307-7498E0C87DAA}.SingleImage|ARM.Build.0 = Debug|Any CPU
		{27751674-9C64-4F70-A307-7498E0C87DAA}.SingleImage|iPhone.ActiveCfg = Debug|Any CPU
		{27751674-9C64-4F70-A307-7498E0C87DAA}.SingleImage|iPhone.Build.0 = Debug|Any CPU
		{27751674-9C64-4F70-A307-7498E0C87DAA}.SingleImage|iPhoneSimulator.ActiveCfg = Debug|Any CPU
		{27751674-9C64-4F70-A307-7498E0C87DAA}.SingleImage|iPhoneSimulator.Build.0 = Debug|Any CPU
		{27751674-9C64-4F70-A307-7498E0C87DAA}.SingleImage|Mixed Platforms.ActiveCfg = Debug|Any CPU
		{27751674-9C64-4F70-A307-7498E0C87DAA}.SingleImage|Mixed Platforms.Build.0 = Debug|Any CPU
		{27751674-9C64-4F70-A307-7498E0C87DAA}.SingleImage|Win32.ActiveCfg = Debug|Any CPU
		{27751674-9C64-4F70-A307-7498E0C87DAA}.SingleImage|Win32.Build.0 = Debug|Any CPU
		{27751674-9C64-4F70-A307-7498E0C87DAA}.SingleImage|Win64.ActiveCfg = Debug|Any CPU
		{27751674-9C64-4F70-A307-7498E0C87DAA}.SingleImage|Win64.Build.0 = Debug|Any CPU
		{27751674-9C64-4F70-A307-7498E0C87DAA}.SingleImage|x64.ActiveCfg = Debug|Any CPU
		{27751674-9C64-4F70-A307-7498E0C87DAA}.SingleImage|x64.Build.0 = Debug|Any CPU
		{27751674-9C64-4F70-A307-7498E0C87DAA}.SingleImage|x86.ActiveCfg = Debug|Any CPU
		{27751674-9C64-4F70-A307-7498E0C87DAA}.SingleImage|x86.Build.0 = Debug|Any CPU
		{27751674-9C64-4F70-A307-7498E0C87DAA}.Testing|Any CPU.ActiveCfg = Debug|Any CPU
		{27751674-9C64-4F70-A307-7498E0C87DAA}.Testing|Any CPU.Build.0 = Debug|Any CPU
		{27751674-9C64-4F70-A307-7498E0C87DAA}.Testing|AnyOS.ActiveCfg = Debug|Any CPU
		{27751674-9C64-4F70-A307-7498E0C87DAA}.Testing|AnyOS.Build.0 = Debug|Any CPU
		{27751674-9C64-4F70-A307-7498E0C87DAA}.Testing|ARM.ActiveCfg = Debug|Any CPU
		{27751674-9C64-4F70-A307-7498E0C87DAA}.Testing|ARM.Build.0 = Debug|Any CPU
		{27751674-9C64-4F70-A307-7498E0C87DAA}.Testing|iPhone.ActiveCfg = Debug|Any CPU
		{27751674-9C64-4F70-A307-7498E0C87DAA}.Testing|iPhone.Build.0 = Debug|Any CPU
		{27751674-9C64-4F70-A307-7498E0C87DAA}.Testing|iPhoneSimulator.ActiveCfg = Debug|Any CPU
		{27751674-9C64-4F70-A307-7498E0C87DAA}.Testing|iPhoneSimulator.Build.0 = Debug|Any CPU
		{27751674-9C64-4F70-A307-7498E0C87DAA}.Testing|Mixed Platforms.ActiveCfg = Debug|Any CPU
		{27751674-9C64-4F70-A307-7498E0C87DAA}.Testing|Mixed Platforms.Build.0 = Debug|Any CPU
		{27751674-9C64-4F70-A307-7498E0C87DAA}.Testing|Win32.ActiveCfg = Debug|Any CPU
		{27751674-9C64-4F70-A307-7498E0C87DAA}.Testing|Win32.Build.0 = Debug|Any CPU
		{27751674-9C64-4F70-A307-7498E0C87DAA}.Testing|Win64.ActiveCfg = Debug|Any CPU
		{27751674-9C64-4F70-A307-7498E0C87DAA}.Testing|Win64.Build.0 = Debug|Any CPU
		{27751674-9C64-4F70-A307-7498E0C87DAA}.Testing|x64.ActiveCfg = Debug|Any CPU
		{27751674-9C64-4F70-A307-7498E0C87DAA}.Testing|x64.Build.0 = Debug|Any CPU
		{27751674-9C64-4F70-A307-7498E0C87DAA}.Testing|x86.ActiveCfg = Debug|Any CPU
		{27751674-9C64-4F70-A307-7498E0C87DAA}.Testing|x86.Build.0 = Debug|Any CPU
		{86F99167-3613-4776-BAC6-CB58D8FAF014}.Ad-Hoc|Any CPU.ActiveCfg = Debug|Any CPU
		{86F99167-3613-4776-BAC6-CB58D8FAF014}.Ad-Hoc|Any CPU.Build.0 = Debug|Any CPU
		{86F99167-3613-4776-BAC6-CB58D8FAF014}.Ad-Hoc|AnyOS.ActiveCfg = Debug|Any CPU
		{86F99167-3613-4776-BAC6-CB58D8FAF014}.Ad-Hoc|AnyOS.Build.0 = Debug|Any CPU
		{86F99167-3613-4776-BAC6-CB58D8FAF014}.Ad-Hoc|ARM.ActiveCfg = Debug|Any CPU
		{86F99167-3613-4776-BAC6-CB58D8FAF014}.Ad-Hoc|ARM.Build.0 = Debug|Any CPU
		{86F99167-3613-4776-BAC6-CB58D8FAF014}.Ad-Hoc|iPhone.ActiveCfg = Debug|Any CPU
		{86F99167-3613-4776-BAC6-CB58D8FAF014}.Ad-Hoc|iPhone.Build.0 = Debug|Any CPU
		{86F99167-3613-4776-BAC6-CB58D8FAF014}.Ad-Hoc|iPhoneSimulator.ActiveCfg = Debug|Any CPU
		{86F99167-3613-4776-BAC6-CB58D8FAF014}.Ad-Hoc|iPhoneSimulator.Build.0 = Debug|Any CPU
		{86F99167-3613-4776-BAC6-CB58D8FAF014}.Ad-Hoc|Mixed Platforms.ActiveCfg = Debug|Any CPU
		{86F99167-3613-4776-BAC6-CB58D8FAF014}.Ad-Hoc|Mixed Platforms.Build.0 = Debug|Any CPU
		{86F99167-3613-4776-BAC6-CB58D8FAF014}.Ad-Hoc|Win32.ActiveCfg = Debug|Any CPU
		{86F99167-3613-4776-BAC6-CB58D8FAF014}.Ad-Hoc|Win32.Build.0 = Debug|Any CPU
		{86F99167-3613-4776-BAC6-CB58D8FAF014}.Ad-Hoc|Win64.ActiveCfg = Debug|Any CPU
		{86F99167-3613-4776-BAC6-CB58D8FAF014}.Ad-Hoc|Win64.Build.0 = Debug|Any CPU
		{86F99167-3613-4776-BAC6-CB58D8FAF014}.Ad-Hoc|x64.ActiveCfg = Debug|Any CPU
		{86F99167-3613-4776-BAC6-CB58D8FAF014}.Ad-Hoc|x64.Build.0 = Debug|Any CPU
		{86F99167-3613-4776-BAC6-CB58D8FAF014}.Ad-Hoc|x86.ActiveCfg = Debug|Any CPU
		{86F99167-3613-4776-BAC6-CB58D8FAF014}.Ad-Hoc|x86.Build.0 = Debug|Any CPU
		{86F99167-3613-4776-BAC6-CB58D8FAF014}.AppStore|Any CPU.ActiveCfg = Debug|Any CPU
		{86F99167-3613-4776-BAC6-CB58D8FAF014}.AppStore|Any CPU.Build.0 = Debug|Any CPU
		{86F99167-3613-4776-BAC6-CB58D8FAF014}.AppStore|AnyOS.ActiveCfg = Debug|Any CPU
		{86F99167-3613-4776-BAC6-CB58D8FAF014}.AppStore|AnyOS.Build.0 = Debug|Any CPU
		{86F99167-3613-4776-BAC6-CB58D8FAF014}.AppStore|ARM.ActiveCfg = Debug|Any CPU
		{86F99167-3613-4776-BAC6-CB58D8FAF014}.AppStore|ARM.Build.0 = Debug|Any CPU
		{86F99167-3613-4776-BAC6-CB58D8FAF014}.AppStore|iPhone.ActiveCfg = Debug|Any CPU
		{86F99167-3613-4776-BAC6-CB58D8FAF014}.AppStore|iPhone.Build.0 = Debug|Any CPU
		{86F99167-3613-4776-BAC6-CB58D8FAF014}.AppStore|iPhoneSimulator.ActiveCfg = Debug|Any CPU
		{86F99167-3613-4776-BAC6-CB58D8FAF014}.AppStore|iPhoneSimulator.Build.0 = Debug|Any CPU
		{86F99167-3613-4776-BAC6-CB58D8FAF014}.AppStore|Mixed Platforms.ActiveCfg = Debug|Any CPU
		{86F99167-3613-4776-BAC6-CB58D8FAF014}.AppStore|Mixed Platforms.Build.0 = Debug|Any CPU
		{86F99167-3613-4776-BAC6-CB58D8FAF014}.AppStore|Win32.ActiveCfg = Debug|Any CPU
		{86F99167-3613-4776-BAC6-CB58D8FAF014}.AppStore|Win32.Build.0 = Debug|Any CPU
		{86F99167-3613-4776-BAC6-CB58D8FAF014}.AppStore|Win64.ActiveCfg = Debug|Any CPU
		{86F99167-3613-4776-BAC6-CB58D8FAF014}.AppStore|Win64.Build.0 = Debug|Any CPU
		{86F99167-3613-4776-BAC6-CB58D8FAF014}.AppStore|x64.ActiveCfg = Debug|Any CPU
		{86F99167-3613-4776-BAC6-CB58D8FAF014}.AppStore|x64.Build.0 = Debug|Any CPU
		{86F99167-3613-4776-BAC6-CB58D8FAF014}.AppStore|x86.ActiveCfg = Debug|Any CPU
		{86F99167-3613-4776-BAC6-CB58D8FAF014}.AppStore|x86.Build.0 = Debug|Any CPU
		{86F99167-3613-4776-BAC6-CB58D8FAF014}.CD_ROM|Any CPU.ActiveCfg = Debug|Any CPU
		{86F99167-3613-4776-BAC6-CB58D8FAF014}.CD_ROM|Any CPU.Build.0 = Debug|Any CPU
		{86F99167-3613-4776-BAC6-CB58D8FAF014}.CD_ROM|AnyOS.ActiveCfg = Debug|Any CPU
		{86F99167-3613-4776-BAC6-CB58D8FAF014}.CD_ROM|AnyOS.Build.0 = Debug|Any CPU
		{86F99167-3613-4776-BAC6-CB58D8FAF014}.CD_ROM|ARM.ActiveCfg = Debug|Any CPU
		{86F99167-3613-4776-BAC6-CB58D8FAF014}.CD_ROM|ARM.Build.0 = Debug|Any CPU
		{86F99167-3613-4776-BAC6-CB58D8FAF014}.CD_ROM|iPhone.ActiveCfg = Debug|Any CPU
		{86F99167-3613-4776-BAC6-CB58D8FAF014}.CD_ROM|iPhone.Build.0 = Debug|Any CPU
		{86F99167-3613-4776-BAC6-CB58D8FAF014}.CD_ROM|iPhoneSimulator.ActiveCfg = Debug|Any CPU
		{86F99167-3613-4776-BAC6-CB58D8FAF014}.CD_ROM|iPhoneSimulator.Build.0 = Debug|Any CPU
		{86F99167-3613-4776-BAC6-CB58D8FAF014}.CD_ROM|Mixed Platforms.ActiveCfg = Debug|Any CPU
		{86F99167-3613-4776-BAC6-CB58D8FAF014}.CD_ROM|Mixed Platforms.Build.0 = Debug|Any CPU
		{86F99167-3613-4776-BAC6-CB58D8FAF014}.CD_ROM|Win32.ActiveCfg = Debug|Any CPU
		{86F99167-3613-4776-BAC6-CB58D8FAF014}.CD_ROM|Win32.Build.0 = Debug|Any CPU
		{86F99167-3613-4776-BAC6-CB58D8FAF014}.CD_ROM|Win64.ActiveCfg = Debug|Any CPU
		{86F99167-3613-4776-BAC6-CB58D8FAF014}.CD_ROM|Win64.Build.0 = Debug|Any CPU
		{86F99167-3613-4776-BAC6-CB58D8FAF014}.CD_ROM|x64.ActiveCfg = Debug|Any CPU
		{86F99167-3613-4776-BAC6-CB58D8FAF014}.CD_ROM|x64.Build.0 = Debug|Any CPU
		{86F99167-3613-4776-BAC6-CB58D8FAF014}.CD_ROM|x86.ActiveCfg = Debug|Any CPU
		{86F99167-3613-4776-BAC6-CB58D8FAF014}.CD_ROM|x86.Build.0 = Debug|Any CPU
		{86F99167-3613-4776-BAC6-CB58D8FAF014}.Debug|Any CPU.ActiveCfg = Debug|Any CPU
		{86F99167-3613-4776-BAC6-CB58D8FAF014}.Debug|Any CPU.Build.0 = Debug|Any CPU
		{86F99167-3613-4776-BAC6-CB58D8FAF014}.Debug|AnyOS.ActiveCfg = Debug|Any CPU
		{86F99167-3613-4776-BAC6-CB58D8FAF014}.Debug|AnyOS.Build.0 = Debug|Any CPU
		{86F99167-3613-4776-BAC6-CB58D8FAF014}.Debug|ARM.ActiveCfg = Debug|Any CPU
		{86F99167-3613-4776-BAC6-CB58D8FAF014}.Debug|ARM.Build.0 = Debug|Any CPU
		{86F99167-3613-4776-BAC6-CB58D8FAF014}.Debug|iPhone.ActiveCfg = Debug|Any CPU
		{86F99167-3613-4776-BAC6-CB58D8FAF014}.Debug|iPhone.Build.0 = Debug|Any CPU
		{86F99167-3613-4776-BAC6-CB58D8FAF014}.Debug|iPhoneSimulator.ActiveCfg = Debug|Any CPU
		{86F99167-3613-4776-BAC6-CB58D8FAF014}.Debug|iPhoneSimulator.Build.0 = Debug|Any CPU
		{86F99167-3613-4776-BAC6-CB58D8FAF014}.Debug|Mixed Platforms.ActiveCfg = Debug|Any CPU
		{86F99167-3613-4776-BAC6-CB58D8FAF014}.Debug|Mixed Platforms.Build.0 = Debug|Any CPU
		{86F99167-3613-4776-BAC6-CB58D8FAF014}.Debug|Win32.ActiveCfg = Debug|Any CPU
		{86F99167-3613-4776-BAC6-CB58D8FAF014}.Debug|Win32.Build.0 = Debug|Any CPU
		{86F99167-3613-4776-BAC6-CB58D8FAF014}.Debug|Win64.ActiveCfg = Debug|Any CPU
		{86F99167-3613-4776-BAC6-CB58D8FAF014}.Debug|Win64.Build.0 = Debug|Any CPU
		{86F99167-3613-4776-BAC6-CB58D8FAF014}.Debug|x64.ActiveCfg = Debug|Any CPU
		{86F99167-3613-4776-BAC6-CB58D8FAF014}.Debug|x64.Build.0 = Debug|Any CPU
		{86F99167-3613-4776-BAC6-CB58D8FAF014}.Debug|x86.ActiveCfg = Debug|Any CPU
		{86F99167-3613-4776-BAC6-CB58D8FAF014}.Debug|x86.Build.0 = Debug|Any CPU
		{86F99167-3613-4776-BAC6-CB58D8FAF014}.DVD-5|Any CPU.ActiveCfg = Debug|Any CPU
		{86F99167-3613-4776-BAC6-CB58D8FAF014}.DVD-5|Any CPU.Build.0 = Debug|Any CPU
		{86F99167-3613-4776-BAC6-CB58D8FAF014}.DVD-5|AnyOS.ActiveCfg = Debug|Any CPU
		{86F99167-3613-4776-BAC6-CB58D8FAF014}.DVD-5|AnyOS.Build.0 = Debug|Any CPU
		{86F99167-3613-4776-BAC6-CB58D8FAF014}.DVD-5|ARM.ActiveCfg = Debug|Any CPU
		{86F99167-3613-4776-BAC6-CB58D8FAF014}.DVD-5|ARM.Build.0 = Debug|Any CPU
		{86F99167-3613-4776-BAC6-CB58D8FAF014}.DVD-5|iPhone.ActiveCfg = Debug|Any CPU
		{86F99167-3613-4776-BAC6-CB58D8FAF014}.DVD-5|iPhone.Build.0 = Debug|Any CPU
		{86F99167-3613-4776-BAC6-CB58D8FAF014}.DVD-5|iPhoneSimulator.ActiveCfg = Debug|Any CPU
		{86F99167-3613-4776-BAC6-CB58D8FAF014}.DVD-5|iPhoneSimulator.Build.0 = Debug|Any CPU
		{86F99167-3613-4776-BAC6-CB58D8FAF014}.DVD-5|Mixed Platforms.ActiveCfg = Debug|Any CPU
		{86F99167-3613-4776-BAC6-CB58D8FAF014}.DVD-5|Mixed Platforms.Build.0 = Debug|Any CPU
		{86F99167-3613-4776-BAC6-CB58D8FAF014}.DVD-5|Win32.ActiveCfg = Debug|Any CPU
		{86F99167-3613-4776-BAC6-CB58D8FAF014}.DVD-5|Win32.Build.0 = Debug|Any CPU
		{86F99167-3613-4776-BAC6-CB58D8FAF014}.DVD-5|Win64.ActiveCfg = Debug|Any CPU
		{86F99167-3613-4776-BAC6-CB58D8FAF014}.DVD-5|Win64.Build.0 = Debug|Any CPU
		{86F99167-3613-4776-BAC6-CB58D8FAF014}.DVD-5|x64.ActiveCfg = Debug|Any CPU
		{86F99167-3613-4776-BAC6-CB58D8FAF014}.DVD-5|x64.Build.0 = Debug|Any CPU
		{86F99167-3613-4776-BAC6-CB58D8FAF014}.DVD-5|x86.ActiveCfg = Debug|Any CPU
		{86F99167-3613-4776-BAC6-CB58D8FAF014}.DVD-5|x86.Build.0 = Debug|Any CPU
		{86F99167-3613-4776-BAC6-CB58D8FAF014}.Mono Debug|Any CPU.ActiveCfg = Debug|Any CPU
		{86F99167-3613-4776-BAC6-CB58D8FAF014}.Mono Debug|Any CPU.Build.0 = Debug|Any CPU
		{86F99167-3613-4776-BAC6-CB58D8FAF014}.Mono Debug|AnyOS.ActiveCfg = Debug|Any CPU
		{86F99167-3613-4776-BAC6-CB58D8FAF014}.Mono Debug|AnyOS.Build.0 = Debug|Any CPU
		{86F99167-3613-4776-BAC6-CB58D8FAF014}.Mono Debug|ARM.ActiveCfg = Debug|Any CPU
		{86F99167-3613-4776-BAC6-CB58D8FAF014}.Mono Debug|ARM.Build.0 = Debug|Any CPU
		{86F99167-3613-4776-BAC6-CB58D8FAF014}.Mono Debug|iPhone.ActiveCfg = Debug|Any CPU
		{86F99167-3613-4776-BAC6-CB58D8FAF014}.Mono Debug|iPhone.Build.0 = Debug|Any CPU
		{86F99167-3613-4776-BAC6-CB58D8FAF014}.Mono Debug|iPhoneSimulator.ActiveCfg = Debug|Any CPU
		{86F99167-3613-4776-BAC6-CB58D8FAF014}.Mono Debug|iPhoneSimulator.Build.0 = Debug|Any CPU
		{86F99167-3613-4776-BAC6-CB58D8FAF014}.Mono Debug|Mixed Platforms.ActiveCfg = Debug|Any CPU
		{86F99167-3613-4776-BAC6-CB58D8FAF014}.Mono Debug|Mixed Platforms.Build.0 = Debug|Any CPU
		{86F99167-3613-4776-BAC6-CB58D8FAF014}.Mono Debug|Win32.ActiveCfg = Debug|Any CPU
		{86F99167-3613-4776-BAC6-CB58D8FAF014}.Mono Debug|Win32.Build.0 = Debug|Any CPU
		{86F99167-3613-4776-BAC6-CB58D8FAF014}.Mono Debug|Win64.ActiveCfg = Debug|Any CPU
		{86F99167-3613-4776-BAC6-CB58D8FAF014}.Mono Debug|Win64.Build.0 = Debug|Any CPU
		{86F99167-3613-4776-BAC6-CB58D8FAF014}.Mono Debug|x64.ActiveCfg = Debug|Any CPU
		{86F99167-3613-4776-BAC6-CB58D8FAF014}.Mono Debug|x64.Build.0 = Debug|Any CPU
		{86F99167-3613-4776-BAC6-CB58D8FAF014}.Mono Debug|x86.ActiveCfg = Debug|Any CPU
		{86F99167-3613-4776-BAC6-CB58D8FAF014}.Mono Debug|x86.Build.0 = Debug|Any CPU
		{86F99167-3613-4776-BAC6-CB58D8FAF014}.Mono Release|Any CPU.ActiveCfg = Release|Any CPU
		{86F99167-3613-4776-BAC6-CB58D8FAF014}.Mono Release|Any CPU.Build.0 = Release|Any CPU
		{86F99167-3613-4776-BAC6-CB58D8FAF014}.Mono Release|AnyOS.ActiveCfg = Release|Any CPU
		{86F99167-3613-4776-BAC6-CB58D8FAF014}.Mono Release|AnyOS.Build.0 = Release|Any CPU
		{86F99167-3613-4776-BAC6-CB58D8FAF014}.Mono Release|ARM.ActiveCfg = Release|Any CPU
		{86F99167-3613-4776-BAC6-CB58D8FAF014}.Mono Release|ARM.Build.0 = Release|Any CPU
		{86F99167-3613-4776-BAC6-CB58D8FAF014}.Mono Release|iPhone.ActiveCfg = Release|Any CPU
		{86F99167-3613-4776-BAC6-CB58D8FAF014}.Mono Release|iPhone.Build.0 = Release|Any CPU
		{86F99167-3613-4776-BAC6-CB58D8FAF014}.Mono Release|iPhoneSimulator.ActiveCfg = Release|Any CPU
		{86F99167-3613-4776-BAC6-CB58D8FAF014}.Mono Release|iPhoneSimulator.Build.0 = Release|Any CPU
		{86F99167-3613-4776-BAC6-CB58D8FAF014}.Mono Release|Mixed Platforms.ActiveCfg = Release|Any CPU
		{86F99167-3613-4776-BAC6-CB58D8FAF014}.Mono Release|Mixed Platforms.Build.0 = Release|Any CPU
		{86F99167-3613-4776-BAC6-CB58D8FAF014}.Mono Release|Win32.ActiveCfg = Release|Any CPU
		{86F99167-3613-4776-BAC6-CB58D8FAF014}.Mono Release|Win32.Build.0 = Release|Any CPU
		{86F99167-3613-4776-BAC6-CB58D8FAF014}.Mono Release|Win64.ActiveCfg = Release|Any CPU
		{86F99167-3613-4776-BAC6-CB58D8FAF014}.Mono Release|Win64.Build.0 = Release|Any CPU
		{86F99167-3613-4776-BAC6-CB58D8FAF014}.Mono Release|x64.ActiveCfg = Release|Any CPU
		{86F99167-3613-4776-BAC6-CB58D8FAF014}.Mono Release|x64.Build.0 = Release|Any CPU
		{86F99167-3613-4776-BAC6-CB58D8FAF014}.Mono Release|x86.ActiveCfg = Release|Any CPU
		{86F99167-3613-4776-BAC6-CB58D8FAF014}.Mono Release|x86.Build.0 = Release|Any CPU
		{86F99167-3613-4776-BAC6-CB58D8FAF014}.Release|Any CPU.ActiveCfg = Release|Any CPU
		{86F99167-3613-4776-BAC6-CB58D8FAF014}.Release|Any CPU.Build.0 = Release|Any CPU
		{86F99167-3613-4776-BAC6-CB58D8FAF014}.Release|AnyOS.ActiveCfg = Release|Any CPU
		{86F99167-3613-4776-BAC6-CB58D8FAF014}.Release|AnyOS.Build.0 = Release|Any CPU
		{86F99167-3613-4776-BAC6-CB58D8FAF014}.Release|ARM.ActiveCfg = Release|Any CPU
		{86F99167-3613-4776-BAC6-CB58D8FAF014}.Release|ARM.Build.0 = Release|Any CPU
		{86F99167-3613-4776-BAC6-CB58D8FAF014}.Release|iPhone.ActiveCfg = Release|Any CPU
		{86F99167-3613-4776-BAC6-CB58D8FAF014}.Release|iPhone.Build.0 = Release|Any CPU
		{86F99167-3613-4776-BAC6-CB58D8FAF014}.Release|iPhoneSimulator.ActiveCfg = Release|Any CPU
		{86F99167-3613-4776-BAC6-CB58D8FAF014}.Release|iPhoneSimulator.Build.0 = Release|Any CPU
		{86F99167-3613-4776-BAC6-CB58D8FAF014}.Release|Mixed Platforms.ActiveCfg = Release|Any CPU
		{86F99167-3613-4776-BAC6-CB58D8FAF014}.Release|Mixed Platforms.Build.0 = Release|Any CPU
		{86F99167-3613-4776-BAC6-CB58D8FAF014}.Release|Win32.ActiveCfg = Release|Any CPU
		{86F99167-3613-4776-BAC6-CB58D8FAF014}.Release|Win32.Build.0 = Release|Any CPU
		{86F99167-3613-4776-BAC6-CB58D8FAF014}.Release|Win64.ActiveCfg = Release|Any CPU
		{86F99167-3613-4776-BAC6-CB58D8FAF014}.Release|Win64.Build.0 = Release|Any CPU
		{86F99167-3613-4776-BAC6-CB58D8FAF014}.Release|x64.ActiveCfg = Release|Any CPU
		{86F99167-3613-4776-BAC6-CB58D8FAF014}.Release|x64.Build.0 = Release|Any CPU
		{86F99167-3613-4776-BAC6-CB58D8FAF014}.Release|x86.ActiveCfg = Release|Any CPU
		{86F99167-3613-4776-BAC6-CB58D8FAF014}.Release|x86.Build.0 = Release|Any CPU
		{86F99167-3613-4776-BAC6-CB58D8FAF014}.SingleImage|Any CPU.ActiveCfg = Debug|Any CPU
		{86F99167-3613-4776-BAC6-CB58D8FAF014}.SingleImage|Any CPU.Build.0 = Debug|Any CPU
		{86F99167-3613-4776-BAC6-CB58D8FAF014}.SingleImage|AnyOS.ActiveCfg = Debug|Any CPU
		{86F99167-3613-4776-BAC6-CB58D8FAF014}.SingleImage|AnyOS.Build.0 = Debug|Any CPU
		{86F99167-3613-4776-BAC6-CB58D8FAF014}.SingleImage|ARM.ActiveCfg = Debug|Any CPU
		{86F99167-3613-4776-BAC6-CB58D8FAF014}.SingleImage|ARM.Build.0 = Debug|Any CPU
		{86F99167-3613-4776-BAC6-CB58D8FAF014}.SingleImage|iPhone.ActiveCfg = Debug|Any CPU
		{86F99167-3613-4776-BAC6-CB58D8FAF014}.SingleImage|iPhone.Build.0 = Debug|Any CPU
		{86F99167-3613-4776-BAC6-CB58D8FAF014}.SingleImage|iPhoneSimulator.ActiveCfg = Debug|Any CPU
		{86F99167-3613-4776-BAC6-CB58D8FAF014}.SingleImage|iPhoneSimulator.Build.0 = Debug|Any CPU
		{86F99167-3613-4776-BAC6-CB58D8FAF014}.SingleImage|Mixed Platforms.ActiveCfg = Debug|Any CPU
		{86F99167-3613-4776-BAC6-CB58D8FAF014}.SingleImage|Mixed Platforms.Build.0 = Debug|Any CPU
		{86F99167-3613-4776-BAC6-CB58D8FAF014}.SingleImage|Win32.ActiveCfg = Debug|Any CPU
		{86F99167-3613-4776-BAC6-CB58D8FAF014}.SingleImage|Win32.Build.0 = Debug|Any CPU
		{86F99167-3613-4776-BAC6-CB58D8FAF014}.SingleImage|Win64.ActiveCfg = Debug|Any CPU
		{86F99167-3613-4776-BAC6-CB58D8FAF014}.SingleImage|Win64.Build.0 = Debug|Any CPU
		{86F99167-3613-4776-BAC6-CB58D8FAF014}.SingleImage|x64.ActiveCfg = Debug|Any CPU
		{86F99167-3613-4776-BAC6-CB58D8FAF014}.SingleImage|x64.Build.0 = Debug|Any CPU
		{86F99167-3613-4776-BAC6-CB58D8FAF014}.SingleImage|x86.ActiveCfg = Debug|Any CPU
		{86F99167-3613-4776-BAC6-CB58D8FAF014}.SingleImage|x86.Build.0 = Debug|Any CPU
		{86F99167-3613-4776-BAC6-CB58D8FAF014}.Testing|Any CPU.ActiveCfg = Debug|Any CPU
		{86F99167-3613-4776-BAC6-CB58D8FAF014}.Testing|Any CPU.Build.0 = Debug|Any CPU
		{86F99167-3613-4776-BAC6-CB58D8FAF014}.Testing|AnyOS.ActiveCfg = Debug|Any CPU
		{86F99167-3613-4776-BAC6-CB58D8FAF014}.Testing|AnyOS.Build.0 = Debug|Any CPU
		{86F99167-3613-4776-BAC6-CB58D8FAF014}.Testing|ARM.ActiveCfg = Debug|Any CPU
		{86F99167-3613-4776-BAC6-CB58D8FAF014}.Testing|ARM.Build.0 = Debug|Any CPU
		{86F99167-3613-4776-BAC6-CB58D8FAF014}.Testing|iPhone.ActiveCfg = Debug|Any CPU
		{86F99167-3613-4776-BAC6-CB58D8FAF014}.Testing|iPhone.Build.0 = Debug|Any CPU
		{86F99167-3613-4776-BAC6-CB58D8FAF014}.Testing|iPhoneSimulator.ActiveCfg = Debug|Any CPU
		{86F99167-3613-4776-BAC6-CB58D8FAF014}.Testing|iPhoneSimulator.Build.0 = Debug|Any CPU
		{86F99167-3613-4776-BAC6-CB58D8FAF014}.Testing|Mixed Platforms.ActiveCfg = Debug|Any CPU
		{86F99167-3613-4776-BAC6-CB58D8FAF014}.Testing|Mixed Platforms.Build.0 = Debug|Any CPU
		{86F99167-3613-4776-BAC6-CB58D8FAF014}.Testing|Win32.ActiveCfg = Debug|Any CPU
		{86F99167-3613-4776-BAC6-CB58D8FAF014}.Testing|Win32.Build.0 = Debug|Any CPU
		{86F99167-3613-4776-BAC6-CB58D8FAF014}.Testing|Win64.ActiveCfg = Debug|Any CPU
		{86F99167-3613-4776-BAC6-CB58D8FAF014}.Testing|Win64.Build.0 = Debug|Any CPU
		{86F99167-3613-4776-BAC6-CB58D8FAF014}.Testing|x64.ActiveCfg = Debug|Any CPU
		{86F99167-3613-4776-BAC6-CB58D8FAF014}.Testing|x64.Build.0 = Debug|Any CPU
		{86F99167-3613-4776-BAC6-CB58D8FAF014}.Testing|x86.ActiveCfg = Debug|Any CPU
		{86F99167-3613-4776-BAC6-CB58D8FAF014}.Testing|x86.Build.0 = Debug|Any CPU
		{6FEB48C9-0EF8-4AC1-8C60-B256F2D7D38C}.Ad-Hoc|Any CPU.ActiveCfg = Debug|Any CPU
		{6FEB48C9-0EF8-4AC1-8C60-B256F2D7D38C}.Ad-Hoc|Any CPU.Build.0 = Debug|Any CPU
		{6FEB48C9-0EF8-4AC1-8C60-B256F2D7D38C}.Ad-Hoc|AnyOS.ActiveCfg = Debug|Any CPU
		{6FEB48C9-0EF8-4AC1-8C60-B256F2D7D38C}.Ad-Hoc|AnyOS.Build.0 = Debug|Any CPU
		{6FEB48C9-0EF8-4AC1-8C60-B256F2D7D38C}.Ad-Hoc|ARM.ActiveCfg = Debug|Any CPU
		{6FEB48C9-0EF8-4AC1-8C60-B256F2D7D38C}.Ad-Hoc|ARM.Build.0 = Debug|Any CPU
		{6FEB48C9-0EF8-4AC1-8C60-B256F2D7D38C}.Ad-Hoc|iPhone.ActiveCfg = Debug|Any CPU
		{6FEB48C9-0EF8-4AC1-8C60-B256F2D7D38C}.Ad-Hoc|iPhone.Build.0 = Debug|Any CPU
		{6FEB48C9-0EF8-4AC1-8C60-B256F2D7D38C}.Ad-Hoc|iPhoneSimulator.ActiveCfg = Debug|Any CPU
		{6FEB48C9-0EF8-4AC1-8C60-B256F2D7D38C}.Ad-Hoc|iPhoneSimulator.Build.0 = Debug|Any CPU
		{6FEB48C9-0EF8-4AC1-8C60-B256F2D7D38C}.Ad-Hoc|Mixed Platforms.ActiveCfg = Debug|Any CPU
		{6FEB48C9-0EF8-4AC1-8C60-B256F2D7D38C}.Ad-Hoc|Mixed Platforms.Build.0 = Debug|Any CPU
		{6FEB48C9-0EF8-4AC1-8C60-B256F2D7D38C}.Ad-Hoc|Win32.ActiveCfg = Debug|Any CPU
		{6FEB48C9-0EF8-4AC1-8C60-B256F2D7D38C}.Ad-Hoc|Win32.Build.0 = Debug|Any CPU
		{6FEB48C9-0EF8-4AC1-8C60-B256F2D7D38C}.Ad-Hoc|Win64.ActiveCfg = Debug|Any CPU
		{6FEB48C9-0EF8-4AC1-8C60-B256F2D7D38C}.Ad-Hoc|Win64.Build.0 = Debug|Any CPU
		{6FEB48C9-0EF8-4AC1-8C60-B256F2D7D38C}.Ad-Hoc|x64.ActiveCfg = Debug|Any CPU
		{6FEB48C9-0EF8-4AC1-8C60-B256F2D7D38C}.Ad-Hoc|x64.Build.0 = Debug|Any CPU
		{6FEB48C9-0EF8-4AC1-8C60-B256F2D7D38C}.Ad-Hoc|x86.ActiveCfg = Debug|Any CPU
		{6FEB48C9-0EF8-4AC1-8C60-B256F2D7D38C}.Ad-Hoc|x86.Build.0 = Debug|Any CPU
		{6FEB48C9-0EF8-4AC1-8C60-B256F2D7D38C}.AppStore|Any CPU.ActiveCfg = Debug|Any CPU
		{6FEB48C9-0EF8-4AC1-8C60-B256F2D7D38C}.AppStore|Any CPU.Build.0 = Debug|Any CPU
		{6FEB48C9-0EF8-4AC1-8C60-B256F2D7D38C}.AppStore|AnyOS.ActiveCfg = Debug|Any CPU
		{6FEB48C9-0EF8-4AC1-8C60-B256F2D7D38C}.AppStore|AnyOS.Build.0 = Debug|Any CPU
		{6FEB48C9-0EF8-4AC1-8C60-B256F2D7D38C}.AppStore|ARM.ActiveCfg = Debug|Any CPU
		{6FEB48C9-0EF8-4AC1-8C60-B256F2D7D38C}.AppStore|ARM.Build.0 = Debug|Any CPU
		{6FEB48C9-0EF8-4AC1-8C60-B256F2D7D38C}.AppStore|iPhone.ActiveCfg = Debug|Any CPU
		{6FEB48C9-0EF8-4AC1-8C60-B256F2D7D38C}.AppStore|iPhone.Build.0 = Debug|Any CPU
		{6FEB48C9-0EF8-4AC1-8C60-B256F2D7D38C}.AppStore|iPhoneSimulator.ActiveCfg = Debug|Any CPU
		{6FEB48C9-0EF8-4AC1-8C60-B256F2D7D38C}.AppStore|iPhoneSimulator.Build.0 = Debug|Any CPU
		{6FEB48C9-0EF8-4AC1-8C60-B256F2D7D38C}.AppStore|Mixed Platforms.ActiveCfg = Debug|Any CPU
		{6FEB48C9-0EF8-4AC1-8C60-B256F2D7D38C}.AppStore|Mixed Platforms.Build.0 = Debug|Any CPU
		{6FEB48C9-0EF8-4AC1-8C60-B256F2D7D38C}.AppStore|Win32.ActiveCfg = Debug|Any CPU
		{6FEB48C9-0EF8-4AC1-8C60-B256F2D7D38C}.AppStore|Win32.Build.0 = Debug|Any CPU
		{6FEB48C9-0EF8-4AC1-8C60-B256F2D7D38C}.AppStore|Win64.ActiveCfg = Debug|Any CPU
		{6FEB48C9-0EF8-4AC1-8C60-B256F2D7D38C}.AppStore|Win64.Build.0 = Debug|Any CPU
		{6FEB48C9-0EF8-4AC1-8C60-B256F2D7D38C}.AppStore|x64.ActiveCfg = Debug|Any CPU
		{6FEB48C9-0EF8-4AC1-8C60-B256F2D7D38C}.AppStore|x64.Build.0 = Debug|Any CPU
		{6FEB48C9-0EF8-4AC1-8C60-B256F2D7D38C}.AppStore|x86.ActiveCfg = Debug|Any CPU
		{6FEB48C9-0EF8-4AC1-8C60-B256F2D7D38C}.AppStore|x86.Build.0 = Debug|Any CPU
		{6FEB48C9-0EF8-4AC1-8C60-B256F2D7D38C}.CD_ROM|Any CPU.ActiveCfg = Debug|Any CPU
		{6FEB48C9-0EF8-4AC1-8C60-B256F2D7D38C}.CD_ROM|Any CPU.Build.0 = Debug|Any CPU
		{6FEB48C9-0EF8-4AC1-8C60-B256F2D7D38C}.CD_ROM|AnyOS.ActiveCfg = Debug|Any CPU
		{6FEB48C9-0EF8-4AC1-8C60-B256F2D7D38C}.CD_ROM|AnyOS.Build.0 = Debug|Any CPU
		{6FEB48C9-0EF8-4AC1-8C60-B256F2D7D38C}.CD_ROM|ARM.ActiveCfg = Debug|Any CPU
		{6FEB48C9-0EF8-4AC1-8C60-B256F2D7D38C}.CD_ROM|ARM.Build.0 = Debug|Any CPU
		{6FEB48C9-0EF8-4AC1-8C60-B256F2D7D38C}.CD_ROM|iPhone.ActiveCfg = Debug|Any CPU
		{6FEB48C9-0EF8-4AC1-8C60-B256F2D7D38C}.CD_ROM|iPhone.Build.0 = Debug|Any CPU
		{6FEB48C9-0EF8-4AC1-8C60-B256F2D7D38C}.CD_ROM|iPhoneSimulator.ActiveCfg = Debug|Any CPU
		{6FEB48C9-0EF8-4AC1-8C60-B256F2D7D38C}.CD_ROM|iPhoneSimulator.Build.0 = Debug|Any CPU
		{6FEB48C9-0EF8-4AC1-8C60-B256F2D7D38C}.CD_ROM|Mixed Platforms.ActiveCfg = Debug|Any CPU
		{6FEB48C9-0EF8-4AC1-8C60-B256F2D7D38C}.CD_ROM|Mixed Platforms.Build.0 = Debug|Any CPU
		{6FEB48C9-0EF8-4AC1-8C60-B256F2D7D38C}.CD_ROM|Win32.ActiveCfg = Debug|Any CPU
		{6FEB48C9-0EF8-4AC1-8C60-B256F2D7D38C}.CD_ROM|Win32.Build.0 = Debug|Any CPU
		{6FEB48C9-0EF8-4AC1-8C60-B256F2D7D38C}.CD_ROM|Win64.ActiveCfg = Debug|Any CPU
		{6FEB48C9-0EF8-4AC1-8C60-B256F2D7D38C}.CD_ROM|Win64.Build.0 = Debug|Any CPU
		{6FEB48C9-0EF8-4AC1-8C60-B256F2D7D38C}.CD_ROM|x64.ActiveCfg = Debug|Any CPU
		{6FEB48C9-0EF8-4AC1-8C60-B256F2D7D38C}.CD_ROM|x64.Build.0 = Debug|Any CPU
		{6FEB48C9-0EF8-4AC1-8C60-B256F2D7D38C}.CD_ROM|x86.ActiveCfg = Debug|Any CPU
		{6FEB48C9-0EF8-4AC1-8C60-B256F2D7D38C}.CD_ROM|x86.Build.0 = Debug|Any CPU
		{6FEB48C9-0EF8-4AC1-8C60-B256F2D7D38C}.Debug|Any CPU.ActiveCfg = Debug|Any CPU
		{6FEB48C9-0EF8-4AC1-8C60-B256F2D7D38C}.Debug|Any CPU.Build.0 = Debug|Any CPU
		{6FEB48C9-0EF8-4AC1-8C60-B256F2D7D38C}.Debug|AnyOS.ActiveCfg = Debug|Any CPU
		{6FEB48C9-0EF8-4AC1-8C60-B256F2D7D38C}.Debug|AnyOS.Build.0 = Debug|Any CPU
		{6FEB48C9-0EF8-4AC1-8C60-B256F2D7D38C}.Debug|ARM.ActiveCfg = Debug|Any CPU
		{6FEB48C9-0EF8-4AC1-8C60-B256F2D7D38C}.Debug|ARM.Build.0 = Debug|Any CPU
		{6FEB48C9-0EF8-4AC1-8C60-B256F2D7D38C}.Debug|iPhone.ActiveCfg = Debug|Any CPU
		{6FEB48C9-0EF8-4AC1-8C60-B256F2D7D38C}.Debug|iPhone.Build.0 = Debug|Any CPU
		{6FEB48C9-0EF8-4AC1-8C60-B256F2D7D38C}.Debug|iPhoneSimulator.ActiveCfg = Debug|Any CPU
		{6FEB48C9-0EF8-4AC1-8C60-B256F2D7D38C}.Debug|iPhoneSimulator.Build.0 = Debug|Any CPU
		{6FEB48C9-0EF8-4AC1-8C60-B256F2D7D38C}.Debug|Mixed Platforms.ActiveCfg = Debug|Any CPU
		{6FEB48C9-0EF8-4AC1-8C60-B256F2D7D38C}.Debug|Mixed Platforms.Build.0 = Debug|Any CPU
		{6FEB48C9-0EF8-4AC1-8C60-B256F2D7D38C}.Debug|Win32.ActiveCfg = Debug|Any CPU
		{6FEB48C9-0EF8-4AC1-8C60-B256F2D7D38C}.Debug|Win32.Build.0 = Debug|Any CPU
		{6FEB48C9-0EF8-4AC1-8C60-B256F2D7D38C}.Debug|Win64.ActiveCfg = Debug|Any CPU
		{6FEB48C9-0EF8-4AC1-8C60-B256F2D7D38C}.Debug|Win64.Build.0 = Debug|Any CPU
		{6FEB48C9-0EF8-4AC1-8C60-B256F2D7D38C}.Debug|x64.ActiveCfg = Debug|Any CPU
		{6FEB48C9-0EF8-4AC1-8C60-B256F2D7D38C}.Debug|x64.Build.0 = Debug|Any CPU
		{6FEB48C9-0EF8-4AC1-8C60-B256F2D7D38C}.Debug|x86.ActiveCfg = Debug|Any CPU
		{6FEB48C9-0EF8-4AC1-8C60-B256F2D7D38C}.Debug|x86.Build.0 = Debug|Any CPU
		{6FEB48C9-0EF8-4AC1-8C60-B256F2D7D38C}.DVD-5|Any CPU.ActiveCfg = Debug|Any CPU
		{6FEB48C9-0EF8-4AC1-8C60-B256F2D7D38C}.DVD-5|Any CPU.Build.0 = Debug|Any CPU
		{6FEB48C9-0EF8-4AC1-8C60-B256F2D7D38C}.DVD-5|AnyOS.ActiveCfg = Debug|Any CPU
		{6FEB48C9-0EF8-4AC1-8C60-B256F2D7D38C}.DVD-5|AnyOS.Build.0 = Debug|Any CPU
		{6FEB48C9-0EF8-4AC1-8C60-B256F2D7D38C}.DVD-5|ARM.ActiveCfg = Debug|Any CPU
		{6FEB48C9-0EF8-4AC1-8C60-B256F2D7D38C}.DVD-5|ARM.Build.0 = Debug|Any CPU
		{6FEB48C9-0EF8-4AC1-8C60-B256F2D7D38C}.DVD-5|iPhone.ActiveCfg = Debug|Any CPU
		{6FEB48C9-0EF8-4AC1-8C60-B256F2D7D38C}.DVD-5|iPhone.Build.0 = Debug|Any CPU
		{6FEB48C9-0EF8-4AC1-8C60-B256F2D7D38C}.DVD-5|iPhoneSimulator.ActiveCfg = Debug|Any CPU
		{6FEB48C9-0EF8-4AC1-8C60-B256F2D7D38C}.DVD-5|iPhoneSimulator.Build.0 = Debug|Any CPU
		{6FEB48C9-0EF8-4AC1-8C60-B256F2D7D38C}.DVD-5|Mixed Platforms.ActiveCfg = Debug|Any CPU
		{6FEB48C9-0EF8-4AC1-8C60-B256F2D7D38C}.DVD-5|Mixed Platforms.Build.0 = Debug|Any CPU
		{6FEB48C9-0EF8-4AC1-8C60-B256F2D7D38C}.DVD-5|Win32.ActiveCfg = Debug|Any CPU
		{6FEB48C9-0EF8-4AC1-8C60-B256F2D7D38C}.DVD-5|Win32.Build.0 = Debug|Any CPU
		{6FEB48C9-0EF8-4AC1-8C60-B256F2D7D38C}.DVD-5|Win64.ActiveCfg = Debug|Any CPU
		{6FEB48C9-0EF8-4AC1-8C60-B256F2D7D38C}.DVD-5|Win64.Build.0 = Debug|Any CPU
		{6FEB48C9-0EF8-4AC1-8C60-B256F2D7D38C}.DVD-5|x64.ActiveCfg = Debug|Any CPU
		{6FEB48C9-0EF8-4AC1-8C60-B256F2D7D38C}.DVD-5|x64.Build.0 = Debug|Any CPU
		{6FEB48C9-0EF8-4AC1-8C60-B256F2D7D38C}.DVD-5|x86.ActiveCfg = Debug|Any CPU
		{6FEB48C9-0EF8-4AC1-8C60-B256F2D7D38C}.DVD-5|x86.Build.0 = Debug|Any CPU
		{6FEB48C9-0EF8-4AC1-8C60-B256F2D7D38C}.Mono Debug|Any CPU.ActiveCfg = Debug|Any CPU
		{6FEB48C9-0EF8-4AC1-8C60-B256F2D7D38C}.Mono Debug|Any CPU.Build.0 = Debug|Any CPU
		{6FEB48C9-0EF8-4AC1-8C60-B256F2D7D38C}.Mono Debug|AnyOS.ActiveCfg = Debug|Any CPU
		{6FEB48C9-0EF8-4AC1-8C60-B256F2D7D38C}.Mono Debug|AnyOS.Build.0 = Debug|Any CPU
		{6FEB48C9-0EF8-4AC1-8C60-B256F2D7D38C}.Mono Debug|ARM.ActiveCfg = Debug|Any CPU
		{6FEB48C9-0EF8-4AC1-8C60-B256F2D7D38C}.Mono Debug|ARM.Build.0 = Debug|Any CPU
		{6FEB48C9-0EF8-4AC1-8C60-B256F2D7D38C}.Mono Debug|iPhone.ActiveCfg = Debug|Any CPU
		{6FEB48C9-0EF8-4AC1-8C60-B256F2D7D38C}.Mono Debug|iPhone.Build.0 = Debug|Any CPU
		{6FEB48C9-0EF8-4AC1-8C60-B256F2D7D38C}.Mono Debug|iPhoneSimulator.ActiveCfg = Debug|Any CPU
		{6FEB48C9-0EF8-4AC1-8C60-B256F2D7D38C}.Mono Debug|iPhoneSimulator.Build.0 = Debug|Any CPU
		{6FEB48C9-0EF8-4AC1-8C60-B256F2D7D38C}.Mono Debug|Mixed Platforms.ActiveCfg = Debug|Any CPU
		{6FEB48C9-0EF8-4AC1-8C60-B256F2D7D38C}.Mono Debug|Mixed Platforms.Build.0 = Debug|Any CPU
		{6FEB48C9-0EF8-4AC1-8C60-B256F2D7D38C}.Mono Debug|Win32.ActiveCfg = Debug|Any CPU
		{6FEB48C9-0EF8-4AC1-8C60-B256F2D7D38C}.Mono Debug|Win32.Build.0 = Debug|Any CPU
		{6FEB48C9-0EF8-4AC1-8C60-B256F2D7D38C}.Mono Debug|Win64.ActiveCfg = Debug|Any CPU
		{6FEB48C9-0EF8-4AC1-8C60-B256F2D7D38C}.Mono Debug|Win64.Build.0 = Debug|Any CPU
		{6FEB48C9-0EF8-4AC1-8C60-B256F2D7D38C}.Mono Debug|x64.ActiveCfg = Debug|Any CPU
		{6FEB48C9-0EF8-4AC1-8C60-B256F2D7D38C}.Mono Debug|x64.Build.0 = Debug|Any CPU
		{6FEB48C9-0EF8-4AC1-8C60-B256F2D7D38C}.Mono Debug|x86.ActiveCfg = Debug|Any CPU
		{6FEB48C9-0EF8-4AC1-8C60-B256F2D7D38C}.Mono Debug|x86.Build.0 = Debug|Any CPU
		{6FEB48C9-0EF8-4AC1-8C60-B256F2D7D38C}.Mono Release|Any CPU.ActiveCfg = Release|Any CPU
		{6FEB48C9-0EF8-4AC1-8C60-B256F2D7D38C}.Mono Release|Any CPU.Build.0 = Release|Any CPU
		{6FEB48C9-0EF8-4AC1-8C60-B256F2D7D38C}.Mono Release|AnyOS.ActiveCfg = Release|Any CPU
		{6FEB48C9-0EF8-4AC1-8C60-B256F2D7D38C}.Mono Release|AnyOS.Build.0 = Release|Any CPU
		{6FEB48C9-0EF8-4AC1-8C60-B256F2D7D38C}.Mono Release|ARM.ActiveCfg = Release|Any CPU
		{6FEB48C9-0EF8-4AC1-8C60-B256F2D7D38C}.Mono Release|ARM.Build.0 = Release|Any CPU
		{6FEB48C9-0EF8-4AC1-8C60-B256F2D7D38C}.Mono Release|iPhone.ActiveCfg = Release|Any CPU
		{6FEB48C9-0EF8-4AC1-8C60-B256F2D7D38C}.Mono Release|iPhone.Build.0 = Release|Any CPU
		{6FEB48C9-0EF8-4AC1-8C60-B256F2D7D38C}.Mono Release|iPhoneSimulator.ActiveCfg = Release|Any CPU
		{6FEB48C9-0EF8-4AC1-8C60-B256F2D7D38C}.Mono Release|iPhoneSimulator.Build.0 = Release|Any CPU
		{6FEB48C9-0EF8-4AC1-8C60-B256F2D7D38C}.Mono Release|Mixed Platforms.ActiveCfg = Release|Any CPU
		{6FEB48C9-0EF8-4AC1-8C60-B256F2D7D38C}.Mono Release|Mixed Platforms.Build.0 = Release|Any CPU
		{6FEB48C9-0EF8-4AC1-8C60-B256F2D7D38C}.Mono Release|Win32.ActiveCfg = Release|Any CPU
		{6FEB48C9-0EF8-4AC1-8C60-B256F2D7D38C}.Mono Release|Win32.Build.0 = Release|Any CPU
		{6FEB48C9-0EF8-4AC1-8C60-B256F2D7D38C}.Mono Release|Win64.ActiveCfg = Release|Any CPU
		{6FEB48C9-0EF8-4AC1-8C60-B256F2D7D38C}.Mono Release|Win64.Build.0 = Release|Any CPU
		{6FEB48C9-0EF8-4AC1-8C60-B256F2D7D38C}.Mono Release|x64.ActiveCfg = Release|Any CPU
		{6FEB48C9-0EF8-4AC1-8C60-B256F2D7D38C}.Mono Release|x64.Build.0 = Release|Any CPU
		{6FEB48C9-0EF8-4AC1-8C60-B256F2D7D38C}.Mono Release|x86.ActiveCfg = Release|Any CPU
		{6FEB48C9-0EF8-4AC1-8C60-B256F2D7D38C}.Mono Release|x86.Build.0 = Release|Any CPU
		{6FEB48C9-0EF8-4AC1-8C60-B256F2D7D38C}.Release|Any CPU.ActiveCfg = Release|Any CPU
		{6FEB48C9-0EF8-4AC1-8C60-B256F2D7D38C}.Release|Any CPU.Build.0 = Release|Any CPU
		{6FEB48C9-0EF8-4AC1-8C60-B256F2D7D38C}.Release|AnyOS.ActiveCfg = Release|Any CPU
		{6FEB48C9-0EF8-4AC1-8C60-B256F2D7D38C}.Release|AnyOS.Build.0 = Release|Any CPU
		{6FEB48C9-0EF8-4AC1-8C60-B256F2D7D38C}.Release|ARM.ActiveCfg = Release|Any CPU
		{6FEB48C9-0EF8-4AC1-8C60-B256F2D7D38C}.Release|ARM.Build.0 = Release|Any CPU
		{6FEB48C9-0EF8-4AC1-8C60-B256F2D7D38C}.Release|iPhone.ActiveCfg = Release|Any CPU
		{6FEB48C9-0EF8-4AC1-8C60-B256F2D7D38C}.Release|iPhone.Build.0 = Release|Any CPU
		{6FEB48C9-0EF8-4AC1-8C60-B256F2D7D38C}.Release|iPhoneSimulator.ActiveCfg = Release|Any CPU
		{6FEB48C9-0EF8-4AC1-8C60-B256F2D7D38C}.Release|iPhoneSimulator.Build.0 = Release|Any CPU
		{6FEB48C9-0EF8-4AC1-8C60-B256F2D7D38C}.Release|Mixed Platforms.ActiveCfg = Release|Any CPU
		{6FEB48C9-0EF8-4AC1-8C60-B256F2D7D38C}.Release|Mixed Platforms.Build.0 = Release|Any CPU
		{6FEB48C9-0EF8-4AC1-8C60-B256F2D7D38C}.Release|Win32.ActiveCfg = Release|Any CPU
		{6FEB48C9-0EF8-4AC1-8C60-B256F2D7D38C}.Release|Win32.Build.0 = Release|Any CPU
		{6FEB48C9-0EF8-4AC1-8C60-B256F2D7D38C}.Release|Win64.ActiveCfg = Release|Any CPU
		{6FEB48C9-0EF8-4AC1-8C60-B256F2D7D38C}.Release|Win64.Build.0 = Release|Any CPU
		{6FEB48C9-0EF8-4AC1-8C60-B256F2D7D38C}.Release|x64.ActiveCfg = Release|Any CPU
		{6FEB48C9-0EF8-4AC1-8C60-B256F2D7D38C}.Release|x64.Build.0 = Release|Any CPU
		{6FEB48C9-0EF8-4AC1-8C60-B256F2D7D38C}.Release|x86.ActiveCfg = Release|Any CPU
		{6FEB48C9-0EF8-4AC1-8C60-B256F2D7D38C}.Release|x86.Build.0 = Release|Any CPU
		{6FEB48C9-0EF8-4AC1-8C60-B256F2D7D38C}.SingleImage|Any CPU.ActiveCfg = Debug|Any CPU
		{6FEB48C9-0EF8-4AC1-8C60-B256F2D7D38C}.SingleImage|Any CPU.Build.0 = Debug|Any CPU
		{6FEB48C9-0EF8-4AC1-8C60-B256F2D7D38C}.SingleImage|AnyOS.ActiveCfg = Debug|Any CPU
		{6FEB48C9-0EF8-4AC1-8C60-B256F2D7D38C}.SingleImage|AnyOS.Build.0 = Debug|Any CPU
		{6FEB48C9-0EF8-4AC1-8C60-B256F2D7D38C}.SingleImage|ARM.ActiveCfg = Debug|Any CPU
		{6FEB48C9-0EF8-4AC1-8C60-B256F2D7D38C}.SingleImage|ARM.Build.0 = Debug|Any CPU
		{6FEB48C9-0EF8-4AC1-8C60-B256F2D7D38C}.SingleImage|iPhone.ActiveCfg = Debug|Any CPU
		{6FEB48C9-0EF8-4AC1-8C60-B256F2D7D38C}.SingleImage|iPhone.Build.0 = Debug|Any CPU
		{6FEB48C9-0EF8-4AC1-8C60-B256F2D7D38C}.SingleImage|iPhoneSimulator.ActiveCfg = Debug|Any CPU
		{6FEB48C9-0EF8-4AC1-8C60-B256F2D7D38C}.SingleImage|iPhoneSimulator.Build.0 = Debug|Any CPU
		{6FEB48C9-0EF8-4AC1-8C60-B256F2D7D38C}.SingleImage|Mixed Platforms.ActiveCfg = Debug|Any CPU
		{6FEB48C9-0EF8-4AC1-8C60-B256F2D7D38C}.SingleImage|Mixed Platforms.Build.0 = Debug|Any CPU
		{6FEB48C9-0EF8-4AC1-8C60-B256F2D7D38C}.SingleImage|Win32.ActiveCfg = Debug|Any CPU
		{6FEB48C9-0EF8-4AC1-8C60-B256F2D7D38C}.SingleImage|Win32.Build.0 = Debug|Any CPU
		{6FEB48C9-0EF8-4AC1-8C60-B256F2D7D38C}.SingleImage|Win64.ActiveCfg = Debug|Any CPU
		{6FEB48C9-0EF8-4AC1-8C60-B256F2D7D38C}.SingleImage|Win64.Build.0 = Debug|Any CPU
		{6FEB48C9-0EF8-4AC1-8C60-B256F2D7D38C}.SingleImage|x64.ActiveCfg = Debug|Any CPU
		{6FEB48C9-0EF8-4AC1-8C60-B256F2D7D38C}.SingleImage|x64.Build.0 = Debug|Any CPU
		{6FEB48C9-0EF8-4AC1-8C60-B256F2D7D38C}.SingleImage|x86.ActiveCfg = Debug|Any CPU
		{6FEB48C9-0EF8-4AC1-8C60-B256F2D7D38C}.SingleImage|x86.Build.0 = Debug|Any CPU
		{6FEB48C9-0EF8-4AC1-8C60-B256F2D7D38C}.Testing|Any CPU.ActiveCfg = Debug|Any CPU
		{6FEB48C9-0EF8-4AC1-8C60-B256F2D7D38C}.Testing|Any CPU.Build.0 = Debug|Any CPU
		{6FEB48C9-0EF8-4AC1-8C60-B256F2D7D38C}.Testing|AnyOS.ActiveCfg = Debug|Any CPU
		{6FEB48C9-0EF8-4AC1-8C60-B256F2D7D38C}.Testing|AnyOS.Build.0 = Debug|Any CPU
		{6FEB48C9-0EF8-4AC1-8C60-B256F2D7D38C}.Testing|ARM.ActiveCfg = Debug|Any CPU
		{6FEB48C9-0EF8-4AC1-8C60-B256F2D7D38C}.Testing|ARM.Build.0 = Debug|Any CPU
		{6FEB48C9-0EF8-4AC1-8C60-B256F2D7D38C}.Testing|iPhone.ActiveCfg = Debug|Any CPU
		{6FEB48C9-0EF8-4AC1-8C60-B256F2D7D38C}.Testing|iPhone.Build.0 = Debug|Any CPU
		{6FEB48C9-0EF8-4AC1-8C60-B256F2D7D38C}.Testing|iPhoneSimulator.ActiveCfg = Debug|Any CPU
		{6FEB48C9-0EF8-4AC1-8C60-B256F2D7D38C}.Testing|iPhoneSimulator.Build.0 = Debug|Any CPU
		{6FEB48C9-0EF8-4AC1-8C60-B256F2D7D38C}.Testing|Mixed Platforms.ActiveCfg = Debug|Any CPU
		{6FEB48C9-0EF8-4AC1-8C60-B256F2D7D38C}.Testing|Mixed Platforms.Build.0 = Debug|Any CPU
		{6FEB48C9-0EF8-4AC1-8C60-B256F2D7D38C}.Testing|Win32.ActiveCfg = Debug|Any CPU
		{6FEB48C9-0EF8-4AC1-8C60-B256F2D7D38C}.Testing|Win32.Build.0 = Debug|Any CPU
		{6FEB48C9-0EF8-4AC1-8C60-B256F2D7D38C}.Testing|Win64.ActiveCfg = Debug|Any CPU
		{6FEB48C9-0EF8-4AC1-8C60-B256F2D7D38C}.Testing|Win64.Build.0 = Debug|Any CPU
		{6FEB48C9-0EF8-4AC1-8C60-B256F2D7D38C}.Testing|x64.ActiveCfg = Debug|Any CPU
		{6FEB48C9-0EF8-4AC1-8C60-B256F2D7D38C}.Testing|x64.Build.0 = Debug|Any CPU
		{6FEB48C9-0EF8-4AC1-8C60-B256F2D7D38C}.Testing|x86.ActiveCfg = Debug|Any CPU
		{6FEB48C9-0EF8-4AC1-8C60-B256F2D7D38C}.Testing|x86.Build.0 = Debug|Any CPU
		{ADEEDEBB-DBAD-4E56-9D94-610A8547E687}.Ad-Hoc|Any CPU.ActiveCfg = Debug|Any CPU
		{ADEEDEBB-DBAD-4E56-9D94-610A8547E687}.Ad-Hoc|Any CPU.Build.0 = Debug|Any CPU
		{ADEEDEBB-DBAD-4E56-9D94-610A8547E687}.Ad-Hoc|AnyOS.ActiveCfg = Debug|Any CPU
		{ADEEDEBB-DBAD-4E56-9D94-610A8547E687}.Ad-Hoc|AnyOS.Build.0 = Debug|Any CPU
		{ADEEDEBB-DBAD-4E56-9D94-610A8547E687}.Ad-Hoc|ARM.ActiveCfg = Debug|Any CPU
		{ADEEDEBB-DBAD-4E56-9D94-610A8547E687}.Ad-Hoc|ARM.Build.0 = Debug|Any CPU
		{ADEEDEBB-DBAD-4E56-9D94-610A8547E687}.Ad-Hoc|iPhone.ActiveCfg = Debug|Any CPU
		{ADEEDEBB-DBAD-4E56-9D94-610A8547E687}.Ad-Hoc|iPhone.Build.0 = Debug|Any CPU
		{ADEEDEBB-DBAD-4E56-9D94-610A8547E687}.Ad-Hoc|iPhoneSimulator.ActiveCfg = Debug|Any CPU
		{ADEEDEBB-DBAD-4E56-9D94-610A8547E687}.Ad-Hoc|iPhoneSimulator.Build.0 = Debug|Any CPU
		{ADEEDEBB-DBAD-4E56-9D94-610A8547E687}.Ad-Hoc|Mixed Platforms.ActiveCfg = Debug|Any CPU
		{ADEEDEBB-DBAD-4E56-9D94-610A8547E687}.Ad-Hoc|Mixed Platforms.Build.0 = Debug|Any CPU
		{ADEEDEBB-DBAD-4E56-9D94-610A8547E687}.Ad-Hoc|Win32.ActiveCfg = Debug|Any CPU
		{ADEEDEBB-DBAD-4E56-9D94-610A8547E687}.Ad-Hoc|Win32.Build.0 = Debug|Any CPU
		{ADEEDEBB-DBAD-4E56-9D94-610A8547E687}.Ad-Hoc|Win64.ActiveCfg = Debug|Any CPU
		{ADEEDEBB-DBAD-4E56-9D94-610A8547E687}.Ad-Hoc|Win64.Build.0 = Debug|Any CPU
		{ADEEDEBB-DBAD-4E56-9D94-610A8547E687}.Ad-Hoc|x64.ActiveCfg = Debug|Any CPU
		{ADEEDEBB-DBAD-4E56-9D94-610A8547E687}.Ad-Hoc|x64.Build.0 = Debug|Any CPU
		{ADEEDEBB-DBAD-4E56-9D94-610A8547E687}.Ad-Hoc|x86.ActiveCfg = Debug|Any CPU
		{ADEEDEBB-DBAD-4E56-9D94-610A8547E687}.Ad-Hoc|x86.Build.0 = Debug|Any CPU
		{ADEEDEBB-DBAD-4E56-9D94-610A8547E687}.AppStore|Any CPU.ActiveCfg = Debug|Any CPU
		{ADEEDEBB-DBAD-4E56-9D94-610A8547E687}.AppStore|Any CPU.Build.0 = Debug|Any CPU
		{ADEEDEBB-DBAD-4E56-9D94-610A8547E687}.AppStore|AnyOS.ActiveCfg = Debug|Any CPU
		{ADEEDEBB-DBAD-4E56-9D94-610A8547E687}.AppStore|AnyOS.Build.0 = Debug|Any CPU
		{ADEEDEBB-DBAD-4E56-9D94-610A8547E687}.AppStore|ARM.ActiveCfg = Debug|Any CPU
		{ADEEDEBB-DBAD-4E56-9D94-610A8547E687}.AppStore|ARM.Build.0 = Debug|Any CPU
		{ADEEDEBB-DBAD-4E56-9D94-610A8547E687}.AppStore|iPhone.ActiveCfg = Debug|Any CPU
		{ADEEDEBB-DBAD-4E56-9D94-610A8547E687}.AppStore|iPhone.Build.0 = Debug|Any CPU
		{ADEEDEBB-DBAD-4E56-9D94-610A8547E687}.AppStore|iPhoneSimulator.ActiveCfg = Debug|Any CPU
		{ADEEDEBB-DBAD-4E56-9D94-610A8547E687}.AppStore|iPhoneSimulator.Build.0 = Debug|Any CPU
		{ADEEDEBB-DBAD-4E56-9D94-610A8547E687}.AppStore|Mixed Platforms.ActiveCfg = Debug|Any CPU
		{ADEEDEBB-DBAD-4E56-9D94-610A8547E687}.AppStore|Mixed Platforms.Build.0 = Debug|Any CPU
		{ADEEDEBB-DBAD-4E56-9D94-610A8547E687}.AppStore|Win32.ActiveCfg = Debug|Any CPU
		{ADEEDEBB-DBAD-4E56-9D94-610A8547E687}.AppStore|Win32.Build.0 = Debug|Any CPU
		{ADEEDEBB-DBAD-4E56-9D94-610A8547E687}.AppStore|Win64.ActiveCfg = Debug|Any CPU
		{ADEEDEBB-DBAD-4E56-9D94-610A8547E687}.AppStore|Win64.Build.0 = Debug|Any CPU
		{ADEEDEBB-DBAD-4E56-9D94-610A8547E687}.AppStore|x64.ActiveCfg = Debug|Any CPU
		{ADEEDEBB-DBAD-4E56-9D94-610A8547E687}.AppStore|x64.Build.0 = Debug|Any CPU
		{ADEEDEBB-DBAD-4E56-9D94-610A8547E687}.AppStore|x86.ActiveCfg = Debug|Any CPU
		{ADEEDEBB-DBAD-4E56-9D94-610A8547E687}.AppStore|x86.Build.0 = Debug|Any CPU
		{ADEEDEBB-DBAD-4E56-9D94-610A8547E687}.CD_ROM|Any CPU.ActiveCfg = Debug|Any CPU
		{ADEEDEBB-DBAD-4E56-9D94-610A8547E687}.CD_ROM|Any CPU.Build.0 = Debug|Any CPU
		{ADEEDEBB-DBAD-4E56-9D94-610A8547E687}.CD_ROM|AnyOS.ActiveCfg = Debug|Any CPU
		{ADEEDEBB-DBAD-4E56-9D94-610A8547E687}.CD_ROM|AnyOS.Build.0 = Debug|Any CPU
		{ADEEDEBB-DBAD-4E56-9D94-610A8547E687}.CD_ROM|ARM.ActiveCfg = Debug|Any CPU
		{ADEEDEBB-DBAD-4E56-9D94-610A8547E687}.CD_ROM|ARM.Build.0 = Debug|Any CPU
		{ADEEDEBB-DBAD-4E56-9D94-610A8547E687}.CD_ROM|iPhone.ActiveCfg = Debug|Any CPU
		{ADEEDEBB-DBAD-4E56-9D94-610A8547E687}.CD_ROM|iPhone.Build.0 = Debug|Any CPU
		{ADEEDEBB-DBAD-4E56-9D94-610A8547E687}.CD_ROM|iPhoneSimulator.ActiveCfg = Debug|Any CPU
		{ADEEDEBB-DBAD-4E56-9D94-610A8547E687}.CD_ROM|iPhoneSimulator.Build.0 = Debug|Any CPU
		{ADEEDEBB-DBAD-4E56-9D94-610A8547E687}.CD_ROM|Mixed Platforms.ActiveCfg = Debug|Any CPU
		{ADEEDEBB-DBAD-4E56-9D94-610A8547E687}.CD_ROM|Mixed Platforms.Build.0 = Debug|Any CPU
		{ADEEDEBB-DBAD-4E56-9D94-610A8547E687}.CD_ROM|Win32.ActiveCfg = Debug|Any CPU
		{ADEEDEBB-DBAD-4E56-9D94-610A8547E687}.CD_ROM|Win32.Build.0 = Debug|Any CPU
		{ADEEDEBB-DBAD-4E56-9D94-610A8547E687}.CD_ROM|Win64.ActiveCfg = Debug|Any CPU
		{ADEEDEBB-DBAD-4E56-9D94-610A8547E687}.CD_ROM|Win64.Build.0 = Debug|Any CPU
		{ADEEDEBB-DBAD-4E56-9D94-610A8547E687}.CD_ROM|x64.ActiveCfg = Debug|Any CPU
		{ADEEDEBB-DBAD-4E56-9D94-610A8547E687}.CD_ROM|x64.Build.0 = Debug|Any CPU
		{ADEEDEBB-DBAD-4E56-9D94-610A8547E687}.CD_ROM|x86.ActiveCfg = Debug|Any CPU
		{ADEEDEBB-DBAD-4E56-9D94-610A8547E687}.CD_ROM|x86.Build.0 = Debug|Any CPU
		{ADEEDEBB-DBAD-4E56-9D94-610A8547E687}.Debug|Any CPU.ActiveCfg = Debug|Any CPU
		{ADEEDEBB-DBAD-4E56-9D94-610A8547E687}.Debug|Any CPU.Build.0 = Debug|Any CPU
		{ADEEDEBB-DBAD-4E56-9D94-610A8547E687}.Debug|AnyOS.ActiveCfg = Debug|Any CPU
		{ADEEDEBB-DBAD-4E56-9D94-610A8547E687}.Debug|AnyOS.Build.0 = Debug|Any CPU
		{ADEEDEBB-DBAD-4E56-9D94-610A8547E687}.Debug|ARM.ActiveCfg = Debug|Any CPU
		{ADEEDEBB-DBAD-4E56-9D94-610A8547E687}.Debug|ARM.Build.0 = Debug|Any CPU
		{ADEEDEBB-DBAD-4E56-9D94-610A8547E687}.Debug|iPhone.ActiveCfg = Debug|Any CPU
		{ADEEDEBB-DBAD-4E56-9D94-610A8547E687}.Debug|iPhone.Build.0 = Debug|Any CPU
		{ADEEDEBB-DBAD-4E56-9D94-610A8547E687}.Debug|iPhoneSimulator.ActiveCfg = Debug|Any CPU
		{ADEEDEBB-DBAD-4E56-9D94-610A8547E687}.Debug|iPhoneSimulator.Build.0 = Debug|Any CPU
		{ADEEDEBB-DBAD-4E56-9D94-610A8547E687}.Debug|Mixed Platforms.ActiveCfg = Debug|Any CPU
		{ADEEDEBB-DBAD-4E56-9D94-610A8547E687}.Debug|Mixed Platforms.Build.0 = Debug|Any CPU
		{ADEEDEBB-DBAD-4E56-9D94-610A8547E687}.Debug|Win32.ActiveCfg = Debug|Any CPU
		{ADEEDEBB-DBAD-4E56-9D94-610A8547E687}.Debug|Win32.Build.0 = Debug|Any CPU
		{ADEEDEBB-DBAD-4E56-9D94-610A8547E687}.Debug|Win64.ActiveCfg = Debug|Any CPU
		{ADEEDEBB-DBAD-4E56-9D94-610A8547E687}.Debug|Win64.Build.0 = Debug|Any CPU
		{ADEEDEBB-DBAD-4E56-9D94-610A8547E687}.Debug|x64.ActiveCfg = Debug|Any CPU
		{ADEEDEBB-DBAD-4E56-9D94-610A8547E687}.Debug|x64.Build.0 = Debug|Any CPU
		{ADEEDEBB-DBAD-4E56-9D94-610A8547E687}.Debug|x86.ActiveCfg = Debug|Any CPU
		{ADEEDEBB-DBAD-4E56-9D94-610A8547E687}.Debug|x86.Build.0 = Debug|Any CPU
		{ADEEDEBB-DBAD-4E56-9D94-610A8547E687}.DVD-5|Any CPU.ActiveCfg = Debug|Any CPU
		{ADEEDEBB-DBAD-4E56-9D94-610A8547E687}.DVD-5|Any CPU.Build.0 = Debug|Any CPU
		{ADEEDEBB-DBAD-4E56-9D94-610A8547E687}.DVD-5|AnyOS.ActiveCfg = Debug|Any CPU
		{ADEEDEBB-DBAD-4E56-9D94-610A8547E687}.DVD-5|AnyOS.Build.0 = Debug|Any CPU
		{ADEEDEBB-DBAD-4E56-9D94-610A8547E687}.DVD-5|ARM.ActiveCfg = Debug|Any CPU
		{ADEEDEBB-DBAD-4E56-9D94-610A8547E687}.DVD-5|ARM.Build.0 = Debug|Any CPU
		{ADEEDEBB-DBAD-4E56-9D94-610A8547E687}.DVD-5|iPhone.ActiveCfg = Debug|Any CPU
		{ADEEDEBB-DBAD-4E56-9D94-610A8547E687}.DVD-5|iPhone.Build.0 = Debug|Any CPU
		{ADEEDEBB-DBAD-4E56-9D94-610A8547E687}.DVD-5|iPhoneSimulator.ActiveCfg = Debug|Any CPU
		{ADEEDEBB-DBAD-4E56-9D94-610A8547E687}.DVD-5|iPhoneSimulator.Build.0 = Debug|Any CPU
		{ADEEDEBB-DBAD-4E56-9D94-610A8547E687}.DVD-5|Mixed Platforms.ActiveCfg = Debug|Any CPU
		{ADEEDEBB-DBAD-4E56-9D94-610A8547E687}.DVD-5|Mixed Platforms.Build.0 = Debug|Any CPU
		{ADEEDEBB-DBAD-4E56-9D94-610A8547E687}.DVD-5|Win32.ActiveCfg = Debug|Any CPU
		{ADEEDEBB-DBAD-4E56-9D94-610A8547E687}.DVD-5|Win32.Build.0 = Debug|Any CPU
		{ADEEDEBB-DBAD-4E56-9D94-610A8547E687}.DVD-5|Win64.ActiveCfg = Debug|Any CPU
		{ADEEDEBB-DBAD-4E56-9D94-610A8547E687}.DVD-5|Win64.Build.0 = Debug|Any CPU
		{ADEEDEBB-DBAD-4E56-9D94-610A8547E687}.DVD-5|x64.ActiveCfg = Debug|Any CPU
		{ADEEDEBB-DBAD-4E56-9D94-610A8547E687}.DVD-5|x64.Build.0 = Debug|Any CPU
		{ADEEDEBB-DBAD-4E56-9D94-610A8547E687}.DVD-5|x86.ActiveCfg = Debug|Any CPU
		{ADEEDEBB-DBAD-4E56-9D94-610A8547E687}.DVD-5|x86.Build.0 = Debug|Any CPU
		{ADEEDEBB-DBAD-4E56-9D94-610A8547E687}.Mono Debug|Any CPU.ActiveCfg = Debug|Any CPU
		{ADEEDEBB-DBAD-4E56-9D94-610A8547E687}.Mono Debug|Any CPU.Build.0 = Debug|Any CPU
		{ADEEDEBB-DBAD-4E56-9D94-610A8547E687}.Mono Debug|AnyOS.ActiveCfg = Debug|Any CPU
		{ADEEDEBB-DBAD-4E56-9D94-610A8547E687}.Mono Debug|AnyOS.Build.0 = Debug|Any CPU
		{ADEEDEBB-DBAD-4E56-9D94-610A8547E687}.Mono Debug|ARM.ActiveCfg = Debug|Any CPU
		{ADEEDEBB-DBAD-4E56-9D94-610A8547E687}.Mono Debug|ARM.Build.0 = Debug|Any CPU
		{ADEEDEBB-DBAD-4E56-9D94-610A8547E687}.Mono Debug|iPhone.ActiveCfg = Debug|Any CPU
		{ADEEDEBB-DBAD-4E56-9D94-610A8547E687}.Mono Debug|iPhone.Build.0 = Debug|Any CPU
		{ADEEDEBB-DBAD-4E56-9D94-610A8547E687}.Mono Debug|iPhoneSimulator.ActiveCfg = Debug|Any CPU
		{ADEEDEBB-DBAD-4E56-9D94-610A8547E687}.Mono Debug|iPhoneSimulator.Build.0 = Debug|Any CPU
		{ADEEDEBB-DBAD-4E56-9D94-610A8547E687}.Mono Debug|Mixed Platforms.ActiveCfg = Debug|Any CPU
		{ADEEDEBB-DBAD-4E56-9D94-610A8547E687}.Mono Debug|Mixed Platforms.Build.0 = Debug|Any CPU
		{ADEEDEBB-DBAD-4E56-9D94-610A8547E687}.Mono Debug|Win32.ActiveCfg = Debug|Any CPU
		{ADEEDEBB-DBAD-4E56-9D94-610A8547E687}.Mono Debug|Win32.Build.0 = Debug|Any CPU
		{ADEEDEBB-DBAD-4E56-9D94-610A8547E687}.Mono Debug|Win64.ActiveCfg = Debug|Any CPU
		{ADEEDEBB-DBAD-4E56-9D94-610A8547E687}.Mono Debug|Win64.Build.0 = Debug|Any CPU
		{ADEEDEBB-DBAD-4E56-9D94-610A8547E687}.Mono Debug|x64.ActiveCfg = Debug|Any CPU
		{ADEEDEBB-DBAD-4E56-9D94-610A8547E687}.Mono Debug|x64.Build.0 = Debug|Any CPU
		{ADEEDEBB-DBAD-4E56-9D94-610A8547E687}.Mono Debug|x86.ActiveCfg = Debug|Any CPU
		{ADEEDEBB-DBAD-4E56-9D94-610A8547E687}.Mono Debug|x86.Build.0 = Debug|Any CPU
		{ADEEDEBB-DBAD-4E56-9D94-610A8547E687}.Mono Release|Any CPU.ActiveCfg = Release|Any CPU
		{ADEEDEBB-DBAD-4E56-9D94-610A8547E687}.Mono Release|Any CPU.Build.0 = Release|Any CPU
		{ADEEDEBB-DBAD-4E56-9D94-610A8547E687}.Mono Release|AnyOS.ActiveCfg = Release|Any CPU
		{ADEEDEBB-DBAD-4E56-9D94-610A8547E687}.Mono Release|AnyOS.Build.0 = Release|Any CPU
		{ADEEDEBB-DBAD-4E56-9D94-610A8547E687}.Mono Release|ARM.ActiveCfg = Release|Any CPU
		{ADEEDEBB-DBAD-4E56-9D94-610A8547E687}.Mono Release|ARM.Build.0 = Release|Any CPU
		{ADEEDEBB-DBAD-4E56-9D94-610A8547E687}.Mono Release|iPhone.ActiveCfg = Release|Any CPU
		{ADEEDEBB-DBAD-4E56-9D94-610A8547E687}.Mono Release|iPhone.Build.0 = Release|Any CPU
		{ADEEDEBB-DBAD-4E56-9D94-610A8547E687}.Mono Release|iPhoneSimulator.ActiveCfg = Release|Any CPU
		{ADEEDEBB-DBAD-4E56-9D94-610A8547E687}.Mono Release|iPhoneSimulator.Build.0 = Release|Any CPU
		{ADEEDEBB-DBAD-4E56-9D94-610A8547E687}.Mono Release|Mixed Platforms.ActiveCfg = Release|Any CPU
		{ADEEDEBB-DBAD-4E56-9D94-610A8547E687}.Mono Release|Mixed Platforms.Build.0 = Release|Any CPU
		{ADEEDEBB-DBAD-4E56-9D94-610A8547E687}.Mono Release|Win32.ActiveCfg = Release|Any CPU
		{ADEEDEBB-DBAD-4E56-9D94-610A8547E687}.Mono Release|Win32.Build.0 = Release|Any CPU
		{ADEEDEBB-DBAD-4E56-9D94-610A8547E687}.Mono Release|Win64.ActiveCfg = Release|Any CPU
		{ADEEDEBB-DBAD-4E56-9D94-610A8547E687}.Mono Release|Win64.Build.0 = Release|Any CPU
		{ADEEDEBB-DBAD-4E56-9D94-610A8547E687}.Mono Release|x64.ActiveCfg = Release|Any CPU
		{ADEEDEBB-DBAD-4E56-9D94-610A8547E687}.Mono Release|x64.Build.0 = Release|Any CPU
		{ADEEDEBB-DBAD-4E56-9D94-610A8547E687}.Mono Release|x86.ActiveCfg = Release|Any CPU
		{ADEEDEBB-DBAD-4E56-9D94-610A8547E687}.Mono Release|x86.Build.0 = Release|Any CPU
		{ADEEDEBB-DBAD-4E56-9D94-610A8547E687}.Release|Any CPU.ActiveCfg = Release|Any CPU
		{ADEEDEBB-DBAD-4E56-9D94-610A8547E687}.Release|Any CPU.Build.0 = Release|Any CPU
		{ADEEDEBB-DBAD-4E56-9D94-610A8547E687}.Release|AnyOS.ActiveCfg = Release|Any CPU
		{ADEEDEBB-DBAD-4E56-9D94-610A8547E687}.Release|AnyOS.Build.0 = Release|Any CPU
		{ADEEDEBB-DBAD-4E56-9D94-610A8547E687}.Release|ARM.ActiveCfg = Release|Any CPU
		{ADEEDEBB-DBAD-4E56-9D94-610A8547E687}.Release|ARM.Build.0 = Release|Any CPU
		{ADEEDEBB-DBAD-4E56-9D94-610A8547E687}.Release|iPhone.ActiveCfg = Release|Any CPU
		{ADEEDEBB-DBAD-4E56-9D94-610A8547E687}.Release|iPhone.Build.0 = Release|Any CPU
		{ADEEDEBB-DBAD-4E56-9D94-610A8547E687}.Release|iPhoneSimulator.ActiveCfg = Release|Any CPU
		{ADEEDEBB-DBAD-4E56-9D94-610A8547E687}.Release|iPhoneSimulator.Build.0 = Release|Any CPU
		{ADEEDEBB-DBAD-4E56-9D94-610A8547E687}.Release|Mixed Platforms.ActiveCfg = Release|Any CPU
		{ADEEDEBB-DBAD-4E56-9D94-610A8547E687}.Release|Mixed Platforms.Build.0 = Release|Any CPU
		{ADEEDEBB-DBAD-4E56-9D94-610A8547E687}.Release|Win32.ActiveCfg = Release|Any CPU
		{ADEEDEBB-DBAD-4E56-9D94-610A8547E687}.Release|Win32.Build.0 = Release|Any CPU
		{ADEEDEBB-DBAD-4E56-9D94-610A8547E687}.Release|Win64.ActiveCfg = Release|Any CPU
		{ADEEDEBB-DBAD-4E56-9D94-610A8547E687}.Release|Win64.Build.0 = Release|Any CPU
		{ADEEDEBB-DBAD-4E56-9D94-610A8547E687}.Release|x64.ActiveCfg = Release|Any CPU
		{ADEEDEBB-DBAD-4E56-9D94-610A8547E687}.Release|x64.Build.0 = Release|Any CPU
		{ADEEDEBB-DBAD-4E56-9D94-610A8547E687}.Release|x86.ActiveCfg = Release|Any CPU
		{ADEEDEBB-DBAD-4E56-9D94-610A8547E687}.Release|x86.Build.0 = Release|Any CPU
		{ADEEDEBB-DBAD-4E56-9D94-610A8547E687}.SingleImage|Any CPU.ActiveCfg = Debug|Any CPU
		{ADEEDEBB-DBAD-4E56-9D94-610A8547E687}.SingleImage|Any CPU.Build.0 = Debug|Any CPU
		{ADEEDEBB-DBAD-4E56-9D94-610A8547E687}.SingleImage|AnyOS.ActiveCfg = Debug|Any CPU
		{ADEEDEBB-DBAD-4E56-9D94-610A8547E687}.SingleImage|AnyOS.Build.0 = Debug|Any CPU
		{ADEEDEBB-DBAD-4E56-9D94-610A8547E687}.SingleImage|ARM.ActiveCfg = Debug|Any CPU
		{ADEEDEBB-DBAD-4E56-9D94-610A8547E687}.SingleImage|ARM.Build.0 = Debug|Any CPU
		{ADEEDEBB-DBAD-4E56-9D94-610A8547E687}.SingleImage|iPhone.ActiveCfg = Debug|Any CPU
		{ADEEDEBB-DBAD-4E56-9D94-610A8547E687}.SingleImage|iPhone.Build.0 = Debug|Any CPU
		{ADEEDEBB-DBAD-4E56-9D94-610A8547E687}.SingleImage|iPhoneSimulator.ActiveCfg = Debug|Any CPU
		{ADEEDEBB-DBAD-4E56-9D94-610A8547E687}.SingleImage|iPhoneSimulator.Build.0 = Debug|Any CPU
		{ADEEDEBB-DBAD-4E56-9D94-610A8547E687}.SingleImage|Mixed Platforms.ActiveCfg = Debug|Any CPU
		{ADEEDEBB-DBAD-4E56-9D94-610A8547E687}.SingleImage|Mixed Platforms.Build.0 = Debug|Any CPU
		{ADEEDEBB-DBAD-4E56-9D94-610A8547E687}.SingleImage|Win32.ActiveCfg = Debug|Any CPU
		{ADEEDEBB-DBAD-4E56-9D94-610A8547E687}.SingleImage|Win32.Build.0 = Debug|Any CPU
		{ADEEDEBB-DBAD-4E56-9D94-610A8547E687}.SingleImage|Win64.ActiveCfg = Debug|Any CPU
		{ADEEDEBB-DBAD-4E56-9D94-610A8547E687}.SingleImage|Win64.Build.0 = Debug|Any CPU
		{ADEEDEBB-DBAD-4E56-9D94-610A8547E687}.SingleImage|x64.ActiveCfg = Debug|Any CPU
		{ADEEDEBB-DBAD-4E56-9D94-610A8547E687}.SingleImage|x64.Build.0 = Debug|Any CPU
		{ADEEDEBB-DBAD-4E56-9D94-610A8547E687}.SingleImage|x86.ActiveCfg = Debug|Any CPU
		{ADEEDEBB-DBAD-4E56-9D94-610A8547E687}.SingleImage|x86.Build.0 = Debug|Any CPU
		{ADEEDEBB-DBAD-4E56-9D94-610A8547E687}.Testing|Any CPU.ActiveCfg = Debug|Any CPU
		{ADEEDEBB-DBAD-4E56-9D94-610A8547E687}.Testing|Any CPU.Build.0 = Debug|Any CPU
		{ADEEDEBB-DBAD-4E56-9D94-610A8547E687}.Testing|AnyOS.ActiveCfg = Debug|Any CPU
		{ADEEDEBB-DBAD-4E56-9D94-610A8547E687}.Testing|AnyOS.Build.0 = Debug|Any CPU
		{ADEEDEBB-DBAD-4E56-9D94-610A8547E687}.Testing|ARM.ActiveCfg = Debug|Any CPU
		{ADEEDEBB-DBAD-4E56-9D94-610A8547E687}.Testing|ARM.Build.0 = Debug|Any CPU
		{ADEEDEBB-DBAD-4E56-9D94-610A8547E687}.Testing|iPhone.ActiveCfg = Debug|Any CPU
		{ADEEDEBB-DBAD-4E56-9D94-610A8547E687}.Testing|iPhone.Build.0 = Debug|Any CPU
		{ADEEDEBB-DBAD-4E56-9D94-610A8547E687}.Testing|iPhoneSimulator.ActiveCfg = Debug|Any CPU
		{ADEEDEBB-DBAD-4E56-9D94-610A8547E687}.Testing|iPhoneSimulator.Build.0 = Debug|Any CPU
		{ADEEDEBB-DBAD-4E56-9D94-610A8547E687}.Testing|Mixed Platforms.ActiveCfg = Debug|Any CPU
		{ADEEDEBB-DBAD-4E56-9D94-610A8547E687}.Testing|Mixed Platforms.Build.0 = Debug|Any CPU
		{ADEEDEBB-DBAD-4E56-9D94-610A8547E687}.Testing|Win32.ActiveCfg = Debug|Any CPU
		{ADEEDEBB-DBAD-4E56-9D94-610A8547E687}.Testing|Win32.Build.0 = Debug|Any CPU
		{ADEEDEBB-DBAD-4E56-9D94-610A8547E687}.Testing|Win64.ActiveCfg = Debug|Any CPU
		{ADEEDEBB-DBAD-4E56-9D94-610A8547E687}.Testing|Win64.Build.0 = Debug|Any CPU
		{ADEEDEBB-DBAD-4E56-9D94-610A8547E687}.Testing|x64.ActiveCfg = Debug|Any CPU
		{ADEEDEBB-DBAD-4E56-9D94-610A8547E687}.Testing|x64.Build.0 = Debug|Any CPU
		{ADEEDEBB-DBAD-4E56-9D94-610A8547E687}.Testing|x86.ActiveCfg = Debug|Any CPU
		{ADEEDEBB-DBAD-4E56-9D94-610A8547E687}.Testing|x86.Build.0 = Debug|Any CPU
		{9FD96CB6-FBAB-4146-8E0D-BBC32B086BFA}.Ad-Hoc|Any CPU.ActiveCfg = Debug|Any CPU
		{9FD96CB6-FBAB-4146-8E0D-BBC32B086BFA}.Ad-Hoc|Any CPU.Build.0 = Debug|Any CPU
		{9FD96CB6-FBAB-4146-8E0D-BBC32B086BFA}.Ad-Hoc|AnyOS.ActiveCfg = Debug|Any CPU
		{9FD96CB6-FBAB-4146-8E0D-BBC32B086BFA}.Ad-Hoc|AnyOS.Build.0 = Debug|Any CPU
		{9FD96CB6-FBAB-4146-8E0D-BBC32B086BFA}.Ad-Hoc|ARM.ActiveCfg = Debug|Any CPU
		{9FD96CB6-FBAB-4146-8E0D-BBC32B086BFA}.Ad-Hoc|ARM.Build.0 = Debug|Any CPU
		{9FD96CB6-FBAB-4146-8E0D-BBC32B086BFA}.Ad-Hoc|iPhone.ActiveCfg = Debug|Any CPU
		{9FD96CB6-FBAB-4146-8E0D-BBC32B086BFA}.Ad-Hoc|iPhone.Build.0 = Debug|Any CPU
		{9FD96CB6-FBAB-4146-8E0D-BBC32B086BFA}.Ad-Hoc|iPhoneSimulator.ActiveCfg = Debug|Any CPU
		{9FD96CB6-FBAB-4146-8E0D-BBC32B086BFA}.Ad-Hoc|iPhoneSimulator.Build.0 = Debug|Any CPU
		{9FD96CB6-FBAB-4146-8E0D-BBC32B086BFA}.Ad-Hoc|Mixed Platforms.ActiveCfg = Debug|Any CPU
		{9FD96CB6-FBAB-4146-8E0D-BBC32B086BFA}.Ad-Hoc|Mixed Platforms.Build.0 = Debug|Any CPU
		{9FD96CB6-FBAB-4146-8E0D-BBC32B086BFA}.Ad-Hoc|Win32.ActiveCfg = Debug|Any CPU
		{9FD96CB6-FBAB-4146-8E0D-BBC32B086BFA}.Ad-Hoc|Win32.Build.0 = Debug|Any CPU
		{9FD96CB6-FBAB-4146-8E0D-BBC32B086BFA}.Ad-Hoc|Win64.ActiveCfg = Debug|Any CPU
		{9FD96CB6-FBAB-4146-8E0D-BBC32B086BFA}.Ad-Hoc|Win64.Build.0 = Debug|Any CPU
		{9FD96CB6-FBAB-4146-8E0D-BBC32B086BFA}.Ad-Hoc|x64.ActiveCfg = Debug|Any CPU
		{9FD96CB6-FBAB-4146-8E0D-BBC32B086BFA}.Ad-Hoc|x64.Build.0 = Debug|Any CPU
		{9FD96CB6-FBAB-4146-8E0D-BBC32B086BFA}.Ad-Hoc|x86.ActiveCfg = Debug|Any CPU
		{9FD96CB6-FBAB-4146-8E0D-BBC32B086BFA}.Ad-Hoc|x86.Build.0 = Debug|Any CPU
		{9FD96CB6-FBAB-4146-8E0D-BBC32B086BFA}.AppStore|Any CPU.ActiveCfg = Debug|Any CPU
		{9FD96CB6-FBAB-4146-8E0D-BBC32B086BFA}.AppStore|Any CPU.Build.0 = Debug|Any CPU
		{9FD96CB6-FBAB-4146-8E0D-BBC32B086BFA}.AppStore|AnyOS.ActiveCfg = Debug|Any CPU
		{9FD96CB6-FBAB-4146-8E0D-BBC32B086BFA}.AppStore|AnyOS.Build.0 = Debug|Any CPU
		{9FD96CB6-FBAB-4146-8E0D-BBC32B086BFA}.AppStore|ARM.ActiveCfg = Debug|Any CPU
		{9FD96CB6-FBAB-4146-8E0D-BBC32B086BFA}.AppStore|ARM.Build.0 = Debug|Any CPU
		{9FD96CB6-FBAB-4146-8E0D-BBC32B086BFA}.AppStore|iPhone.ActiveCfg = Debug|Any CPU
		{9FD96CB6-FBAB-4146-8E0D-BBC32B086BFA}.AppStore|iPhone.Build.0 = Debug|Any CPU
		{9FD96CB6-FBAB-4146-8E0D-BBC32B086BFA}.AppStore|iPhoneSimulator.ActiveCfg = Debug|Any CPU
		{9FD96CB6-FBAB-4146-8E0D-BBC32B086BFA}.AppStore|iPhoneSimulator.Build.0 = Debug|Any CPU
		{9FD96CB6-FBAB-4146-8E0D-BBC32B086BFA}.AppStore|Mixed Platforms.ActiveCfg = Debug|Any CPU
		{9FD96CB6-FBAB-4146-8E0D-BBC32B086BFA}.AppStore|Mixed Platforms.Build.0 = Debug|Any CPU
		{9FD96CB6-FBAB-4146-8E0D-BBC32B086BFA}.AppStore|Win32.ActiveCfg = Debug|Any CPU
		{9FD96CB6-FBAB-4146-8E0D-BBC32B086BFA}.AppStore|Win32.Build.0 = Debug|Any CPU
		{9FD96CB6-FBAB-4146-8E0D-BBC32B086BFA}.AppStore|Win64.ActiveCfg = Debug|Any CPU
		{9FD96CB6-FBAB-4146-8E0D-BBC32B086BFA}.AppStore|Win64.Build.0 = Debug|Any CPU
		{9FD96CB6-FBAB-4146-8E0D-BBC32B086BFA}.AppStore|x64.ActiveCfg = Debug|Any CPU
		{9FD96CB6-FBAB-4146-8E0D-BBC32B086BFA}.AppStore|x64.Build.0 = Debug|Any CPU
		{9FD96CB6-FBAB-4146-8E0D-BBC32B086BFA}.AppStore|x86.ActiveCfg = Debug|Any CPU
		{9FD96CB6-FBAB-4146-8E0D-BBC32B086BFA}.AppStore|x86.Build.0 = Debug|Any CPU
		{9FD96CB6-FBAB-4146-8E0D-BBC32B086BFA}.CD_ROM|Any CPU.ActiveCfg = Debug|Any CPU
		{9FD96CB6-FBAB-4146-8E0D-BBC32B086BFA}.CD_ROM|Any CPU.Build.0 = Debug|Any CPU
		{9FD96CB6-FBAB-4146-8E0D-BBC32B086BFA}.CD_ROM|AnyOS.ActiveCfg = Debug|Any CPU
		{9FD96CB6-FBAB-4146-8E0D-BBC32B086BFA}.CD_ROM|AnyOS.Build.0 = Debug|Any CPU
		{9FD96CB6-FBAB-4146-8E0D-BBC32B086BFA}.CD_ROM|ARM.ActiveCfg = Debug|Any CPU
		{9FD96CB6-FBAB-4146-8E0D-BBC32B086BFA}.CD_ROM|ARM.Build.0 = Debug|Any CPU
		{9FD96CB6-FBAB-4146-8E0D-BBC32B086BFA}.CD_ROM|iPhone.ActiveCfg = Debug|Any CPU
		{9FD96CB6-FBAB-4146-8E0D-BBC32B086BFA}.CD_ROM|iPhone.Build.0 = Debug|Any CPU
		{9FD96CB6-FBAB-4146-8E0D-BBC32B086BFA}.CD_ROM|iPhoneSimulator.ActiveCfg = Debug|Any CPU
		{9FD96CB6-FBAB-4146-8E0D-BBC32B086BFA}.CD_ROM|iPhoneSimulator.Build.0 = Debug|Any CPU
		{9FD96CB6-FBAB-4146-8E0D-BBC32B086BFA}.CD_ROM|Mixed Platforms.ActiveCfg = Debug|Any CPU
		{9FD96CB6-FBAB-4146-8E0D-BBC32B086BFA}.CD_ROM|Mixed Platforms.Build.0 = Debug|Any CPU
		{9FD96CB6-FBAB-4146-8E0D-BBC32B086BFA}.CD_ROM|Win32.ActiveCfg = Debug|Any CPU
		{9FD96CB6-FBAB-4146-8E0D-BBC32B086BFA}.CD_ROM|Win32.Build.0 = Debug|Any CPU
		{9FD96CB6-FBAB-4146-8E0D-BBC32B086BFA}.CD_ROM|Win64.ActiveCfg = Debug|Any CPU
		{9FD96CB6-FBAB-4146-8E0D-BBC32B086BFA}.CD_ROM|Win64.Build.0 = Debug|Any CPU
		{9FD96CB6-FBAB-4146-8E0D-BBC32B086BFA}.CD_ROM|x64.ActiveCfg = Debug|Any CPU
		{9FD96CB6-FBAB-4146-8E0D-BBC32B086BFA}.CD_ROM|x64.Build.0 = Debug|Any CPU
		{9FD96CB6-FBAB-4146-8E0D-BBC32B086BFA}.CD_ROM|x86.ActiveCfg = Debug|Any CPU
		{9FD96CB6-FBAB-4146-8E0D-BBC32B086BFA}.CD_ROM|x86.Build.0 = Debug|Any CPU
		{9FD96CB6-FBAB-4146-8E0D-BBC32B086BFA}.Debug|Any CPU.ActiveCfg = Debug|Any CPU
		{9FD96CB6-FBAB-4146-8E0D-BBC32B086BFA}.Debug|Any CPU.Build.0 = Debug|Any CPU
		{9FD96CB6-FBAB-4146-8E0D-BBC32B086BFA}.Debug|AnyOS.ActiveCfg = Debug|Any CPU
		{9FD96CB6-FBAB-4146-8E0D-BBC32B086BFA}.Debug|AnyOS.Build.0 = Debug|Any CPU
		{9FD96CB6-FBAB-4146-8E0D-BBC32B086BFA}.Debug|ARM.ActiveCfg = Debug|Any CPU
		{9FD96CB6-FBAB-4146-8E0D-BBC32B086BFA}.Debug|ARM.Build.0 = Debug|Any CPU
		{9FD96CB6-FBAB-4146-8E0D-BBC32B086BFA}.Debug|iPhone.ActiveCfg = Debug|Any CPU
		{9FD96CB6-FBAB-4146-8E0D-BBC32B086BFA}.Debug|iPhone.Build.0 = Debug|Any CPU
		{9FD96CB6-FBAB-4146-8E0D-BBC32B086BFA}.Debug|iPhoneSimulator.ActiveCfg = Debug|Any CPU
		{9FD96CB6-FBAB-4146-8E0D-BBC32B086BFA}.Debug|iPhoneSimulator.Build.0 = Debug|Any CPU
		{9FD96CB6-FBAB-4146-8E0D-BBC32B086BFA}.Debug|Mixed Platforms.ActiveCfg = Debug|Any CPU
		{9FD96CB6-FBAB-4146-8E0D-BBC32B086BFA}.Debug|Mixed Platforms.Build.0 = Debug|Any CPU
		{9FD96CB6-FBAB-4146-8E0D-BBC32B086BFA}.Debug|Win32.ActiveCfg = Debug|Any CPU
		{9FD96CB6-FBAB-4146-8E0D-BBC32B086BFA}.Debug|Win32.Build.0 = Debug|Any CPU
		{9FD96CB6-FBAB-4146-8E0D-BBC32B086BFA}.Debug|Win64.ActiveCfg = Debug|Any CPU
		{9FD96CB6-FBAB-4146-8E0D-BBC32B086BFA}.Debug|Win64.Build.0 = Debug|Any CPU
		{9FD96CB6-FBAB-4146-8E0D-BBC32B086BFA}.Debug|x64.ActiveCfg = Debug|Any CPU
		{9FD96CB6-FBAB-4146-8E0D-BBC32B086BFA}.Debug|x64.Build.0 = Debug|Any CPU
		{9FD96CB6-FBAB-4146-8E0D-BBC32B086BFA}.Debug|x86.ActiveCfg = Debug|Any CPU
		{9FD96CB6-FBAB-4146-8E0D-BBC32B086BFA}.Debug|x86.Build.0 = Debug|Any CPU
		{9FD96CB6-FBAB-4146-8E0D-BBC32B086BFA}.DVD-5|Any CPU.ActiveCfg = Debug|Any CPU
		{9FD96CB6-FBAB-4146-8E0D-BBC32B086BFA}.DVD-5|Any CPU.Build.0 = Debug|Any CPU
		{9FD96CB6-FBAB-4146-8E0D-BBC32B086BFA}.DVD-5|AnyOS.ActiveCfg = Debug|Any CPU
		{9FD96CB6-FBAB-4146-8E0D-BBC32B086BFA}.DVD-5|AnyOS.Build.0 = Debug|Any CPU
		{9FD96CB6-FBAB-4146-8E0D-BBC32B086BFA}.DVD-5|ARM.ActiveCfg = Debug|Any CPU
		{9FD96CB6-FBAB-4146-8E0D-BBC32B086BFA}.DVD-5|ARM.Build.0 = Debug|Any CPU
		{9FD96CB6-FBAB-4146-8E0D-BBC32B086BFA}.DVD-5|iPhone.ActiveCfg = Debug|Any CPU
		{9FD96CB6-FBAB-4146-8E0D-BBC32B086BFA}.DVD-5|iPhone.Build.0 = Debug|Any CPU
		{9FD96CB6-FBAB-4146-8E0D-BBC32B086BFA}.DVD-5|iPhoneSimulator.ActiveCfg = Debug|Any CPU
		{9FD96CB6-FBAB-4146-8E0D-BBC32B086BFA}.DVD-5|iPhoneSimulator.Build.0 = Debug|Any CPU
		{9FD96CB6-FBAB-4146-8E0D-BBC32B086BFA}.DVD-5|Mixed Platforms.ActiveCfg = Debug|Any CPU
		{9FD96CB6-FBAB-4146-8E0D-BBC32B086BFA}.DVD-5|Mixed Platforms.Build.0 = Debug|Any CPU
		{9FD96CB6-FBAB-4146-8E0D-BBC32B086BFA}.DVD-5|Win32.ActiveCfg = Debug|Any CPU
		{9FD96CB6-FBAB-4146-8E0D-BBC32B086BFA}.DVD-5|Win32.Build.0 = Debug|Any CPU
		{9FD96CB6-FBAB-4146-8E0D-BBC32B086BFA}.DVD-5|Win64.ActiveCfg = Debug|Any CPU
		{9FD96CB6-FBAB-4146-8E0D-BBC32B086BFA}.DVD-5|Win64.Build.0 = Debug|Any CPU
		{9FD96CB6-FBAB-4146-8E0D-BBC32B086BFA}.DVD-5|x64.ActiveCfg = Debug|Any CPU
		{9FD96CB6-FBAB-4146-8E0D-BBC32B086BFA}.DVD-5|x64.Build.0 = Debug|Any CPU
		{9FD96CB6-FBAB-4146-8E0D-BBC32B086BFA}.DVD-5|x86.ActiveCfg = Debug|Any CPU
		{9FD96CB6-FBAB-4146-8E0D-BBC32B086BFA}.DVD-5|x86.Build.0 = Debug|Any CPU
		{9FD96CB6-FBAB-4146-8E0D-BBC32B086BFA}.Mono Debug|Any CPU.ActiveCfg = Debug|Any CPU
		{9FD96CB6-FBAB-4146-8E0D-BBC32B086BFA}.Mono Debug|Any CPU.Build.0 = Debug|Any CPU
		{9FD96CB6-FBAB-4146-8E0D-BBC32B086BFA}.Mono Debug|AnyOS.ActiveCfg = Debug|Any CPU
		{9FD96CB6-FBAB-4146-8E0D-BBC32B086BFA}.Mono Debug|AnyOS.Build.0 = Debug|Any CPU
		{9FD96CB6-FBAB-4146-8E0D-BBC32B086BFA}.Mono Debug|ARM.ActiveCfg = Debug|Any CPU
		{9FD96CB6-FBAB-4146-8E0D-BBC32B086BFA}.Mono Debug|ARM.Build.0 = Debug|Any CPU
		{9FD96CB6-FBAB-4146-8E0D-BBC32B086BFA}.Mono Debug|iPhone.ActiveCfg = Debug|Any CPU
		{9FD96CB6-FBAB-4146-8E0D-BBC32B086BFA}.Mono Debug|iPhone.Build.0 = Debug|Any CPU
		{9FD96CB6-FBAB-4146-8E0D-BBC32B086BFA}.Mono Debug|iPhoneSimulator.ActiveCfg = Debug|Any CPU
		{9FD96CB6-FBAB-4146-8E0D-BBC32B086BFA}.Mono Debug|iPhoneSimulator.Build.0 = Debug|Any CPU
		{9FD96CB6-FBAB-4146-8E0D-BBC32B086BFA}.Mono Debug|Mixed Platforms.ActiveCfg = Debug|Any CPU
		{9FD96CB6-FBAB-4146-8E0D-BBC32B086BFA}.Mono Debug|Mixed Platforms.Build.0 = Debug|Any CPU
		{9FD96CB6-FBAB-4146-8E0D-BBC32B086BFA}.Mono Debug|Win32.ActiveCfg = Debug|Any CPU
		{9FD96CB6-FBAB-4146-8E0D-BBC32B086BFA}.Mono Debug|Win32.Build.0 = Debug|Any CPU
		{9FD96CB6-FBAB-4146-8E0D-BBC32B086BFA}.Mono Debug|Win64.ActiveCfg = Debug|Any CPU
		{9FD96CB6-FBAB-4146-8E0D-BBC32B086BFA}.Mono Debug|Win64.Build.0 = Debug|Any CPU
		{9FD96CB6-FBAB-4146-8E0D-BBC32B086BFA}.Mono Debug|x64.ActiveCfg = Debug|Any CPU
		{9FD96CB6-FBAB-4146-8E0D-BBC32B086BFA}.Mono Debug|x64.Build.0 = Debug|Any CPU
		{9FD96CB6-FBAB-4146-8E0D-BBC32B086BFA}.Mono Debug|x86.ActiveCfg = Debug|Any CPU
		{9FD96CB6-FBAB-4146-8E0D-BBC32B086BFA}.Mono Debug|x86.Build.0 = Debug|Any CPU
		{9FD96CB6-FBAB-4146-8E0D-BBC32B086BFA}.Mono Release|Any CPU.ActiveCfg = Release|Any CPU
		{9FD96CB6-FBAB-4146-8E0D-BBC32B086BFA}.Mono Release|Any CPU.Build.0 = Release|Any CPU
		{9FD96CB6-FBAB-4146-8E0D-BBC32B086BFA}.Mono Release|AnyOS.ActiveCfg = Release|Any CPU
		{9FD96CB6-FBAB-4146-8E0D-BBC32B086BFA}.Mono Release|AnyOS.Build.0 = Release|Any CPU
		{9FD96CB6-FBAB-4146-8E0D-BBC32B086BFA}.Mono Release|ARM.ActiveCfg = Release|Any CPU
		{9FD96CB6-FBAB-4146-8E0D-BBC32B086BFA}.Mono Release|ARM.Build.0 = Release|Any CPU
		{9FD96CB6-FBAB-4146-8E0D-BBC32B086BFA}.Mono Release|iPhone.ActiveCfg = Release|Any CPU
		{9FD96CB6-FBAB-4146-8E0D-BBC32B086BFA}.Mono Release|iPhone.Build.0 = Release|Any CPU
		{9FD96CB6-FBAB-4146-8E0D-BBC32B086BFA}.Mono Release|iPhoneSimulator.ActiveCfg = Release|Any CPU
		{9FD96CB6-FBAB-4146-8E0D-BBC32B086BFA}.Mono Release|iPhoneSimulator.Build.0 = Release|Any CPU
		{9FD96CB6-FBAB-4146-8E0D-BBC32B086BFA}.Mono Release|Mixed Platforms.ActiveCfg = Release|Any CPU
		{9FD96CB6-FBAB-4146-8E0D-BBC32B086BFA}.Mono Release|Mixed Platforms.Build.0 = Release|Any CPU
		{9FD96CB6-FBAB-4146-8E0D-BBC32B086BFA}.Mono Release|Win32.ActiveCfg = Release|Any CPU
		{9FD96CB6-FBAB-4146-8E0D-BBC32B086BFA}.Mono Release|Win32.Build.0 = Release|Any CPU
		{9FD96CB6-FBAB-4146-8E0D-BBC32B086BFA}.Mono Release|Win64.ActiveCfg = Release|Any CPU
		{9FD96CB6-FBAB-4146-8E0D-BBC32B086BFA}.Mono Release|Win64.Build.0 = Release|Any CPU
		{9FD96CB6-FBAB-4146-8E0D-BBC32B086BFA}.Mono Release|x64.ActiveCfg = Release|Any CPU
		{9FD96CB6-FBAB-4146-8E0D-BBC32B086BFA}.Mono Release|x64.Build.0 = Release|Any CPU
		{9FD96CB6-FBAB-4146-8E0D-BBC32B086BFA}.Mono Release|x86.ActiveCfg = Release|Any CPU
		{9FD96CB6-FBAB-4146-8E0D-BBC32B086BFA}.Mono Release|x86.Build.0 = Release|Any CPU
		{9FD96CB6-FBAB-4146-8E0D-BBC32B086BFA}.Release|Any CPU.ActiveCfg = Release|Any CPU
		{9FD96CB6-FBAB-4146-8E0D-BBC32B086BFA}.Release|Any CPU.Build.0 = Release|Any CPU
		{9FD96CB6-FBAB-4146-8E0D-BBC32B086BFA}.Release|AnyOS.ActiveCfg = Release|Any CPU
		{9FD96CB6-FBAB-4146-8E0D-BBC32B086BFA}.Release|AnyOS.Build.0 = Release|Any CPU
		{9FD96CB6-FBAB-4146-8E0D-BBC32B086BFA}.Release|ARM.ActiveCfg = Release|Any CPU
		{9FD96CB6-FBAB-4146-8E0D-BBC32B086BFA}.Release|ARM.Build.0 = Release|Any CPU
		{9FD96CB6-FBAB-4146-8E0D-BBC32B086BFA}.Release|iPhone.ActiveCfg = Release|Any CPU
		{9FD96CB6-FBAB-4146-8E0D-BBC32B086BFA}.Release|iPhone.Build.0 = Release|Any CPU
		{9FD96CB6-FBAB-4146-8E0D-BBC32B086BFA}.Release|iPhoneSimulator.ActiveCfg = Release|Any CPU
		{9FD96CB6-FBAB-4146-8E0D-BBC32B086BFA}.Release|iPhoneSimulator.Build.0 = Release|Any CPU
		{9FD96CB6-FBAB-4146-8E0D-BBC32B086BFA}.Release|Mixed Platforms.ActiveCfg = Release|Any CPU
		{9FD96CB6-FBAB-4146-8E0D-BBC32B086BFA}.Release|Mixed Platforms.Build.0 = Release|Any CPU
		{9FD96CB6-FBAB-4146-8E0D-BBC32B086BFA}.Release|Win32.ActiveCfg = Release|Any CPU
		{9FD96CB6-FBAB-4146-8E0D-BBC32B086BFA}.Release|Win32.Build.0 = Release|Any CPU
		{9FD96CB6-FBAB-4146-8E0D-BBC32B086BFA}.Release|Win64.ActiveCfg = Release|Any CPU
		{9FD96CB6-FBAB-4146-8E0D-BBC32B086BFA}.Release|Win64.Build.0 = Release|Any CPU
		{9FD96CB6-FBAB-4146-8E0D-BBC32B086BFA}.Release|x64.ActiveCfg = Release|Any CPU
		{9FD96CB6-FBAB-4146-8E0D-BBC32B086BFA}.Release|x64.Build.0 = Release|Any CPU
		{9FD96CB6-FBAB-4146-8E0D-BBC32B086BFA}.Release|x86.ActiveCfg = Release|Any CPU
		{9FD96CB6-FBAB-4146-8E0D-BBC32B086BFA}.Release|x86.Build.0 = Release|Any CPU
		{9FD96CB6-FBAB-4146-8E0D-BBC32B086BFA}.SingleImage|Any CPU.ActiveCfg = Debug|Any CPU
		{9FD96CB6-FBAB-4146-8E0D-BBC32B086BFA}.SingleImage|Any CPU.Build.0 = Debug|Any CPU
		{9FD96CB6-FBAB-4146-8E0D-BBC32B086BFA}.SingleImage|AnyOS.ActiveCfg = Debug|Any CPU
		{9FD96CB6-FBAB-4146-8E0D-BBC32B086BFA}.SingleImage|AnyOS.Build.0 = Debug|Any CPU
		{9FD96CB6-FBAB-4146-8E0D-BBC32B086BFA}.SingleImage|ARM.ActiveCfg = Debug|Any CPU
		{9FD96CB6-FBAB-4146-8E0D-BBC32B086BFA}.SingleImage|ARM.Build.0 = Debug|Any CPU
		{9FD96CB6-FBAB-4146-8E0D-BBC32B086BFA}.SingleImage|iPhone.ActiveCfg = Debug|Any CPU
		{9FD96CB6-FBAB-4146-8E0D-BBC32B086BFA}.SingleImage|iPhone.Build.0 = Debug|Any CPU
		{9FD96CB6-FBAB-4146-8E0D-BBC32B086BFA}.SingleImage|iPhoneSimulator.ActiveCfg = Debug|Any CPU
		{9FD96CB6-FBAB-4146-8E0D-BBC32B086BFA}.SingleImage|iPhoneSimulator.Build.0 = Debug|Any CPU
		{9FD96CB6-FBAB-4146-8E0D-BBC32B086BFA}.SingleImage|Mixed Platforms.ActiveCfg = Debug|Any CPU
		{9FD96CB6-FBAB-4146-8E0D-BBC32B086BFA}.SingleImage|Mixed Platforms.Build.0 = Debug|Any CPU
		{9FD96CB6-FBAB-4146-8E0D-BBC32B086BFA}.SingleImage|Win32.ActiveCfg = Debug|Any CPU
		{9FD96CB6-FBAB-4146-8E0D-BBC32B086BFA}.SingleImage|Win32.Build.0 = Debug|Any CPU
		{9FD96CB6-FBAB-4146-8E0D-BBC32B086BFA}.SingleImage|Win64.ActiveCfg = Debug|Any CPU
		{9FD96CB6-FBAB-4146-8E0D-BBC32B086BFA}.SingleImage|Win64.Build.0 = Debug|Any CPU
		{9FD96CB6-FBAB-4146-8E0D-BBC32B086BFA}.SingleImage|x64.ActiveCfg = Debug|Any CPU
		{9FD96CB6-FBAB-4146-8E0D-BBC32B086BFA}.SingleImage|x64.Build.0 = Debug|Any CPU
		{9FD96CB6-FBAB-4146-8E0D-BBC32B086BFA}.SingleImage|x86.ActiveCfg = Debug|Any CPU
		{9FD96CB6-FBAB-4146-8E0D-BBC32B086BFA}.SingleImage|x86.Build.0 = Debug|Any CPU
		{9FD96CB6-FBAB-4146-8E0D-BBC32B086BFA}.Testing|Any CPU.ActiveCfg = Debug|Any CPU
		{9FD96CB6-FBAB-4146-8E0D-BBC32B086BFA}.Testing|Any CPU.Build.0 = Debug|Any CPU
		{9FD96CB6-FBAB-4146-8E0D-BBC32B086BFA}.Testing|AnyOS.ActiveCfg = Debug|Any CPU
		{9FD96CB6-FBAB-4146-8E0D-BBC32B086BFA}.Testing|AnyOS.Build.0 = Debug|Any CPU
		{9FD96CB6-FBAB-4146-8E0D-BBC32B086BFA}.Testing|ARM.ActiveCfg = Debug|Any CPU
		{9FD96CB6-FBAB-4146-8E0D-BBC32B086BFA}.Testing|ARM.Build.0 = Debug|Any CPU
		{9FD96CB6-FBAB-4146-8E0D-BBC32B086BFA}.Testing|iPhone.ActiveCfg = Debug|Any CPU
		{9FD96CB6-FBAB-4146-8E0D-BBC32B086BFA}.Testing|iPhone.Build.0 = Debug|Any CPU
		{9FD96CB6-FBAB-4146-8E0D-BBC32B086BFA}.Testing|iPhoneSimulator.ActiveCfg = Debug|Any CPU
		{9FD96CB6-FBAB-4146-8E0D-BBC32B086BFA}.Testing|iPhoneSimulator.Build.0 = Debug|Any CPU
		{9FD96CB6-FBAB-4146-8E0D-BBC32B086BFA}.Testing|Mixed Platforms.ActiveCfg = Debug|Any CPU
		{9FD96CB6-FBAB-4146-8E0D-BBC32B086BFA}.Testing|Mixed Platforms.Build.0 = Debug|Any CPU
		{9FD96CB6-FBAB-4146-8E0D-BBC32B086BFA}.Testing|Win32.ActiveCfg = Debug|Any CPU
		{9FD96CB6-FBAB-4146-8E0D-BBC32B086BFA}.Testing|Win32.Build.0 = Debug|Any CPU
		{9FD96CB6-FBAB-4146-8E0D-BBC32B086BFA}.Testing|Win64.ActiveCfg = Debug|Any CPU
		{9FD96CB6-FBAB-4146-8E0D-BBC32B086BFA}.Testing|Win64.Build.0 = Debug|Any CPU
		{9FD96CB6-FBAB-4146-8E0D-BBC32B086BFA}.Testing|x64.ActiveCfg = Debug|Any CPU
		{9FD96CB6-FBAB-4146-8E0D-BBC32B086BFA}.Testing|x64.Build.0 = Debug|Any CPU
		{9FD96CB6-FBAB-4146-8E0D-BBC32B086BFA}.Testing|x86.ActiveCfg = Debug|Any CPU
		{9FD96CB6-FBAB-4146-8E0D-BBC32B086BFA}.Testing|x86.Build.0 = Debug|Any CPU
	EndGlobalSection
	GlobalSection(SolutionProperties) = preSolution
		HideSolutionNode = FALSE
	EndGlobalSection
	GlobalSection(NestedProjects) = preSolution
		{3C1B872F-4DDC-4758-82CE-A052E5909204} = {A26EBA9F-1777-46F2-994A-4C4D3055873D}
		{EDACD58E-B295-4F3E-A263-5BD89FA51270} = {85799E16-9B3B-4BD5-98D6-238E31291134}
		{BB7A0DB4-F7F4-4632-B6AE-1EDCDD758F16} = {3C1B872F-4DDC-4758-82CE-A052E5909204}
		{64816801-0D82-4883-AEE5-82037D3EBADB} = {A26EBA9F-1777-46F2-994A-4C4D3055873D}
		{1DFC5064-6F34-4B3A-806D-AC58E995E25E} = {48EF8EB3-20CA-4C99-BBBB-93E3B6AB8A2B}
		{27751674-9C64-4F70-A307-7498E0C87DAA} = {85799E16-9B3B-4BD5-98D6-238E31291134}
		{86F99167-3613-4776-BAC6-CB58D8FAF014} = {85799E16-9B3B-4BD5-98D6-238E31291134}
		{6FEB48C9-0EF8-4AC1-8C60-B256F2D7D38C} = {3C1B872F-4DDC-4758-82CE-A052E5909204}
		{ADEEDEBB-DBAD-4E56-9D94-610A8547E687} = {85799E16-9B3B-4BD5-98D6-238E31291134}
		{9FD96CB6-FBAB-4146-8E0D-BBC32B086BFA} = {3C1B872F-4DDC-4758-82CE-A052E5909204}
	EndGlobalSection
	GlobalSection(ExtensibilityGlobals) = postSolution
		SolutionGuid = {C6219652-385A-4C10-BADB-761A0ED37F53}
	EndGlobalSection
EndGlobal
