
Microsoft Visual Studio Solution File, Format Version 12.00
# Visual Studio 2013
VisualStudioVersion = 12.0.21005.1
MinimumVisualStudioVersion = 10.0.40219.1
Project("{FAE04EC0-301F-11D3-BF4B-00C04F79EFBC}") = "Csla.Ios", "Csla.Ios\Csla.Ios.csproj", "{6B9F2A26-9F72-4056-97E9-49BACBBB52F6}"
EndProject
Global
	GlobalSection(SolutionConfigurationPlatforms) = preSolution
		Debug|iPhone = Debug|iPhone
		Debug|iPhoneSimulator = Debug|iPhoneSimulator
		Release|iPhone = Release|iPhone
		Release|iPhoneSimulator = Release|iPhoneSimulator
	EndGlobalSection
	GlobalSection(ProjectConfigurationPlatforms) = postSolution
		{6B9F2A26-9F72-4056-97E9-49BACBBB52F6}.Debug|iPhone.ActiveCfg = Debug|Any CPU
		{6B9F2A26-9F72-4056-97E9-49BACBBB52F6}.Debug|iPhone.Build.0 = Debug|Any CPU
		{6B9F2A26-9F72-4056-97E9-49BACBBB52F6}.Debug|iPhoneSimulator.ActiveCfg = Debug|Any CPU
		{6B9F2A26-9F72-4056-97E9-49BACBBB52F6}.Release|iPhone.ActiveCfg = Release|Any CPU
		{6B9F2A26-9F72-4056-97E9-49BACBBB52F6}.Release|iPhone.Build.0 = Release|Any CPU
		{6B9F2A26-9F72-4056-97E9-49BACBBB52F6}.Release|iPhoneSimulator.ActiveCfg = Release|Any CPU
	EndGlobalSection
	GlobalSection(SolutionProperties) = preSolution
		HideSolutionNode = FALSE
	EndGlobalSection
	GlobalSection(MonoDevelopProperties) = preSolution
		StartupItem = Csla.Ios\Csla.Ios.csproj
		Policies = $0
		$0.DotNetNamingPolicy = $1
		$1.DirectoryNamespaceAssociation = None
		$1.ResourceNamePolicy = FileFormatDefault
		$0.TextStylePolicy = $2
		$2.inheritsSet = null
		$2.scope = text/x-csharp
		$0.CSharpFormattingPolicy = $3
		$3.inheritsSet = Mono
		$3.inheritsScope = text/x-csharp
		$3.scope = text/x-csharp
		$0.StandardHeader = $4
		$4.Text = 
		$4.IncludeInNewFiles = True
		version = 4.2.0
		outputpath = ..\bin
	EndGlobalSection
EndGlobal
