
Microsoft Visual Studio Solution File, Format Version 12.00
# Visual Studio Version 17
VisualStudioVersion = 17.11.35103.136
MinimumVisualStudioVersion = 10.0.40219.1
Project("{9A19103F-16F7-4668-BE54-9A1E7A4F7556}") = "Csla.Generator.AutoImplementProperties.CSharp", "Csla.Generator.AutoImplementProperties.CSharp.csproj", "{C1236D99-36C2-44BA-85C4-6F0A2A58281E}"
EndProject
Global
	GlobalSection(SolutionConfigurationPlatforms) = preSolution
		Debug|Any CPU = Debug|Any CPU
		Release|Any CPU = Release|Any CPU
	EndGlobalSection
	GlobalSection(ProjectConfigurationPlatforms) = postSolution
		{C1236D99-36C2-44BA-85C4-6F0A2A58281E}.Debug|Any CPU.ActiveCfg = Debug|Any CPU
		{C1236D99-36C2-44BA-85C4-6F0A2A58281E}.Debug|Any CPU.Build.0 = Debug|Any CPU
		{C1236D99-36C2-44BA-85C4-6F0A2A58281E}.Release|Any CPU.ActiveCfg = Release|Any CPU
		{C1236D99-36C2-44BA-85C4-6F0A2A58281E}.Release|Any CPU.Build.0 = Release|Any CPU
	EndGlobalSection
	GlobalSection(SolutionProperties) = preSolution
		HideSolutionNode = FALSE
	EndGlobalSection
	GlobalSection(ExtensibilityGlobals) = postSolution
		SolutionGuid = {A9D4A4D5-CE0D-4B56-A53E-9C99A9837698}
	EndGlobalSection
EndGlobal
